// !$*UTF8*$!
{
	archiveVersion = 1;
	classes = {
	};
	objectVersion = 56;
	objects = {

/* Begin PBXBuildFile section */
		E708EB542BF5D5F800AE526C /* DesignWideButton.swift in Sources */ = {isa = PBXBuildFile; fileRef = E708EB532BF5D5F800AE526C /* DesignWideButton.swift */; };
		E758BA8C2C19CA0B006BFCF6 /* SoccerMatchMonthResponseModel.swift in Sources */ = {isa = PBXBuildFile; fileRef = E758BA8B2C19CA0B006BFCF6 /* SoccerMatchMonthResponseModel.swift */; };
		E758BA8E2C1AEB4F006BFCF6 /* SoccerMatchDate.swift in Sources */ = {isa = PBXBuildFile; fileRef = E758BA8D2C1AEB4F006BFCF6 /* SoccerMatchDate.swift */; };
		E758BA942C1B525C006BFCF6 /* HomeViewModel.swift in Sources */ = {isa = PBXBuildFile; fileRef = E758BA932C1B525C006BFCF6 /* HomeViewModel.swift */; };
		E758BA962C1B5267006BFCF6 /* DefaultHomeViewModel.swift in Sources */ = {isa = PBXBuildFile; fileRef = E758BA952C1B5267006BFCF6 /* DefaultHomeViewModel.swift */; };
		E758BA982C1B53B0006BFCF6 /* HomeAPI.swift in Sources */ = {isa = PBXBuildFile; fileRef = E758BA972C1B53B0006BFCF6 /* HomeAPI.swift */; };
		E758BA9A2C1B5472006BFCF6 /* HomeService.swift in Sources */ = {isa = PBXBuildFile; fileRef = E758BA992C1B5472006BFCF6 /* HomeService.swift */; };
		E76391772C0377D600B565BE /* DesignHalfButton.swift in Sources */ = {isa = PBXBuildFile; fileRef = E76391762C0377D600B565BE /* DesignHalfButton.swift */; };
		E764F98D2C14B79A00A2822A /* SpecificRoundedRectangle.swift in Sources */ = {isa = PBXBuildFile; fileRef = E764F98C2C14B79A00A2822A /* SpecificRoundedRectangle.swift */; };
		E764F9B12C15F8D500A2822A /* FinishWinningTeamPrediction.swift in Sources */ = {isa = PBXBuildFile; fileRef = E764F9B02C15F8D500A2822A /* FinishWinningTeamPrediction.swift */; };
		E764F9B52C15FD0900A2822A /* WinningPrediction.swift in Sources */ = {isa = PBXBuildFile; fileRef = E764F9B42C15FD0900A2822A /* WinningPrediction.swift */; };
		E76F765F2C1487A900BCD566 /* Alamofire in Frameworks */ = {isa = PBXBuildFile; productRef = E76F765E2C1487A900BCD566 /* Alamofire */; };
		E78C45852C03263800E5AE40 /* WinningTeamPrediction.swift in Sources */ = {isa = PBXBuildFile; fileRef = E78C45842C03263800E5AE40 /* WinningTeamPrediction.swift */; };
		E79553BC2C0C760600261DAF /* Font+.swift in Sources */ = {isa = PBXBuildFile; fileRef = E79553BB2C0C760600261DAF /* Font+.swift */; };
		E79553C12C0C78B700261DAF /* Pretendard-Bold.otf in Resources */ = {isa = PBXBuildFile; fileRef = E79553BE2C0C78B700261DAF /* Pretendard-Bold.otf */; };
		E79553C22C0C78B700261DAF /* Pretendard-Medium.otf in Resources */ = {isa = PBXBuildFile; fileRef = E79553BF2C0C78B700261DAF /* Pretendard-Medium.otf */; };
		E79553C32C0C78B700261DAF /* Pretendard-SemiBold.otf in Resources */ = {isa = PBXBuildFile; fileRef = E79553C02C0C78B700261DAF /* Pretendard-SemiBold.otf */; };
		E79553C82C0CA04C00261DAF /* TextStyle.swift in Sources */ = {isa = PBXBuildFile; fileRef = E79553C72C0CA04C00261DAF /* TextStyle.swift */; };
		E79553D22C0CB29500261DAF /* LinearGradient+.swift in Sources */ = {isa = PBXBuildFile; fileRef = E79553D12C0CB29500261DAF /* LinearGradient+.swift */; };
		E79AFF712BEDC8DC004CAF75 /* KickItApp.swift in Sources */ = {isa = PBXBuildFile; fileRef = E79AFF702BEDC8DC004CAF75 /* KickItApp.swift */; };
		E79AFF732BEDC8DC004CAF75 /* SplashView.swift in Sources */ = {isa = PBXBuildFile; fileRef = E79AFF722BEDC8DC004CAF75 /* SplashView.swift */; };
		E79AFF752BEDC8DD004CAF75 /* Assets.xcassets in Resources */ = {isa = PBXBuildFile; fileRef = E79AFF742BEDC8DD004CAF75 /* Assets.xcassets */; };
		E79AFF782BEDC8DD004CAF75 /* Preview Assets.xcassets in Resources */ = {isa = PBXBuildFile; fileRef = E79AFF772BEDC8DD004CAF75 /* Preview Assets.xcassets */; };
		E79AFF812BEDDCBD004CAF75 /* ContentView.swift in Sources */ = {isa = PBXBuildFile; fileRef = E79AFF802BEDDCBD004CAF75 /* ContentView.swift */; };
		E79AFF892BEDDE24004CAF75 /* Home.swift in Sources */ = {isa = PBXBuildFile; fileRef = E79AFF882BEDDE24004CAF75 /* Home.swift */; };
		E79AFF8D2BEDDEFD004CAF75 /* MatchCalendar.swift in Sources */ = {isa = PBXBuildFile; fileRef = E79AFF8C2BEDDEFD004CAF75 /* MatchCalendar.swift */; };
		E79AFF942BEE0934004CAF75 /* CustomDatePicker.swift in Sources */ = {isa = PBXBuildFile; fileRef = E79AFF932BEE0934004CAF75 /* CustomDatePicker.swift */; };
		E79AFF972BEE6B7B004CAF75 /* CustomDate.swift in Sources */ = {isa = PBXBuildFile; fileRef = E79AFF962BEE6B7B004CAF75 /* CustomDate.swift */; };
		E79AFF9B2BEF7982004CAF75 /* Date+.swift in Sources */ = {isa = PBXBuildFile; fileRef = E79AFF9A2BEF7982004CAF75 /* Date+.swift */; };
		E79AFF9D2BEF8A86004CAF75 /* SoccerMatchRow.swift in Sources */ = {isa = PBXBuildFile; fileRef = E79AFF9C2BEF8A86004CAF75 /* SoccerMatchRow.swift */; };
		E79AFFA12BEF8F1B004CAF75 /* LoadableImage.swift in Sources */ = {isa = PBXBuildFile; fileRef = E79AFFA02BEF8F1B004CAF75 /* LoadableImage.swift */; };
		E79EE75E2BF8A073005CEF80 /* SoccerMatchInfo.swift in Sources */ = {isa = PBXBuildFile; fileRef = E79EE75D2BF8A073005CEF80 /* SoccerMatchInfo.swift */; };
		E79EE7602BF8E5A5005CEF80 /* PredictionPanel.swift in Sources */ = {isa = PBXBuildFile; fileRef = E79EE75F2BF8E5A5005CEF80 /* PredictionPanel.swift */; };
		E7A448D22C18239500F611A6 /* DragIndicator.swift in Sources */ = {isa = PBXBuildFile; fileRef = E7A448D12C18239500F611A6 /* DragIndicator.swift */; };
		E7ABF3D52C58A987001BAE0F /* User.swift in Sources */ = {isa = PBXBuildFile; fileRef = E7ABF3D42C58A987001BAE0F /* User.swift */; };
		E7ABF3D72C58AFC7001BAE0F /* MatchResultView.swift in Sources */ = {isa = PBXBuildFile; fileRef = E7ABF3D62C58AFC7001BAE0F /* MatchResultView.swift */; };
		E7ABF3D92C58B252001BAE0F /* MatchResultViewModel.swift in Sources */ = {isa = PBXBuildFile; fileRef = E7ABF3D82C58B252001BAE0F /* MatchResultViewModel.swift */; };
		E7ADBF6E2C5727F100E877C5 /* FanListView.swift in Sources */ = {isa = PBXBuildFile; fileRef = E7ADBF6D2C5727F100E877C5 /* FanListView.swift */; };
		E7ADBF702C57281600E877C5 /* OtherViewModels.swift in Sources */ = {isa = PBXBuildFile; fileRef = E7ADBF6F2C57281600E877C5 /* OtherViewModels.swift */; };
		E7ADBF722C5728EE00E877C5 /* ViewerStatsView.swift in Sources */ = {isa = PBXBuildFile; fileRef = E7ADBF712C5728EE00E877C5 /* ViewerStatsView.swift */; };
		E7ADBF742C5729A600E877C5 /* ViewerHRStatsView.swift in Sources */ = {isa = PBXBuildFile; fileRef = E7ADBF732C5729A600E877C5 /* ViewerHRStatsView.swift */; };
		E7ADBF762C5753A300E877C5 /* HeartRateAPI.swift in Sources */ = {isa = PBXBuildFile; fileRef = E7ADBF752C5753A300E877C5 /* HeartRateAPI.swift */; };
		E7ADBF782C5756DD00E877C5 /* HeartRateService.swift in Sources */ = {isa = PBXBuildFile; fileRef = E7ADBF772C5756DD00E877C5 /* HeartRateService.swift */; };
		E7ADBF7B2C57667A00E877C5 /* HeartRateProtocol.swift in Sources */ = {isa = PBXBuildFile; fileRef = E7ADBF7A2C57667A00E877C5 /* HeartRateProtocol.swift */; };
		E7ADBF8F2C57ACC500E877C5 /* MatchEventModel.swift in Sources */ = {isa = PBXBuildFile; fileRef = E7ADBF8E2C57ACC500E877C5 /* MatchEventModel.swift */; };
		E7ADBF932C57B45600E877C5 /* MatchEventAPI.swift in Sources */ = {isa = PBXBuildFile; fileRef = E7ADBF922C57B45600E877C5 /* MatchEventAPI.swift */; };
		E7ADBF952C57B5B700E877C5 /* MatchEventService.swift in Sources */ = {isa = PBXBuildFile; fileRef = E7ADBF942C57B5B700E877C5 /* MatchEventService.swift */; };
		E7ADBF972C57B5F600E877C5 /* MatchEventViewModel.swift in Sources */ = {isa = PBXBuildFile; fileRef = E7ADBF962C57B5F600E877C5 /* MatchEventViewModel.swift */; };
		E7ADBF992C57BAF300E877C5 /* TimelineEventView.swift in Sources */ = {isa = PBXBuildFile; fileRef = E7ADBF982C57BAF300E877C5 /* TimelineEventView.swift */; };
		E7ADBF9B2C57BB3400E877C5 /* TimelineEventRowView.swift in Sources */ = {isa = PBXBuildFile; fileRef = E7ADBF9A2C57BB3400E877C5 /* TimelineEventRowView.swift */; };
		E7B13FFA2C85E98500CB351E /* KeyChain.swift in Sources */ = {isa = PBXBuildFile; fileRef = E7B13FF92C85E98500CB351E /* KeyChain.swift */; };
		E7B13FFC2C85E9EF00CB351E /* KeyChainKeys.swift in Sources */ = {isa = PBXBuildFile; fileRef = E7B13FFB2C85E9EF00CB351E /* KeyChainKeys.swift */; };
		E7B13FFE2C85EAC600CB351E /* Secrets.xcconfig in Resources */ = {isa = PBXBuildFile; fileRef = E7B13FFD2C85EAC600CB351E /* Secrets.xcconfig */; };
		E7D7E7462C0CDA6800554EA7 /* SoccerMatchResponseModel.swift in Sources */ = {isa = PBXBuildFile; fileRef = E7D7E7452C0CDA6800554EA7 /* SoccerMatchResponseModel.swift */; };
		E7D7E7482C0CDAA800554EA7 /* SoccerTeamResponseModel.swift in Sources */ = {isa = PBXBuildFile; fileRef = E7D7E7472C0CDAA800554EA7 /* SoccerTeamResponseModel.swift */; };
		E7DBC0DC2C0CDBBE008D4300 /* MatchCalendarViewModel.swift in Sources */ = {isa = PBXBuildFile; fileRef = E7DBC0DB2C0CDBBE008D4300 /* MatchCalendarViewModel.swift */; };
		E7DBC0DE2C0CDBFB008D4300 /* DefaultMatchCalendarViewModel.swift in Sources */ = {isa = PBXBuildFile; fileRef = E7DBC0DD2C0CDBFB008D4300 /* DefaultMatchCalendarViewModel.swift */; };
		E7DBC0E02C0DC0E3008D4300 /* CommonResponse.swift in Sources */ = {isa = PBXBuildFile; fileRef = E7DBC0DF2C0DC0E3008D4300 /* CommonResponse.swift */; };
		E7DBC0E22C0DC17A008D4300 /* NetworkConstants.swift in Sources */ = {isa = PBXBuildFile; fileRef = E7DBC0E12C0DC17A008D4300 /* NetworkConstants.swift */; };
		E7DBC0ED2C0DD9FD008D4300 /* APIConstants.swift in Sources */ = {isa = PBXBuildFile; fileRef = E7DBC0EC2C0DD9FD008D4300 /* APIConstants.swift */; };
		E7DBC0F22C0DE431008D4300 /* BaseAPI.swift in Sources */ = {isa = PBXBuildFile; fileRef = E7DBC0F12C0DE431008D4300 /* BaseAPI.swift */; };
		E7DBC0F52C0DE4CB008D4300 /* NetworkResult.swift in Sources */ = {isa = PBXBuildFile; fileRef = E7DBC0F42C0DE4CB008D4300 /* NetworkResult.swift */; };
		E7DBC0F72C0DE519008D4300 /* TargetType.swift in Sources */ = {isa = PBXBuildFile; fileRef = E7DBC0F62C0DE519008D4300 /* TargetType.swift */; };
		E7DBC0F92C0DE7AE008D4300 /* APIEventLogger.swift in Sources */ = {isa = PBXBuildFile; fileRef = E7DBC0F82C0DE7AE008D4300 /* APIEventLogger.swift */; };
		E7DBC0FB2C0E0F87008D4300 /* MatchCalendarAPI.swift in Sources */ = {isa = PBXBuildFile; fileRef = E7DBC0FA2C0E0F87008D4300 /* MatchCalendarAPI.swift */; };
		E7DBC1012C0E1531008D4300 /* MatchCalendarService.swift in Sources */ = {isa = PBXBuildFile; fileRef = E7DBC1002C0E1531008D4300 /* MatchCalendarService.swift */; };
		E7DBC1052C0EE77A008D4300 /* MyPage.swift in Sources */ = {isa = PBXBuildFile; fileRef = E7DBC1042C0EE77A008D4300 /* MyPage.swift */; };
		E7DBC1062C0EE9A4008D4300 /* SoccerDiary.swift in Sources */ = {isa = PBXBuildFile; fileRef = E79AFF902BEDDFC2004CAF75 /* SoccerDiary.swift */; };
		E7DBC1082C0EE9AA008D4300 /* VerticalBarChart.swift in Sources */ = {isa = PBXBuildFile; fileRef = E7D311872C036F8F0070A31D /* VerticalBarChart.swift */; };
		E7DBC10A2C0F036B008D4300 /* DesignChip.swift in Sources */ = {isa = PBXBuildFile; fileRef = E7DBC1092C0F036B008D4300 /* DesignChip.swift */; };
		E7DBC10C2C0F0F85008D4300 /* RadioButtonGroup.swift in Sources */ = {isa = PBXBuildFile; fileRef = E7DBC10B2C0F0F85008D4300 /* RadioButtonGroup.swift */; };
		E7DBC10E2C0F10C7008D4300 /* RadioButton.swift in Sources */ = {isa = PBXBuildFile; fileRef = E7DBC10D2C0F10C7008D4300 /* RadioButton.swift */; };
		E7DBC1102C103982008D4300 /* SoccerMatch.swift in Sources */ = {isa = PBXBuildFile; fileRef = E7DBC10F2C103982008D4300 /* SoccerMatch.swift */; };
		E7DBC1122C1039D0008D4300 /* SoccerTeam.swift in Sources */ = {isa = PBXBuildFile; fileRef = E7DBC1112C1039D0008D4300 /* SoccerTeam.swift */; };
		E7E869152C568C7200DFBA85 /* HeartRateModel.swift in Sources */ = {isa = PBXBuildFile; fileRef = E7E869142C568C7200DFBA85 /* HeartRateModel.swift */; };
		E7E869172C568C9400DFBA85 /* HeartRateViewModel.swift in Sources */ = {isa = PBXBuildFile; fileRef = E7E869162C568C9400DFBA85 /* HeartRateViewModel.swift */; };
		E7E869192C568CDD00DFBA85 /* HeartRateView.swift in Sources */ = {isa = PBXBuildFile; fileRef = E7E869182C568CDD00DFBA85 /* HeartRateView.swift */; };
		E7E8691B2C568D1300DFBA85 /* LineChartView.swift in Sources */ = {isa = PBXBuildFile; fileRef = E7E8691A2C568D1300DFBA85 /* LineChartView.swift */; };
/* End PBXBuildFile section */

/* Begin PBXFileReference section */
		E708EB532BF5D5F800AE526C /* DesignWideButton.swift */ = {isa = PBXFileReference; lastKnownFileType = sourcecode.swift; path = DesignWideButton.swift; sourceTree = "<group>"; };
		E722770F2BF8917900DE9A7C /* KickIt.entitlements */ = {isa = PBXFileReference; lastKnownFileType = text.plist.entitlements; path = KickIt.entitlements; sourceTree = "<group>"; };
		E758BA8B2C19CA0B006BFCF6 /* SoccerMatchMonthResponseModel.swift */ = {isa = PBXFileReference; lastKnownFileType = sourcecode.swift; path = SoccerMatchMonthResponseModel.swift; sourceTree = "<group>"; };
		E758BA8D2C1AEB4F006BFCF6 /* SoccerMatchDate.swift */ = {isa = PBXFileReference; lastKnownFileType = sourcecode.swift; path = SoccerMatchDate.swift; sourceTree = "<group>"; };
		E758BA932C1B525C006BFCF6 /* HomeViewModel.swift */ = {isa = PBXFileReference; lastKnownFileType = sourcecode.swift; path = HomeViewModel.swift; sourceTree = "<group>"; };
		E758BA952C1B5267006BFCF6 /* DefaultHomeViewModel.swift */ = {isa = PBXFileReference; lastKnownFileType = sourcecode.swift; path = DefaultHomeViewModel.swift; sourceTree = "<group>"; };
		E758BA972C1B53B0006BFCF6 /* HomeAPI.swift */ = {isa = PBXFileReference; lastKnownFileType = sourcecode.swift; path = HomeAPI.swift; sourceTree = "<group>"; };
		E758BA992C1B5472006BFCF6 /* HomeService.swift */ = {isa = PBXFileReference; lastKnownFileType = sourcecode.swift; path = HomeService.swift; sourceTree = "<group>"; };
		E76391762C0377D600B565BE /* DesignHalfButton.swift */ = {isa = PBXFileReference; lastKnownFileType = sourcecode.swift; path = DesignHalfButton.swift; sourceTree = "<group>"; };
		E764F98C2C14B79A00A2822A /* SpecificRoundedRectangle.swift */ = {isa = PBXFileReference; lastKnownFileType = sourcecode.swift; path = SpecificRoundedRectangle.swift; sourceTree = "<group>"; };
		E764F9B02C15F8D500A2822A /* FinishWinningTeamPrediction.swift */ = {isa = PBXFileReference; lastKnownFileType = sourcecode.swift; path = FinishWinningTeamPrediction.swift; sourceTree = "<group>"; };
		E764F9B42C15FD0900A2822A /* WinningPrediction.swift */ = {isa = PBXFileReference; lastKnownFileType = sourcecode.swift; path = WinningPrediction.swift; sourceTree = "<group>"; };
		E78C45842C03263800E5AE40 /* WinningTeamPrediction.swift */ = {isa = PBXFileReference; lastKnownFileType = sourcecode.swift; path = WinningTeamPrediction.swift; sourceTree = "<group>"; };
		E79553BB2C0C760600261DAF /* Font+.swift */ = {isa = PBXFileReference; lastKnownFileType = sourcecode.swift; path = "Font+.swift"; sourceTree = "<group>"; };
		E79553BE2C0C78B700261DAF /* Pretendard-Bold.otf */ = {isa = PBXFileReference; lastKnownFileType = file; path = "Pretendard-Bold.otf"; sourceTree = "<group>"; };
		E79553BF2C0C78B700261DAF /* Pretendard-Medium.otf */ = {isa = PBXFileReference; lastKnownFileType = file; path = "Pretendard-Medium.otf"; sourceTree = "<group>"; };
		E79553C02C0C78B700261DAF /* Pretendard-SemiBold.otf */ = {isa = PBXFileReference; lastKnownFileType = file; path = "Pretendard-SemiBold.otf"; sourceTree = "<group>"; };
		E79553C42C0C7BC000261DAF /* Info.plist */ = {isa = PBXFileReference; lastKnownFileType = text.plist.xml; path = Info.plist; sourceTree = "<group>"; };
		E79553C72C0CA04C00261DAF /* TextStyle.swift */ = {isa = PBXFileReference; lastKnownFileType = sourcecode.swift; path = TextStyle.swift; sourceTree = "<group>"; };
		E79553D12C0CB29500261DAF /* LinearGradient+.swift */ = {isa = PBXFileReference; lastKnownFileType = sourcecode.swift; path = "LinearGradient+.swift"; sourceTree = "<group>"; };
		E79AFF6D2BEDC8DC004CAF75 /* KickIt.app */ = {isa = PBXFileReference; explicitFileType = wrapper.application; includeInIndex = 0; path = KickIt.app; sourceTree = BUILT_PRODUCTS_DIR; };
		E79AFF702BEDC8DC004CAF75 /* KickItApp.swift */ = {isa = PBXFileReference; lastKnownFileType = sourcecode.swift; path = KickItApp.swift; sourceTree = "<group>"; };
		E79AFF722BEDC8DC004CAF75 /* SplashView.swift */ = {isa = PBXFileReference; lastKnownFileType = sourcecode.swift; path = SplashView.swift; sourceTree = "<group>"; };
		E79AFF742BEDC8DD004CAF75 /* Assets.xcassets */ = {isa = PBXFileReference; lastKnownFileType = folder.assetcatalog; path = Assets.xcassets; sourceTree = "<group>"; };
		E79AFF772BEDC8DD004CAF75 /* Preview Assets.xcassets */ = {isa = PBXFileReference; lastKnownFileType = folder.assetcatalog; path = "Preview Assets.xcassets"; sourceTree = "<group>"; };
		E79AFF802BEDDCBD004CAF75 /* ContentView.swift */ = {isa = PBXFileReference; lastKnownFileType = sourcecode.swift; path = ContentView.swift; sourceTree = "<group>"; };
		E79AFF882BEDDE24004CAF75 /* Home.swift */ = {isa = PBXFileReference; lastKnownFileType = sourcecode.swift; path = Home.swift; sourceTree = "<group>"; };
		E79AFF8C2BEDDEFD004CAF75 /* MatchCalendar.swift */ = {isa = PBXFileReference; lastKnownFileType = sourcecode.swift; path = MatchCalendar.swift; sourceTree = "<group>"; };
		E79AFF902BEDDFC2004CAF75 /* SoccerDiary.swift */ = {isa = PBXFileReference; lastKnownFileType = sourcecode.swift; path = SoccerDiary.swift; sourceTree = "<group>"; };
		E79AFF932BEE0934004CAF75 /* CustomDatePicker.swift */ = {isa = PBXFileReference; lastKnownFileType = sourcecode.swift; path = CustomDatePicker.swift; sourceTree = "<group>"; };
		E79AFF962BEE6B7B004CAF75 /* CustomDate.swift */ = {isa = PBXFileReference; lastKnownFileType = sourcecode.swift; path = CustomDate.swift; sourceTree = "<group>"; };
		E79AFF9A2BEF7982004CAF75 /* Date+.swift */ = {isa = PBXFileReference; lastKnownFileType = sourcecode.swift; path = "Date+.swift"; sourceTree = "<group>"; };
		E79AFF9C2BEF8A86004CAF75 /* SoccerMatchRow.swift */ = {isa = PBXFileReference; lastKnownFileType = sourcecode.swift; path = SoccerMatchRow.swift; sourceTree = "<group>"; };
		E79AFFA02BEF8F1B004CAF75 /* LoadableImage.swift */ = {isa = PBXFileReference; lastKnownFileType = sourcecode.swift; path = LoadableImage.swift; sourceTree = "<group>"; };
		E79EE75D2BF8A073005CEF80 /* SoccerMatchInfo.swift */ = {isa = PBXFileReference; lastKnownFileType = sourcecode.swift; path = SoccerMatchInfo.swift; sourceTree = "<group>"; };
		E79EE75F2BF8E5A5005CEF80 /* PredictionPanel.swift */ = {isa = PBXFileReference; lastKnownFileType = sourcecode.swift; path = PredictionPanel.swift; sourceTree = "<group>"; };
		E7A448D12C18239500F611A6 /* DragIndicator.swift */ = {isa = PBXFileReference; lastKnownFileType = sourcecode.swift; path = DragIndicator.swift; sourceTree = "<group>"; };
		E7ABF3D42C58A987001BAE0F /* User.swift */ = {isa = PBXFileReference; lastKnownFileType = sourcecode.swift; path = User.swift; sourceTree = "<group>"; };
		E7ABF3D62C58AFC7001BAE0F /* MatchResultView.swift */ = {isa = PBXFileReference; lastKnownFileType = sourcecode.swift; path = MatchResultView.swift; sourceTree = "<group>"; };
		E7ABF3D82C58B252001BAE0F /* MatchResultViewModel.swift */ = {isa = PBXFileReference; lastKnownFileType = sourcecode.swift; path = MatchResultViewModel.swift; sourceTree = "<group>"; };
		E7ADBF6D2C5727F100E877C5 /* FanListView.swift */ = {isa = PBXFileReference; lastKnownFileType = sourcecode.swift; path = FanListView.swift; sourceTree = "<group>"; };
		E7ADBF6F2C57281600E877C5 /* OtherViewModels.swift */ = {isa = PBXFileReference; lastKnownFileType = sourcecode.swift; path = OtherViewModels.swift; sourceTree = "<group>"; };
		E7ADBF712C5728EE00E877C5 /* ViewerStatsView.swift */ = {isa = PBXFileReference; lastKnownFileType = sourcecode.swift; path = ViewerStatsView.swift; sourceTree = "<group>"; };
		E7ADBF732C5729A600E877C5 /* ViewerHRStatsView.swift */ = {isa = PBXFileReference; lastKnownFileType = sourcecode.swift; path = ViewerHRStatsView.swift; sourceTree = "<group>"; };
		E7ADBF752C5753A300E877C5 /* HeartRateAPI.swift */ = {isa = PBXFileReference; lastKnownFileType = sourcecode.swift; path = HeartRateAPI.swift; sourceTree = "<group>"; };
		E7ADBF772C5756DD00E877C5 /* HeartRateService.swift */ = {isa = PBXFileReference; lastKnownFileType = sourcecode.swift; path = HeartRateService.swift; sourceTree = "<group>"; };
		E7ADBF7A2C57667A00E877C5 /* HeartRateProtocol.swift */ = {isa = PBXFileReference; lastKnownFileType = sourcecode.swift; path = HeartRateProtocol.swift; sourceTree = "<group>"; };
		E7ADBF8E2C57ACC500E877C5 /* MatchEventModel.swift */ = {isa = PBXFileReference; lastKnownFileType = sourcecode.swift; path = MatchEventModel.swift; sourceTree = "<group>"; };
		E7ADBF922C57B45600E877C5 /* MatchEventAPI.swift */ = {isa = PBXFileReference; lastKnownFileType = sourcecode.swift; path = MatchEventAPI.swift; sourceTree = "<group>"; };
		E7ADBF942C57B5B700E877C5 /* MatchEventService.swift */ = {isa = PBXFileReference; lastKnownFileType = sourcecode.swift; path = MatchEventService.swift; sourceTree = "<group>"; };
		E7ADBF962C57B5F600E877C5 /* MatchEventViewModel.swift */ = {isa = PBXFileReference; lastKnownFileType = sourcecode.swift; path = MatchEventViewModel.swift; sourceTree = "<group>"; };
		E7ADBF982C57BAF300E877C5 /* TimelineEventView.swift */ = {isa = PBXFileReference; lastKnownFileType = sourcecode.swift; path = TimelineEventView.swift; sourceTree = "<group>"; };
		E7ADBF9A2C57BB3400E877C5 /* TimelineEventRowView.swift */ = {isa = PBXFileReference; lastKnownFileType = sourcecode.swift; path = TimelineEventRowView.swift; sourceTree = "<group>"; };
		E7B13FF92C85E98500CB351E /* KeyChain.swift */ = {isa = PBXFileReference; lastKnownFileType = sourcecode.swift; path = KeyChain.swift; sourceTree = "<group>"; };
		E7B13FFB2C85E9EF00CB351E /* KeyChainKeys.swift */ = {isa = PBXFileReference; lastKnownFileType = sourcecode.swift; path = KeyChainKeys.swift; sourceTree = "<group>"; };
		E7B13FFD2C85EAC600CB351E /* Secrets.xcconfig */ = {isa = PBXFileReference; lastKnownFileType = text.xcconfig; path = Secrets.xcconfig; sourceTree = "<group>"; };
		E7D311872C036F8F0070A31D /* VerticalBarChart.swift */ = {isa = PBXFileReference; lastKnownFileType = sourcecode.swift; path = VerticalBarChart.swift; sourceTree = "<group>"; };
		E7D7E7452C0CDA6800554EA7 /* SoccerMatchResponseModel.swift */ = {isa = PBXFileReference; lastKnownFileType = sourcecode.swift; path = SoccerMatchResponseModel.swift; sourceTree = "<group>"; };
		E7D7E7472C0CDAA800554EA7 /* SoccerTeamResponseModel.swift */ = {isa = PBXFileReference; lastKnownFileType = sourcecode.swift; path = SoccerTeamResponseModel.swift; sourceTree = "<group>"; };
		E7DBC0DB2C0CDBBE008D4300 /* MatchCalendarViewModel.swift */ = {isa = PBXFileReference; lastKnownFileType = sourcecode.swift; path = MatchCalendarViewModel.swift; sourceTree = "<group>"; };
		E7DBC0DD2C0CDBFB008D4300 /* DefaultMatchCalendarViewModel.swift */ = {isa = PBXFileReference; lastKnownFileType = sourcecode.swift; path = DefaultMatchCalendarViewModel.swift; sourceTree = "<group>"; };
		E7DBC0DF2C0DC0E3008D4300 /* CommonResponse.swift */ = {isa = PBXFileReference; lastKnownFileType = sourcecode.swift; path = CommonResponse.swift; sourceTree = "<group>"; };
		E7DBC0E12C0DC17A008D4300 /* NetworkConstants.swift */ = {isa = PBXFileReference; lastKnownFileType = sourcecode.swift; path = NetworkConstants.swift; sourceTree = "<group>"; };
		E7DBC0EC2C0DD9FD008D4300 /* APIConstants.swift */ = {isa = PBXFileReference; lastKnownFileType = sourcecode.swift; path = APIConstants.swift; sourceTree = "<group>"; };
		E7DBC0F12C0DE431008D4300 /* BaseAPI.swift */ = {isa = PBXFileReference; lastKnownFileType = sourcecode.swift; path = BaseAPI.swift; sourceTree = "<group>"; };
		E7DBC0F42C0DE4CB008D4300 /* NetworkResult.swift */ = {isa = PBXFileReference; lastKnownFileType = sourcecode.swift; path = NetworkResult.swift; sourceTree = "<group>"; };
		E7DBC0F62C0DE519008D4300 /* TargetType.swift */ = {isa = PBXFileReference; lastKnownFileType = sourcecode.swift; path = TargetType.swift; sourceTree = "<group>"; };
		E7DBC0F82C0DE7AE008D4300 /* APIEventLogger.swift */ = {isa = PBXFileReference; lastKnownFileType = sourcecode.swift; path = APIEventLogger.swift; sourceTree = "<group>"; };
		E7DBC0FA2C0E0F87008D4300 /* MatchCalendarAPI.swift */ = {isa = PBXFileReference; lastKnownFileType = sourcecode.swift; path = MatchCalendarAPI.swift; sourceTree = "<group>"; };
		E7DBC1002C0E1531008D4300 /* MatchCalendarService.swift */ = {isa = PBXFileReference; lastKnownFileType = sourcecode.swift; path = MatchCalendarService.swift; sourceTree = "<group>"; };
		E7DBC1042C0EE77A008D4300 /* MyPage.swift */ = {isa = PBXFileReference; lastKnownFileType = sourcecode.swift; path = MyPage.swift; sourceTree = "<group>"; };
		E7DBC1092C0F036B008D4300 /* DesignChip.swift */ = {isa = PBXFileReference; lastKnownFileType = sourcecode.swift; path = DesignChip.swift; sourceTree = "<group>"; };
		E7DBC10B2C0F0F85008D4300 /* RadioButtonGroup.swift */ = {isa = PBXFileReference; lastKnownFileType = sourcecode.swift; path = RadioButtonGroup.swift; sourceTree = "<group>"; };
		E7DBC10D2C0F10C7008D4300 /* RadioButton.swift */ = {isa = PBXFileReference; lastKnownFileType = sourcecode.swift; path = RadioButton.swift; sourceTree = "<group>"; };
		E7DBC10F2C103982008D4300 /* SoccerMatch.swift */ = {isa = PBXFileReference; lastKnownFileType = sourcecode.swift; path = SoccerMatch.swift; sourceTree = "<group>"; };
		E7DBC1112C1039D0008D4300 /* SoccerTeam.swift */ = {isa = PBXFileReference; lastKnownFileType = sourcecode.swift; path = SoccerTeam.swift; sourceTree = "<group>"; };
		E7E869142C568C7200DFBA85 /* HeartRateModel.swift */ = {isa = PBXFileReference; lastKnownFileType = sourcecode.swift; path = HeartRateModel.swift; sourceTree = "<group>"; };
		E7E869162C568C9400DFBA85 /* HeartRateViewModel.swift */ = {isa = PBXFileReference; lastKnownFileType = sourcecode.swift; path = HeartRateViewModel.swift; sourceTree = "<group>"; };
		E7E869182C568CDD00DFBA85 /* HeartRateView.swift */ = {isa = PBXFileReference; lastKnownFileType = sourcecode.swift; path = HeartRateView.swift; sourceTree = "<group>"; };
		E7E8691A2C568D1300DFBA85 /* LineChartView.swift */ = {isa = PBXFileReference; lastKnownFileType = sourcecode.swift; path = LineChartView.swift; sourceTree = "<group>"; };
/* End PBXFileReference section */

/* Begin PBXFrameworksBuildPhase section */
		E79AFF6A2BEDC8DC004CAF75 /* Frameworks */ = {
			isa = PBXFrameworksBuildPhase;
			buildActionMask = 2147483647;
			files = (
				E76F765F2C1487A900BCD566 /* Alamofire in Frameworks */,
			);
			runOnlyForDeploymentPostprocessing = 0;
		};
/* End PBXFrameworksBuildPhase section */

/* Begin PBXGroup section */
		E708EB4A2BF5D4E800AE526C /* Helpers */ = {
			isa = PBXGroup;
			children = (
				E7ADBF9A2C57BB3400E877C5 /* TimelineEventRowView.swift */,
				E7ABF3D62C58AFC7001BAE0F /* MatchResultView.swift */,
				E7E8691A2C568D1300DFBA85 /* LineChartView.swift */,
				E7ADBF6D2C5727F100E877C5 /* FanListView.swift */,
				E7ADBF712C5728EE00E877C5 /* ViewerStatsView.swift */,
				E7ADBF732C5729A600E877C5 /* ViewerHRStatsView.swift */,
				E79EE75F2BF8E5A5005CEF80 /* PredictionPanel.swift */,
				E7D311872C036F8F0070A31D /* VerticalBarChart.swift */,
			);
			path = Helpers;
			sourceTree = "<group>";
		};
		E758BA922C1B524B006BFCF6 /* ViewModels */ = {
			isa = PBXGroup;
			children = (
				E758BA932C1B525C006BFCF6 /* HomeViewModel.swift */,
				E758BA952C1B5267006BFCF6 /* DefaultHomeViewModel.swift */,
			);
			path = ViewModels;
			sourceTree = "<group>";
		};
		E79553B62C0C6AFC00261DAF /* App */ = {
			isa = PBXGroup;
			children = (
				E79553B72C0C6B0600261DAF /* iOS */,
			);
			path = App;
			sourceTree = "<group>";
		};
		E79553B72C0C6B0600261DAF /* iOS */ = {
			isa = PBXGroup;
			children = (
				E79AFF702BEDC8DC004CAF75 /* KickItApp.swift */,
				E79553C42C0C7BC000261DAF /* Info.plist */,
				E79AFF742BEDC8DD004CAF75 /* Assets.xcassets */,
			);
			path = iOS;
			sourceTree = "<group>";
		};
		E79553B82C0C749B00261DAF /* Utils */ = {
			isa = PBXGroup;
			children = (
				E79AFF9A2BEF7982004CAF75 /* Date+.swift */,
				E79553BB2C0C760600261DAF /* Font+.swift */,
				E79553C72C0CA04C00261DAF /* TextStyle.swift */,
				E79553D12C0CB29500261DAF /* LinearGradient+.swift */,
			);
			path = Utils;
			sourceTree = "<group>";
		};
		E79553BD2C0C786600261DAF /* Font */ = {
			isa = PBXGroup;
			children = (
				E79553BE2C0C78B700261DAF /* Pretendard-Bold.otf */,
				E79553C02C0C78B700261DAF /* Pretendard-SemiBold.otf */,
				E79553BF2C0C78B700261DAF /* Pretendard-Medium.otf */,
			);
			path = Font;
			sourceTree = "<group>";
		};
		E79AFF642BEDC8DC004CAF75 = {
			isa = PBXGroup;
			children = (
				E79AFF6F2BEDC8DC004CAF75 /* KickIt */,
				E79AFF6E2BEDC8DC004CAF75 /* Products */,
			);
			sourceTree = "<group>";
		};
		E79AFF6E2BEDC8DC004CAF75 /* Products */ = {
			isa = PBXGroup;
			children = (
				E79AFF6D2BEDC8DC004CAF75 /* KickIt.app */,
			);
			name = Products;
			sourceTree = "<group>";
		};
		E79AFF6F2BEDC8DC004CAF75 /* KickIt */ = {
			isa = PBXGroup;
			children = (
				E722770F2BF8917900DE9A7C /* KickIt.entitlements */,
				E79553B62C0C6AFC00261DAF /* App */,
				E79AFF7E2BEDDC76004CAF75 /* Global */,
				E7D7E7412C0CDA4800554EA7 /* Network */,
				E79AFF822BEDDD96004CAF75 /* Screen */,
				E79AFF762BEDC8DD004CAF75 /* Preview Content */,
			);
			path = KickIt;
			sourceTree = "<group>";
		};
		E79AFF762BEDC8DD004CAF75 /* Preview Content */ = {
			isa = PBXGroup;
			children = (
				E79AFF772BEDC8DD004CAF75 /* Preview Assets.xcassets */,
			);
			path = "Preview Content";
			sourceTree = "<group>";
		};
		E79AFF7E2BEDDC76004CAF75 /* Global */ = {
			isa = PBXGroup;
			children = (
				E79AFF952BEE6A2F004CAF75 /* Models */,
				E79AFF922BEE08F0004CAF75 /* Helpers */,
				E79AFF7F2BEDDC86004CAF75 /* Views */,
				E7B13FF82C85E97600CB351E /* Config */,
				E79553BD2C0C786600261DAF /* Font */,
				E79553B82C0C749B00261DAF /* Utils */,
			);
			path = Global;
			sourceTree = "<group>";
		};
		E79AFF7F2BEDDC86004CAF75 /* Views */ = {
			isa = PBXGroup;
			children = (
				E79AFF802BEDDCBD004CAF75 /* ContentView.swift */,
				E79AFF932BEE0934004CAF75 /* CustomDatePicker.swift */,
				E79AFF9C2BEF8A86004CAF75 /* SoccerMatchRow.swift */,
			);
			path = Views;
			sourceTree = "<group>";
		};
		E79AFF822BEDDD96004CAF75 /* Screen */ = {
			isa = PBXGroup;
			children = (
				E79AFF852BEDDDAD004CAF75 /* Splash */,
				E79AFF832BEDDDA3004CAF75 /* Home */,
				E79AFF8A2BEDDEBD004CAF75 /* MatchCalendar */,
				E79AFF8E2BEDDF96004CAF75 /* SoccerDiary */,
				E7DBC1022C0EE75C008D4300 /* MyPage */,
			);
			path = Screen;
			sourceTree = "<group>";
		};
		E79AFF832BEDDDA3004CAF75 /* Home */ = {
			isa = PBXGroup;
			children = (
				E79AFF842BEDDDA8004CAF75 /* Views */,
				E758BA922C1B524B006BFCF6 /* ViewModels */,
			);
			path = Home;
			sourceTree = "<group>";
		};
		E79AFF842BEDDDA8004CAF75 /* Views */ = {
			isa = PBXGroup;
			children = (
				E79AFF882BEDDE24004CAF75 /* Home.swift */,
			);
			path = Views;
			sourceTree = "<group>";
		};
		E79AFF852BEDDDAD004CAF75 /* Splash */ = {
			isa = PBXGroup;
			children = (
				E79AFF862BEDDDB2004CAF75 /* Views */,
			);
			path = Splash;
			sourceTree = "<group>";
		};
		E79AFF862BEDDDB2004CAF75 /* Views */ = {
			isa = PBXGroup;
			children = (
				E79AFF722BEDC8DC004CAF75 /* SplashView.swift */,
			);
			path = Views;
			sourceTree = "<group>";
		};
		E79AFF8A2BEDDEBD004CAF75 /* MatchCalendar */ = {
			isa = PBXGroup;
			children = (
				E7ADBF7D2C5777F600E877C5 /* Models */,
				E708EB4A2BF5D4E800AE526C /* Helpers */,
				E79AFF8B2BEDDEE7004CAF75 /* Views */,
				E7D7E7492C0CDAC600554EA7 /* ViewModels */,
			);
			path = MatchCalendar;
			sourceTree = "<group>";
		};
		E79AFF8B2BEDDEE7004CAF75 /* Views */ = {
			isa = PBXGroup;
			children = (
				E7ADBF982C57BAF300E877C5 /* TimelineEventView.swift */,
				E7E869182C568CDD00DFBA85 /* HeartRateView.swift */,
				E79AFF8C2BEDDEFD004CAF75 /* MatchCalendar.swift */,
				E79EE75D2BF8A073005CEF80 /* SoccerMatchInfo.swift */,
				E78C45842C03263800E5AE40 /* WinningTeamPrediction.swift */,
				E764F9B02C15F8D500A2822A /* FinishWinningTeamPrediction.swift */,
			);
			path = Views;
			sourceTree = "<group>";
		};
		E79AFF8E2BEDDF96004CAF75 /* SoccerDiary */ = {
			isa = PBXGroup;
			children = (
				E79AFF8F2BEDDFB4004CAF75 /* Views */,
			);
			path = SoccerDiary;
			sourceTree = "<group>";
		};
		E79AFF8F2BEDDFB4004CAF75 /* Views */ = {
			isa = PBXGroup;
			children = (
				E79AFF902BEDDFC2004CAF75 /* SoccerDiary.swift */,
			);
			path = Views;
			sourceTree = "<group>";
		};
		E79AFF922BEE08F0004CAF75 /* Helpers */ = {
			isa = PBXGroup;
			children = (
				E79AFFA02BEF8F1B004CAF75 /* LoadableImage.swift */,
				E708EB532BF5D5F800AE526C /* DesignWideButton.swift */,
				E76391762C0377D600B565BE /* DesignHalfButton.swift */,
				E7DBC1092C0F036B008D4300 /* DesignChip.swift */,
				E7DBC10B2C0F0F85008D4300 /* RadioButtonGroup.swift */,
				E7DBC10D2C0F10C7008D4300 /* RadioButton.swift */,
				E764F98C2C14B79A00A2822A /* SpecificRoundedRectangle.swift */,
				E7A448D12C18239500F611A6 /* DragIndicator.swift */,
			);
			path = Helpers;
			sourceTree = "<group>";
		};
		E79AFF952BEE6A2F004CAF75 /* Models */ = {
			isa = PBXGroup;
			children = (
				E7ABF3D42C58A987001BAE0F /* User.swift */,
				E79AFF962BEE6B7B004CAF75 /* CustomDate.swift */,
				E7DBC1112C1039D0008D4300 /* SoccerTeam.swift */,
				E758BA8D2C1AEB4F006BFCF6 /* SoccerMatchDate.swift */,
				E7DBC10F2C103982008D4300 /* SoccerMatch.swift */,
				E764F9B42C15FD0900A2822A /* WinningPrediction.swift */,
			);
			path = Models;
			sourceTree = "<group>";
		};
		E7ADBF7D2C5777F600E877C5 /* Models */ = {
			isa = PBXGroup;
			children = (
				E7ADBF8E2C57ACC500E877C5 /* MatchEventModel.swift */,
				E7E869142C568C7200DFBA85 /* HeartRateModel.swift */,
			);
			path = Models;
			sourceTree = "<group>";
		};
		E7B13FF82C85E97600CB351E /* Config */ = {
			isa = PBXGroup;
			children = (
				E7B13FF92C85E98500CB351E /* KeyChain.swift */,
				E7B13FFB2C85E9EF00CB351E /* KeyChainKeys.swift */,
			);
			path = Config;
			sourceTree = "<group>";
		};
		E7D7E7412C0CDA4800554EA7 /* Network */ = {
			isa = PBXGroup;
			children = (
				E7D7E7442C0CDA5A00554EA7 /* Models */,
				E7DBC0F02C0DE3F7008D4300 /* APIEssentials */,
				E7D7E7432C0CDA5600554EA7 /* APIManagers */,
				E7DBC0F32C0DE4B6008D4300 /* Bases */,
				E7D7E7422C0CDA5000554EA7 /* Services */,
			);
			path = Network;
			sourceTree = "<group>";
		};
		E7D7E7422C0CDA5000554EA7 /* Services */ = {
			isa = PBXGroup;
			children = (
				E7DBC1002C0E1531008D4300 /* MatchCalendarService.swift */,
				E758BA992C1B5472006BFCF6 /* HomeService.swift */,
				E7ADBF772C5756DD00E877C5 /* HeartRateService.swift */,
				E7ADBF942C57B5B700E877C5 /* MatchEventService.swift */,
			);
			path = Services;
			sourceTree = "<group>";
		};
		E7D7E7432C0CDA5600554EA7 /* APIManagers */ = {
			isa = PBXGroup;
			children = (
				E758BA972C1B53B0006BFCF6 /* HomeAPI.swift */,
				E7DBC0FA2C0E0F87008D4300 /* MatchCalendarAPI.swift */,
				E7ADBF752C5753A300E877C5 /* HeartRateAPI.swift */,
				E7ADBF922C57B45600E877C5 /* MatchEventAPI.swift */,
			);
			path = APIManagers;
			sourceTree = "<group>";
		};
		E7D7E7442C0CDA5A00554EA7 /* Models */ = {
			isa = PBXGroup;
			children = (
				E7DBC0FC2C0E13CF008D4300 /* Response */,
			);
			path = Models;
			sourceTree = "<group>";
		};
		E7D7E7492C0CDAC600554EA7 /* ViewModels */ = {
			isa = PBXGroup;
			children = (
				E7ADBF962C57B5F600E877C5 /* MatchEventViewModel.swift */,
				E7ABF3D82C58B252001BAE0F /* MatchResultViewModel.swift */,
				E7ADBF7A2C57667A00E877C5 /* HeartRateProtocol.swift */,
				E7E869162C568C9400DFBA85 /* HeartRateViewModel.swift */,
				E7ADBF6F2C57281600E877C5 /* OtherViewModels.swift */,
				E7DBC0DB2C0CDBBE008D4300 /* MatchCalendarViewModel.swift */,
				E7DBC0DD2C0CDBFB008D4300 /* DefaultMatchCalendarViewModel.swift */,
			);
			path = ViewModels;
			sourceTree = "<group>";
		};
		E7DBC0F02C0DE3F7008D4300 /* APIEssentials */ = {
			isa = PBXGroup;
			children = (
				E7DBC0EC2C0DD9FD008D4300 /* APIConstants.swift */,
				E7DBC0DF2C0DC0E3008D4300 /* CommonResponse.swift */,
				E7DBC0E12C0DC17A008D4300 /* NetworkConstants.swift */,
			);
			path = APIEssentials;
			sourceTree = "<group>";
		};
		E7DBC0F32C0DE4B6008D4300 /* Bases */ = {
			isa = PBXGroup;
			children = (
				E7DBC0F82C0DE7AE008D4300 /* APIEventLogger.swift */,
				E7DBC0F12C0DE431008D4300 /* BaseAPI.swift */,
				E7DBC0F42C0DE4CB008D4300 /* NetworkResult.swift */,
				E7DBC0F62C0DE519008D4300 /* TargetType.swift */,
				E7B13FFD2C85EAC600CB351E /* Secrets.xcconfig */,
			);
			path = Bases;
			sourceTree = "<group>";
		};
		E7DBC0FC2C0E13CF008D4300 /* Response */ = {
			isa = PBXGroup;
			children = (
				E7D7E7472C0CDAA800554EA7 /* SoccerTeamResponseModel.swift */,
				E7D7E7452C0CDA6800554EA7 /* SoccerMatchResponseModel.swift */,
				E758BA8B2C19CA0B006BFCF6 /* SoccerMatchMonthResponseModel.swift */,
			);
			path = Response;
			sourceTree = "<group>";
		};
		E7DBC1022C0EE75C008D4300 /* MyPage */ = {
			isa = PBXGroup;
			children = (
				E7DBC1032C0EE76F008D4300 /* Views */,
			);
			path = MyPage;
			sourceTree = "<group>";
		};
		E7DBC1032C0EE76F008D4300 /* Views */ = {
			isa = PBXGroup;
			children = (
				E7DBC1042C0EE77A008D4300 /* MyPage.swift */,
			);
			path = Views;
			sourceTree = "<group>";
		};
/* End PBXGroup section */

/* Begin PBXNativeTarget section */
		E79AFF6C2BEDC8DC004CAF75 /* KickIt */ = {
			isa = PBXNativeTarget;
			buildConfigurationList = E79AFF7B2BEDC8DD004CAF75 /* Build configuration list for PBXNativeTarget "KickIt" */;
			buildPhases = (
				E79AFF692BEDC8DC004CAF75 /* Sources */,
				E79AFF6A2BEDC8DC004CAF75 /* Frameworks */,
				E79AFF6B2BEDC8DC004CAF75 /* Resources */,
			);
			buildRules = (
			);
			dependencies = (
			);
			name = KickIt;
			packageProductDependencies = (
				E76F765E2C1487A900BCD566 /* Alamofire */,
			);
			productName = KickIt;
			productReference = E79AFF6D2BEDC8DC004CAF75 /* KickIt.app */;
			productType = "com.apple.product-type.application";
		};
/* End PBXNativeTarget section */

/* Begin PBXProject section */
		E79AFF652BEDC8DC004CAF75 /* Project object */ = {
			isa = PBXProject;
			attributes = {
				BuildIndependentTargetsInParallel = 1;
				LastSwiftUpdateCheck = 1500;
				LastUpgradeCheck = 1500;
				TargetAttributes = {
					E79AFF6C2BEDC8DC004CAF75 = {
						CreatedOnToolsVersion = 15.0.1;
					};
				};
			};
			buildConfigurationList = E79AFF682BEDC8DC004CAF75 /* Build configuration list for PBXProject "KickIt" */;
			compatibilityVersion = "Xcode 14.0";
			developmentRegion = en;
			hasScannedForEncodings = 0;
			knownRegions = (
				en,
				Base,
			);
			mainGroup = E79AFF642BEDC8DC004CAF75;
			packageReferences = (
				E76F765D2C1487A900BCD566 /* XCRemoteSwiftPackageReference "Alamofire" */,
			);
			productRefGroup = E79AFF6E2BEDC8DC004CAF75 /* Products */;
			projectDirPath = "";
			projectRoot = "";
			targets = (
				E79AFF6C2BEDC8DC004CAF75 /* KickIt */,
			);
		};
/* End PBXProject section */

/* Begin PBXResourcesBuildPhase section */
		E79AFF6B2BEDC8DC004CAF75 /* Resources */ = {
			isa = PBXResourcesBuildPhase;
			buildActionMask = 2147483647;
			files = (
				E79AFF782BEDC8DD004CAF75 /* Preview Assets.xcassets in Resources */,
				E79553C12C0C78B700261DAF /* Pretendard-Bold.otf in Resources */,
				E7B13FFE2C85EAC600CB351E /* Secrets.xcconfig in Resources */,
				E79553C32C0C78B700261DAF /* Pretendard-SemiBold.otf in Resources */,
				E79AFF752BEDC8DD004CAF75 /* Assets.xcassets in Resources */,
				E79553C22C0C78B700261DAF /* Pretendard-Medium.otf in Resources */,
			);
			runOnlyForDeploymentPostprocessing = 0;
		};
/* End PBXResourcesBuildPhase section */

/* Begin PBXSourcesBuildPhase section */
		E79AFF692BEDC8DC004CAF75 /* Sources */ = {
			isa = PBXSourcesBuildPhase;
			buildActionMask = 2147483647;
			files = (
				E7DBC1082C0EE9AA008D4300 /* VerticalBarChart.swift in Sources */,
				E7DBC1062C0EE9A4008D4300 /* SoccerDiary.swift in Sources */,
				E7E869172C568C9400DFBA85 /* HeartRateViewModel.swift in Sources */,
				E7DBC1122C1039D0008D4300 /* SoccerTeam.swift in Sources */,
				E7E869192C568CDD00DFBA85 /* HeartRateView.swift in Sources */,
				E7ADBF7B2C57667A00E877C5 /* HeartRateProtocol.swift in Sources */,
				E79553C82C0CA04C00261DAF /* TextStyle.swift in Sources */,
				E764F98D2C14B79A00A2822A /* SpecificRoundedRectangle.swift in Sources */,
				E79553BC2C0C760600261DAF /* Font+.swift in Sources */,
				E7DBC1012C0E1531008D4300 /* MatchCalendarService.swift in Sources */,
				E7DBC10C2C0F0F85008D4300 /* RadioButtonGroup.swift in Sources */,
				E758BA962C1B5267006BFCF6 /* DefaultHomeViewModel.swift in Sources */,
				E7DBC0E22C0DC17A008D4300 /* NetworkConstants.swift in Sources */,
				E7DBC0F52C0DE4CB008D4300 /* NetworkResult.swift in Sources */,
				E7E869152C568C7200DFBA85 /* HeartRateModel.swift in Sources */,
				E7ADBF8F2C57ACC500E877C5 /* MatchEventModel.swift in Sources */,
				E7ADBF9B2C57BB3400E877C5 /* TimelineEventRowView.swift in Sources */,
				E7A448D22C18239500F611A6 /* DragIndicator.swift in Sources */,
				E7DBC0FB2C0E0F87008D4300 /* MatchCalendarAPI.swift in Sources */,
				E79AFF9B2BEF7982004CAF75 /* Date+.swift in Sources */,
				E7DBC0DE2C0CDBFB008D4300 /* DefaultMatchCalendarViewModel.swift in Sources */,
				E7ADBF992C57BAF300E877C5 /* TimelineEventView.swift in Sources */,
				E79AFF732BEDC8DC004CAF75 /* SplashView.swift in Sources */,
				E758BA942C1B525C006BFCF6 /* HomeViewModel.swift in Sources */,
				E79553D22C0CB29500261DAF /* LinearGradient+.swift in Sources */,
				E7ADBF972C57B5F600E877C5 /* MatchEventViewModel.swift in Sources */,
				E7D7E7462C0CDA6800554EA7 /* SoccerMatchResponseModel.swift in Sources */,
				E7ADBF702C57281600E877C5 /* OtherViewModels.swift in Sources */,
				E79EE7602BF8E5A5005CEF80 /* PredictionPanel.swift in Sources */,
				E7ADBF6E2C5727F100E877C5 /* FanListView.swift in Sources */,
				E79AFF8D2BEDDEFD004CAF75 /* MatchCalendar.swift in Sources */,
				E7DBC0F72C0DE519008D4300 /* TargetType.swift in Sources */,
				E7E8691B2C568D1300DFBA85 /* LineChartView.swift in Sources */,
				E7DBC0ED2C0DD9FD008D4300 /* APIConstants.swift in Sources */,
				E7ADBF762C5753A300E877C5 /* HeartRateAPI.swift in Sources */,
				E7ABF3D92C58B252001BAE0F /* MatchResultViewModel.swift in Sources */,
				E7DBC10E2C0F10C7008D4300 /* RadioButton.swift in Sources */,
				E79AFF712BEDC8DC004CAF75 /* KickItApp.swift in Sources */,
				E7DBC0F22C0DE431008D4300 /* BaseAPI.swift in Sources */,
				E79AFF972BEE6B7B004CAF75 /* CustomDate.swift in Sources */,
				E79AFF892BEDDE24004CAF75 /* Home.swift in Sources */,
				E7DBC0F92C0DE7AE008D4300 /* APIEventLogger.swift in Sources */,
				E758BA8E2C1AEB4F006BFCF6 /* SoccerMatchDate.swift in Sources */,
				E758BA8C2C19CA0B006BFCF6 /* SoccerMatchMonthResponseModel.swift in Sources */,
				E764F9B12C15F8D500A2822A /* FinishWinningTeamPrediction.swift in Sources */,
				E7DBC0DC2C0CDBBE008D4300 /* MatchCalendarViewModel.swift in Sources */,
				E7ADBF722C5728EE00E877C5 /* ViewerStatsView.swift in Sources */,
				E708EB542BF5D5F800AE526C /* DesignWideButton.swift in Sources */,
				E7ADBF742C5729A600E877C5 /* ViewerHRStatsView.swift in Sources */,
				E7ADBF952C57B5B700E877C5 /* MatchEventService.swift in Sources */,
				E7DBC1052C0EE77A008D4300 /* MyPage.swift in Sources */,
				E7DBC10A2C0F036B008D4300 /* DesignChip.swift in Sources */,
				E76391772C0377D600B565BE /* DesignHalfButton.swift in Sources */,
				E7ADBF932C57B45600E877C5 /* MatchEventAPI.swift in Sources */,
				E7ADBF782C5756DD00E877C5 /* HeartRateService.swift in Sources */,
				E7DBC0E02C0DC0E3008D4300 /* CommonResponse.swift in Sources */,
				E79AFF9D2BEF8A86004CAF75 /* SoccerMatchRow.swift in Sources */,
				E7D7E7482C0CDAA800554EA7 /* SoccerTeamResponseModel.swift in Sources */,
				E79AFFA12BEF8F1B004CAF75 /* LoadableImage.swift in Sources */,
				E79AFF942BEE0934004CAF75 /* CustomDatePicker.swift in Sources */,
				E7DBC1102C103982008D4300 /* SoccerMatch.swift in Sources */,
				E758BA9A2C1B5472006BFCF6 /* HomeService.swift in Sources */,
				E79EE75E2BF8A073005CEF80 /* SoccerMatchInfo.swift in Sources */,
				E78C45852C03263800E5AE40 /* WinningTeamPrediction.swift in Sources */,
				E79AFF812BEDDCBD004CAF75 /* ContentView.swift in Sources */,
				E764F9B52C15FD0900A2822A /* WinningPrediction.swift in Sources */,
				E7ABF3D72C58AFC7001BAE0F /* MatchResultView.swift in Sources */,
				E7B13FFA2C85E98500CB351E /* KeyChain.swift in Sources */,
				E7B13FFC2C85E9EF00CB351E /* KeyChainKeys.swift in Sources */,
				E758BA982C1B53B0006BFCF6 /* HomeAPI.swift in Sources */,
				E7ABF3D52C58A987001BAE0F /* User.swift in Sources */,
			);
			runOnlyForDeploymentPostprocessing = 0;
		};
/* End PBXSourcesBuildPhase section */

/* Begin XCBuildConfiguration section */
		E79AFF792BEDC8DD004CAF75 /* Debug */ = {
			isa = XCBuildConfiguration;
			buildSettings = {
				ALWAYS_SEARCH_USER_PATHS = NO;
				ASSETCATALOG_COMPILER_GENERATE_SWIFT_ASSET_SYMBOL_EXTENSIONS = YES;
				CLANG_ANALYZER_NONNULL = YES;
				CLANG_ANALYZER_NUMBER_OBJECT_CONVERSION = YES_AGGRESSIVE;
				CLANG_CXX_LANGUAGE_STANDARD = "gnu++20";
				CLANG_ENABLE_MODULES = YES;
				CLANG_ENABLE_OBJC_ARC = YES;
				CLANG_ENABLE_OBJC_WEAK = YES;
				CLANG_WARN_BLOCK_CAPTURE_AUTORELEASING = YES;
				CLANG_WARN_BOOL_CONVERSION = YES;
				CLANG_WARN_COMMA = YES;
				CLANG_WARN_CONSTANT_CONVERSION = YES;
				CLANG_WARN_DEPRECATED_OBJC_IMPLEMENTATIONS = YES;
				CLANG_WARN_DIRECT_OBJC_ISA_USAGE = YES_ERROR;
				CLANG_WARN_DOCUMENTATION_COMMENTS = YES;
				CLANG_WARN_EMPTY_BODY = YES;
				CLANG_WARN_ENUM_CONVERSION = YES;
				CLANG_WARN_INFINITE_RECURSION = YES;
				CLANG_WARN_INT_CONVERSION = YES;
				CLANG_WARN_NON_LITERAL_NULL_CONVERSION = YES;
				CLANG_WARN_OBJC_IMPLICIT_RETAIN_SELF = YES;
				CLANG_WARN_OBJC_LITERAL_CONVERSION = YES;
				CLANG_WARN_OBJC_ROOT_CLASS = YES_ERROR;
				CLANG_WARN_QUOTED_INCLUDE_IN_FRAMEWORK_HEADER = YES;
				CLANG_WARN_RANGE_LOOP_ANALYSIS = YES;
				CLANG_WARN_STRICT_PROTOTYPES = YES;
				CLANG_WARN_SUSPICIOUS_MOVE = YES;
				CLANG_WARN_UNGUARDED_AVAILABILITY = YES_AGGRESSIVE;
				CLANG_WARN_UNREACHABLE_CODE = YES;
				CLANG_WARN__DUPLICATE_METHOD_MATCH = YES;
				COPY_PHASE_STRIP = NO;
				DEBUG_INFORMATION_FORMAT = dwarf;
				ENABLE_STRICT_OBJC_MSGSEND = YES;
				ENABLE_TESTABILITY = YES;
				ENABLE_USER_SCRIPT_SANDBOXING = YES;
				FRAMEWORK_SEARCH_PATHS = "$(SRCROOT)/../DerivedData/KickIt-ahwvhvqatbkwydhjgwddxublznlb/SourcePackages/checkouts/Alamofire";
				GCC_C_LANGUAGE_STANDARD = gnu17;
				GCC_DYNAMIC_NO_PIC = NO;
				GCC_NO_COMMON_BLOCKS = YES;
				GCC_OPTIMIZATION_LEVEL = 0;
				GCC_PREPROCESSOR_DEFINITIONS = (
					"DEBUG=1",
					"$(inherited)",
				);
				GCC_WARN_64_TO_32_BIT_CONVERSION = YES;
				GCC_WARN_ABOUT_RETURN_TYPE = YES_ERROR;
				GCC_WARN_UNDECLARED_SELECTOR = YES;
				GCC_WARN_UNINITIALIZED_AUTOS = YES_AGGRESSIVE;
				GCC_WARN_UNUSED_FUNCTION = YES;
				GCC_WARN_UNUSED_VARIABLE = YES;
				IPHONEOS_DEPLOYMENT_TARGET = 17.0;
				LIBRARY_SEARCH_PATHS = "$(SRCROOT)/../DerivedData/KickIt-ahwvhvqatbkwydhjgwddxublznlb/SourcePackages/checkouts/Alamofire";
				LOCALIZATION_PREFERS_STRING_CATALOGS = YES;
				MTL_ENABLE_DEBUG_INFO = INCLUDE_SOURCE;
				MTL_FAST_MATH = YES;
				ONLY_ACTIVE_ARCH = YES;
				SDKROOT = iphoneos;
				SWIFT_ACTIVE_COMPILATION_CONDITIONS = "DEBUG $(inherited)";
				SWIFT_OPTIMIZATION_LEVEL = "-Onone";
			};
			name = Debug;
		};
		E79AFF7A2BEDC8DD004CAF75 /* Release */ = {
			isa = XCBuildConfiguration;
			buildSettings = {
				ALWAYS_SEARCH_USER_PATHS = NO;
				ASSETCATALOG_COMPILER_GENERATE_SWIFT_ASSET_SYMBOL_EXTENSIONS = YES;
				CLANG_ANALYZER_NONNULL = YES;
				CLANG_ANALYZER_NUMBER_OBJECT_CONVERSION = YES_AGGRESSIVE;
				CLANG_CXX_LANGUAGE_STANDARD = "gnu++20";
				CLANG_ENABLE_MODULES = YES;
				CLANG_ENABLE_OBJC_ARC = YES;
				CLANG_ENABLE_OBJC_WEAK = YES;
				CLANG_WARN_BLOCK_CAPTURE_AUTORELEASING = YES;
				CLANG_WARN_BOOL_CONVERSION = YES;
				CLANG_WARN_COMMA = YES;
				CLANG_WARN_CONSTANT_CONVERSION = YES;
				CLANG_WARN_DEPRECATED_OBJC_IMPLEMENTATIONS = YES;
				CLANG_WARN_DIRECT_OBJC_ISA_USAGE = YES_ERROR;
				CLANG_WARN_DOCUMENTATION_COMMENTS = YES;
				CLANG_WARN_EMPTY_BODY = YES;
				CLANG_WARN_ENUM_CONVERSION = YES;
				CLANG_WARN_INFINITE_RECURSION = YES;
				CLANG_WARN_INT_CONVERSION = YES;
				CLANG_WARN_NON_LITERAL_NULL_CONVERSION = YES;
				CLANG_WARN_OBJC_IMPLICIT_RETAIN_SELF = YES;
				CLANG_WARN_OBJC_LITERAL_CONVERSION = YES;
				CLANG_WARN_OBJC_ROOT_CLASS = YES_ERROR;
				CLANG_WARN_QUOTED_INCLUDE_IN_FRAMEWORK_HEADER = YES;
				CLANG_WARN_RANGE_LOOP_ANALYSIS = YES;
				CLANG_WARN_STRICT_PROTOTYPES = YES;
				CLANG_WARN_SUSPICIOUS_MOVE = YES;
				CLANG_WARN_UNGUARDED_AVAILABILITY = YES_AGGRESSIVE;
				CLANG_WARN_UNREACHABLE_CODE = YES;
				CLANG_WARN__DUPLICATE_METHOD_MATCH = YES;
				COPY_PHASE_STRIP = NO;
				DEBUG_INFORMATION_FORMAT = "dwarf-with-dsym";
				ENABLE_NS_ASSERTIONS = NO;
				ENABLE_STRICT_OBJC_MSGSEND = YES;
				ENABLE_USER_SCRIPT_SANDBOXING = YES;
				FRAMEWORK_SEARCH_PATHS = "$(SRCROOT)/../DerivedData/KickIt-ahwvhvqatbkwydhjgwddxublznlb/SourcePackages/checkouts/Alamofire";
				GCC_C_LANGUAGE_STANDARD = gnu17;
				GCC_NO_COMMON_BLOCKS = YES;
				GCC_WARN_64_TO_32_BIT_CONVERSION = YES;
				GCC_WARN_ABOUT_RETURN_TYPE = YES_ERROR;
				GCC_WARN_UNDECLARED_SELECTOR = YES;
				GCC_WARN_UNINITIALIZED_AUTOS = YES_AGGRESSIVE;
				GCC_WARN_UNUSED_FUNCTION = YES;
				GCC_WARN_UNUSED_VARIABLE = YES;
				IPHONEOS_DEPLOYMENT_TARGET = 17.0;
				LIBRARY_SEARCH_PATHS = "$(SRCROOT)/../DerivedData/KickIt-ahwvhvqatbkwydhjgwddxublznlb/SourcePackages/checkouts/Alamofire";
				LOCALIZATION_PREFERS_STRING_CATALOGS = YES;
				MTL_ENABLE_DEBUG_INFO = NO;
				MTL_FAST_MATH = YES;
				SDKROOT = iphoneos;
				SWIFT_COMPILATION_MODE = wholemodule;
				VALIDATE_PRODUCT = YES;
			};
			name = Release;
		};
		E79AFF7C2BEDC8DD004CAF75 /* Debug */ = {
			isa = XCBuildConfiguration;
			baseConfigurationReference = E7B13FFD2C85EAC600CB351E /* Secrets.xcconfig */;
			buildSettings = {
				ASSETCATALOG_COMPILER_APPICON_NAME = AppIcon;
				ASSETCATALOG_COMPILER_GLOBAL_ACCENT_COLOR_NAME = AccentColor;
				CODE_SIGN_ENTITLEMENTS = KickIt/KickIt.entitlements;
				CODE_SIGN_STYLE = Automatic;
				CURRENT_PROJECT_VERSION = 1;
				DEVELOPMENT_ASSET_PATHS = "\"KickIt/Preview Content\"";
				DEVELOPMENT_TEAM = NL8Y67QBFG;
				ENABLE_PREVIEWS = YES;
				FRAMEWORK_SEARCH_PATHS = "/Users/i-da/Library/Developer/Xcode/DerivedData/KickIt-ahwvhvqatbkwydhjgwddxublznlb/SourcePackages/checkouts/Alamofire/Alamofire.xcodeproj/xcshareddata/xcschemes";
				GENERATE_INFOPLIST_FILE = YES;
				INFOPLIST_FILE = KickIt/App/iOS/Info.plist;
				INFOPLIST_KEY_NSHealthClinicalHealthRecordsShareUsageDescription = "Specifies a localized string that describes why the app wants to write data to the HealthKit store. See NSHealthUpdateUsageDescription for details.";
				INFOPLIST_KEY_NSHealthShareUsageDescription = "Specifies a localized string that describes why the app wants to write data to the HealthKit store. See NSHealthUpdateUsageDescription for details.";
				INFOPLIST_KEY_NSHealthUpdateUsageDescription = "Specifies a localized string that describes why the app wants to write data to the HealthKit store. See NSHealthUpdateUsageDescription for details.";
				INFOPLIST_KEY_UIApplicationSceneManifest_Generation = YES;
				INFOPLIST_KEY_UIApplicationSupportsIndirectInputEvents = YES;
				INFOPLIST_KEY_UILaunchScreen_Generation = YES;
				INFOPLIST_KEY_UISupportedInterfaceOrientations_iPad = "UIInterfaceOrientationPortrait UIInterfaceOrientationPortraitUpsideDown UIInterfaceOrientationLandscapeLeft UIInterfaceOrientationLandscapeRight";
				INFOPLIST_KEY_UISupportedInterfaceOrientations_iPhone = "UIInterfaceOrientationPortrait UIInterfaceOrientationLandscapeLeft UIInterfaceOrientationLandscapeRight";
				LD_RUNPATH_SEARCH_PATHS = (
					"$(inherited)",
					"@executable_path/Frameworks",
					"@loader_path/Frameworks",
				);
				LIBRARY_SEARCH_PATHS = "/Users/i-da/Library/Developer/Xcode/DerivedData/KickIt-ahwvhvqatbkwydhjgwddxublznlb/SourcePackages/checkouts/Alamofire/Alamofire.xcodeproj/xcshareddata/xcschemes";
				MARKETING_VERSION = 1.0;
				PRODUCT_BUNDLE_IDENTIFIER = "com.KickIt-iOS.Safezone.KickIt";
				PRODUCT_NAME = "$(TARGET_NAME)";
				SWIFT_EMIT_LOC_STRINGS = YES;
				SWIFT_VERSION = 5.0;
				TARGETED_DEVICE_FAMILY = "1,2";
			};
			name = Debug;
		};
		E79AFF7D2BEDC8DD004CAF75 /* Release */ = {
			isa = XCBuildConfiguration;
			baseConfigurationReference = E7B13FFD2C85EAC600CB351E /* Secrets.xcconfig */;
			buildSettings = {
				ASSETCATALOG_COMPILER_APPICON_NAME = AppIcon;
				ASSETCATALOG_COMPILER_GLOBAL_ACCENT_COLOR_NAME = AccentColor;
				CODE_SIGN_ENTITLEMENTS = KickIt/KickIt.entitlements;
				CODE_SIGN_STYLE = Automatic;
				CURRENT_PROJECT_VERSION = 1;
				DEVELOPMENT_ASSET_PATHS = "\"KickIt/Preview Content\"";
				DEVELOPMENT_TEAM = NL8Y67QBFG;
				ENABLE_PREVIEWS = YES;
				FRAMEWORK_SEARCH_PATHS = "/Users/i-da/Library/Developer/Xcode/DerivedData/KickIt-ahwvhvqatbkwydhjgwddxublznlb/SourcePackages/checkouts/Alamofire/Alamofire.xcodeproj/xcshareddata/xcschemes";
				GENERATE_INFOPLIST_FILE = YES;
				INFOPLIST_FILE = KickIt/App/iOS/Info.plist;
				INFOPLIST_KEY_NSHealthClinicalHealthRecordsShareUsageDescription = "Specifies a localized string that describes why the app wants to write data to the HealthKit store. See NSHealthUpdateUsageDescription for details.";
				INFOPLIST_KEY_NSHealthShareUsageDescription = "Specifies a localized string that describes why the app wants to write data to the HealthKit store. See NSHealthUpdateUsageDescription for details.";
				INFOPLIST_KEY_NSHealthUpdateUsageDescription = "Specifies a localized string that describes why the app wants to write data to the HealthKit store. See NSHealthUpdateUsageDescription for details.";
				INFOPLIST_KEY_UIApplicationSceneManifest_Generation = YES;
				INFOPLIST_KEY_UIApplicationSupportsIndirectInputEvents = YES;
				INFOPLIST_KEY_UILaunchScreen_Generation = YES;
				INFOPLIST_KEY_UISupportedInterfaceOrientations_iPad = "UIInterfaceOrientationPortrait UIInterfaceOrientationPortraitUpsideDown UIInterfaceOrientationLandscapeLeft UIInterfaceOrientationLandscapeRight";
				INFOPLIST_KEY_UISupportedInterfaceOrientations_iPhone = "UIInterfaceOrientationPortrait UIInterfaceOrientationLandscapeLeft UIInterfaceOrientationLandscapeRight";
				LD_RUNPATH_SEARCH_PATHS = (
					"$(inherited)",
					"@executable_path/Frameworks",
					"@loader_path/Frameworks",
				);
				LIBRARY_SEARCH_PATHS = "/Users/i-da/Library/Developer/Xcode/DerivedData/KickIt-ahwvhvqatbkwydhjgwddxublznlb/SourcePackages/checkouts/Alamofire/Alamofire.xcodeproj/xcshareddata/xcschemes";
				MARKETING_VERSION = 1.0;
				PRODUCT_BUNDLE_IDENTIFIER = "com.KickIt-iOS.Safezone.KickIt";
				PRODUCT_NAME = "$(TARGET_NAME)";
				SWIFT_EMIT_LOC_STRINGS = YES;
				SWIFT_VERSION = 5.0;
				TARGETED_DEVICE_FAMILY = "1,2";
			};
			name = Release;
		};
/* End XCBuildConfiguration section */

/* Begin XCConfigurationList section */
		E79AFF682BEDC8DC004CAF75 /* Build configuration list for PBXProject "KickIt" */ = {
			isa = XCConfigurationList;
			buildConfigurations = (
				E79AFF792BEDC8DD004CAF75 /* Debug */,
				E79AFF7A2BEDC8DD004CAF75 /* Release */,
			);
			defaultConfigurationIsVisible = 0;
			defaultConfigurationName = Release;
		};
		E79AFF7B2BEDC8DD004CAF75 /* Build configuration list for PBXNativeTarget "KickIt" */ = {
			isa = XCConfigurationList;
			buildConfigurations = (
				E79AFF7C2BEDC8DD004CAF75 /* Debug */,
				E79AFF7D2BEDC8DD004CAF75 /* Release */,
			);
			defaultConfigurationIsVisible = 0;
			defaultConfigurationName = Release;
		};
/* End XCConfigurationList section */

/* Begin XCRemoteSwiftPackageReference section */
		E76F765D2C1487A900BCD566 /* XCRemoteSwiftPackageReference "Alamofire" */ = {
			isa = XCRemoteSwiftPackageReference;
			repositoryURL = "https://github.com/Alamofire/Alamofire.git";
			requirement = {
				kind = exactVersion;
				version = 5.9.1;
			};
		};
/* End XCRemoteSwiftPackageReference section */

/* Begin XCSwiftPackageProductDependency section */
		E76F765E2C1487A900BCD566 /* Alamofire */ = {
			isa = XCSwiftPackageProductDependency;
			package = E76F765D2C1487A900BCD566 /* XCRemoteSwiftPackageReference "Alamofire" */;
			productName = Alamofire;
		};
/* End XCSwiftPackageProductDependency section */
	};
	rootObject = E79AFF652BEDC8DC004CAF75 /* Project object */;
}
