// !$*UTF8*$!
{
	archiveVersion = 1;
	classes = {
	};
	objectVersion = 56;
	objects = {

/* Begin PBXBuildFile section */
		E708EB542BF5D5F800AE526C /* DesignWideButton.swift in Sources */ = {isa = PBXBuildFile; fileRef = E708EB532BF5D5F800AE526C /* DesignWideButton.swift */; };
		E758BA8C2C19CA0B006BFCF6 /* SoccerMatchMonthlyResponse.swift in Sources */ = {isa = PBXBuildFile; fileRef = E758BA8B2C19CA0B006BFCF6 /* SoccerMatchMonthlyResponse.swift */; };
		E7592AA82CA93FDA008E9E6E /* Shadow+.swift in Sources */ = {isa = PBXBuildFile; fileRef = E7592AA72CA93FDA008E9E6E /* Shadow+.swift */; };
		E76391772C0377D600B565BE /* DesignHalfButton.swift in Sources */ = {isa = PBXBuildFile; fileRef = E76391762C0377D600B565BE /* DesignHalfButton.swift */; };
		E764F98D2C14B79A00A2822A /* SpecificRoundedRectangle.swift in Sources */ = {isa = PBXBuildFile; fileRef = E764F98C2C14B79A00A2822A /* SpecificRoundedRectangle.swift */; };
		E764F9B12C15F8D500A2822A /* FinishWinningTeamPrediction.swift in Sources */ = {isa = PBXBuildFile; fileRef = E764F9B02C15F8D500A2822A /* FinishWinningTeamPrediction.swift */; };
		E764F9B52C15FD0900A2822A /* WinningPrediction.swift in Sources */ = {isa = PBXBuildFile; fileRef = E764F9B42C15FD0900A2822A /* WinningPrediction.swift */; };
		E76F765F2C1487A900BCD566 /* Alamofire in Frameworks */ = {isa = PBXBuildFile; productRef = E76F765E2C1487A900BCD566 /* Alamofire */; };
		E778A0682C8DDD0600B6117D /* HeartRateStatistics.swift in Sources */ = {isa = PBXBuildFile; fileRef = E778A0672C8DDD0600B6117D /* HeartRateStatistics.swift */; };
		E778A06A2C91431900B6117D /* StartingLineupPredictionService.swift in Sources */ = {isa = PBXBuildFile; fileRef = E778A0692C91431900B6117D /* StartingLineupPredictionService.swift */; };
		E778A06C2C91435100B6117D /* StartingLineupPredictionRequest.swift in Sources */ = {isa = PBXBuildFile; fileRef = E778A06B2C91435100B6117D /* StartingLineupPredictionRequest.swift */; };
		E778A06E2C9143C000B6117D /* StartingLineupPredictionResponse.swift in Sources */ = {isa = PBXBuildFile; fileRef = E778A06D2C9143C000B6117D /* StartingLineupPredictionResponse.swift */; };
		E778A0702C9144AF00B6117D /* SoccerPlayersResponse.swift in Sources */ = {isa = PBXBuildFile; fileRef = E778A06F2C9144AF00B6117D /* SoccerPlayersResponse.swift */; };
		E778A0722C914E0C00B6117D /* StartingLineupPredictionAPI.swift in Sources */ = {isa = PBXBuildFile; fileRef = E778A0712C914E0C00B6117D /* StartingLineupPredictionAPI.swift */; };
		E778A0742C94529D00B6117D /* StartingLineupPredictionViewModelProtocol.swift in Sources */ = {isa = PBXBuildFile; fileRef = E778A0732C94529D00B6117D /* StartingLineupPredictionViewModelProtocol.swift */; };
		E778A0762C94540300B6117D /* StartingLineupPlayer.swift in Sources */ = {isa = PBXBuildFile; fileRef = E778A0752C94540300B6117D /* StartingLineupPlayer.swift */; };
		E778A0782C945B0E00B6117D /* UserStartingLineupPrediction.swift in Sources */ = {isa = PBXBuildFile; fileRef = E778A0772C945B0E00B6117D /* UserStartingLineupPrediction.swift */; };
		E778A07A2C945B9800B6117D /* SoccerPlayer.swift in Sources */ = {isa = PBXBuildFile; fileRef = E778A0792C945B9800B6117D /* SoccerPlayer.swift */; };
		E778A07C2C945C8000B6117D /* StartingLineupPredictionViewModel.swift in Sources */ = {isa = PBXBuildFile; fileRef = E778A07B2C945C8000B6117D /* StartingLineupPredictionViewModel.swift */; };
		E778A07E2C95454C00B6117D /* StartingLineupPredictionsResponse.swift in Sources */ = {isa = PBXBuildFile; fileRef = E778A07D2C95454C00B6117D /* StartingLineupPredictionsResponse.swift */; };
		E778A0802C97B78700B6117D /* StartingLineupPrediction.swift in Sources */ = {isa = PBXBuildFile; fileRef = E778A07F2C97B78700B6117D /* StartingLineupPrediction.swift */; };
		E778A0822C97BC3100B6117D /* PredictionQuestionView.swift in Sources */ = {isa = PBXBuildFile; fileRef = E778A0812C97BC3100B6117D /* PredictionQuestionView.swift */; };
		E778A0842C97F3FD00B6117D /* StartingLineupPredictionView.swift in Sources */ = {isa = PBXBuildFile; fileRef = E778A0832C97F3FD00B6117D /* StartingLineupPredictionView.swift */; };
		E778A0862C97FCC200B6117D /* FormationRowView.swift in Sources */ = {isa = PBXBuildFile; fileRef = E778A0852C97FCC200B6117D /* FormationRowView.swift */; };
		E778A0882C98194B00B6117D /* PredictionPlayerCardView.swift in Sources */ = {isa = PBXBuildFile; fileRef = E778A0872C98194B00B6117D /* PredictionPlayerCardView.swift */; };
		E778A08A2C981F3600B6117D /* PredictionPlayerSelectedCardView.swift in Sources */ = {isa = PBXBuildFile; fileRef = E778A0892C981F3600B6117D /* PredictionPlayerSelectedCardView.swift */; };
		E778A08C2C99633D00B6117D /* PredictionPlayerView.swift in Sources */ = {isa = PBXBuildFile; fileRef = E778A08B2C99633D00B6117D /* PredictionPlayerView.swift */; };
		E778A08E2C9A6EB900B6117D /* SoccerPosition.swift in Sources */ = {isa = PBXBuildFile; fileRef = E778A08D2C9A6EB900B6117D /* SoccerPosition.swift */; };
		E778A0902C9A6F6B00B6117D /* Formation.swift in Sources */ = {isa = PBXBuildFile; fileRef = E778A08F2C9A6F6B00B6117D /* Formation.swift */; };
		E778A0922C9AAEC400B6117D /* PredictionPlayerBottomSheetView.swift in Sources */ = {isa = PBXBuildFile; fileRef = E778A0912C9AAEC400B6117D /* PredictionPlayerBottomSheetView.swift */; };
		E779705E2CA59C5800DA5C00 /* MatchEventCardView.swift in Sources */ = {isa = PBXBuildFile; fileRef = E779705D2CA59C5800DA5C00 /* MatchEventCardView.swift */; };
		E77970602CA5B3BF00DA5C00 /* DiaryEventCardView.swift in Sources */ = {isa = PBXBuildFile; fileRef = E779705F2CA5B3BF00DA5C00 /* DiaryEventCardView.swift */; };
		E77970622CA5B93300DA5C00 /* MatchCardView.swift in Sources */ = {isa = PBXBuildFile; fileRef = E77970612CA5B93300DA5C00 /* MatchCardView.swift */; };
		E77970672CA6774200DA5C00 /* HomeAPI.swift in Sources */ = {isa = PBXBuildFile; fileRef = E77970662CA6774200DA5C00 /* HomeAPI.swift */; };
		E77970692CA6775D00DA5C00 /* HomeService.swift in Sources */ = {isa = PBXBuildFile; fileRef = E77970682CA6775D00DA5C00 /* HomeService.swift */; };
		E779706B2CA69F5D00DA5C00 /* HomeResponse.swift in Sources */ = {isa = PBXBuildFile; fileRef = E779706A2CA69F5600DA5C00 /* HomeResponse.swift */; };
		E779706D2CA6A5ED00DA5C00 /* HomeViewModel.swift in Sources */ = {isa = PBXBuildFile; fileRef = E779706C2CA6A5ED00DA5C00 /* HomeViewModel.swift */; };
		E77970702CA83F8F00DA5C00 /* HomeMatch.swift in Sources */ = {isa = PBXBuildFile; fileRef = E779706F2CA83F8F00DA5C00 /* HomeMatch.swift */; };
		E77970722CA8403100DA5C00 /* HomeDiary.swift in Sources */ = {isa = PBXBuildFile; fileRef = E77970712CA8403100DA5C00 /* HomeDiary.swift */; };
		E78C45852C03263800E5AE40 /* WinningTeamPrediction.swift in Sources */ = {isa = PBXBuildFile; fileRef = E78C45842C03263800E5AE40 /* WinningTeamPrediction.swift */; };
		E79553BC2C0C760600261DAF /* Font+.swift in Sources */ = {isa = PBXBuildFile; fileRef = E79553BB2C0C760600261DAF /* Font+.swift */; };
		E79553C12C0C78B700261DAF /* Pretendard-Bold.otf in Resources */ = {isa = PBXBuildFile; fileRef = E79553BE2C0C78B700261DAF /* Pretendard-Bold.otf */; };
		E79553C22C0C78B700261DAF /* Pretendard-Medium.otf in Resources */ = {isa = PBXBuildFile; fileRef = E79553BF2C0C78B700261DAF /* Pretendard-Medium.otf */; };
		E79553C32C0C78B700261DAF /* Pretendard-SemiBold.otf in Resources */ = {isa = PBXBuildFile; fileRef = E79553C02C0C78B700261DAF /* Pretendard-SemiBold.otf */; };
		E79553C82C0CA04C00261DAF /* TextStyle.swift in Sources */ = {isa = PBXBuildFile; fileRef = E79553C72C0CA04C00261DAF /* TextStyle.swift */; };
		E79553D22C0CB29500261DAF /* LinearGradient+.swift in Sources */ = {isa = PBXBuildFile; fileRef = E79553D12C0CB29500261DAF /* LinearGradient+.swift */; };
		E79AFF712BEDC8DC004CAF75 /* KickItApp.swift in Sources */ = {isa = PBXBuildFile; fileRef = E79AFF702BEDC8DC004CAF75 /* KickItApp.swift */; };
		E79AFF752BEDC8DD004CAF75 /* Assets.xcassets in Resources */ = {isa = PBXBuildFile; fileRef = E79AFF742BEDC8DD004CAF75 /* Assets.xcassets */; };
		E79AFF782BEDC8DD004CAF75 /* Preview Assets.xcassets in Resources */ = {isa = PBXBuildFile; fileRef = E79AFF772BEDC8DD004CAF75 /* Preview Assets.xcassets */; };
		E79AFF812BEDDCBD004CAF75 /* ContentView.swift in Sources */ = {isa = PBXBuildFile; fileRef = E79AFF802BEDDCBD004CAF75 /* ContentView.swift */; };
		E79AFF892BEDDE24004CAF75 /* Home.swift in Sources */ = {isa = PBXBuildFile; fileRef = E79AFF882BEDDE24004CAF75 /* Home.swift */; };
		E79AFF8D2BEDDEFD004CAF75 /* MatchCalendar.swift in Sources */ = {isa = PBXBuildFile; fileRef = E79AFF8C2BEDDEFD004CAF75 /* MatchCalendar.swift */; };
		E79AFF942BEE0934004CAF75 /* CustomDatePicker.swift in Sources */ = {isa = PBXBuildFile; fileRef = E79AFF932BEE0934004CAF75 /* CustomDatePicker.swift */; };
		E79AFF972BEE6B7B004CAF75 /* CustomDate.swift in Sources */ = {isa = PBXBuildFile; fileRef = E79AFF962BEE6B7B004CAF75 /* CustomDate.swift */; };
		E79AFF9B2BEF7982004CAF75 /* Date+.swift in Sources */ = {isa = PBXBuildFile; fileRef = E79AFF9A2BEF7982004CAF75 /* Date+.swift */; };
		E79AFF9D2BEF8A86004CAF75 /* SoccerMatchRow.swift in Sources */ = {isa = PBXBuildFile; fileRef = E79AFF9C2BEF8A86004CAF75 /* SoccerMatchRow.swift */; };
		E79AFFA12BEF8F1B004CAF75 /* LoadableImage.swift in Sources */ = {isa = PBXBuildFile; fileRef = E79AFFA02BEF8F1B004CAF75 /* LoadableImage.swift */; };
		E79BF2B92C9AB0A900302BB8 /* MainView.swift in Sources */ = {isa = PBXBuildFile; fileRef = E79BF2B82C9AB0A900302BB8 /* MainView.swift */; };
		E79BF2BB2C9AB0D300302BB8 /* MainViewModel.swift in Sources */ = {isa = PBXBuildFile; fileRef = E79BF2BA2C9AB0D300302BB8 /* MainViewModel.swift */; };
		E79EE75E2BF8A073005CEF80 /* SoccerMatchInfo.swift in Sources */ = {isa = PBXBuildFile; fileRef = E79EE75D2BF8A073005CEF80 /* SoccerMatchInfo.swift */; };
		E79EE7602BF8E5A5005CEF80 /* PredictionPanel.swift in Sources */ = {isa = PBXBuildFile; fileRef = E79EE75F2BF8E5A5005CEF80 /* PredictionPanel.swift */; };
		E7A448D22C18239500F611A6 /* DragIndicator.swift in Sources */ = {isa = PBXBuildFile; fileRef = E7A448D12C18239500F611A6 /* DragIndicator.swift */; };
		E7A6A06A2C95B7A60008447D /* SettingFavView.swift in Sources */ = {isa = PBXBuildFile; fileRef = E7A6A0652C95B7A60008447D /* SettingFavView.swift */; };
		E7A6A06B2C95B7A60008447D /* LoginView.swift in Sources */ = {isa = PBXBuildFile; fileRef = E7A6A0662C95B7A60008447D /* LoginView.swift */; };
		E7A6A06C2C95B7A60008447D /* SettingNameView.swift in Sources */ = {isa = PBXBuildFile; fileRef = E7A6A0672C95B7A60008447D /* SettingNameView.swift */; };
		E7A6A06D2C95B7A60008447D /* AcceptingVIew.swift in Sources */ = {isa = PBXBuildFile; fileRef = E7A6A0682C95B7A60008447D /* AcceptingVIew.swift */; };
		E7A6A0722C95B8290008447D /* SplashView.swift in Sources */ = {isa = PBXBuildFile; fileRef = E7A6A0712C95B8290008447D /* SplashView.swift */; };
		E7A6A0762C95BA030008447D /* SettingFavViewModel.swift in Sources */ = {isa = PBXBuildFile; fileRef = E7A6A0752C95BA030008447D /* SettingFavViewModel.swift */; };
		E7A6A0782C95BA240008447D /* SettingNameViewModel.swift in Sources */ = {isa = PBXBuildFile; fileRef = E7A6A0772C95BA240008447D /* SettingNameViewModel.swift */; };
		E7A6A07A2C95BA630008447D /* AcceptingViewModel.swift in Sources */ = {isa = PBXBuildFile; fileRef = E7A6A0792C95BA630008447D /* AcceptingViewModel.swift */; };
		E7ABF3D52C58A987001BAE0F /* User.swift in Sources */ = {isa = PBXBuildFile; fileRef = E7ABF3D42C58A987001BAE0F /* User.swift */; };
		E7ABF3D72C58AFC7001BAE0F /* MatchResultView.swift in Sources */ = {isa = PBXBuildFile; fileRef = E7ABF3D62C58AFC7001BAE0F /* MatchResultView.swift */; };
		E7ABF3D92C58B252001BAE0F /* MatchResultViewModel.swift in Sources */ = {isa = PBXBuildFile; fileRef = E7ABF3D82C58B252001BAE0F /* MatchResultViewModel.swift */; };
		E7ADBF6E2C5727F100E877C5 /* FanListView.swift in Sources */ = {isa = PBXBuildFile; fileRef = E7ADBF6D2C5727F100E877C5 /* FanListView.swift */; };
		E7ADBF702C57281600E877C5 /* OtherViewModels.swift in Sources */ = {isa = PBXBuildFile; fileRef = E7ADBF6F2C57281600E877C5 /* OtherViewModels.swift */; };
		E7ADBF722C5728EE00E877C5 /* ViewerStatsView.swift in Sources */ = {isa = PBXBuildFile; fileRef = E7ADBF712C5728EE00E877C5 /* ViewerStatsView.swift */; };
		E7ADBF742C5729A600E877C5 /* ViewerHRStatsView.swift in Sources */ = {isa = PBXBuildFile; fileRef = E7ADBF732C5729A600E877C5 /* ViewerHRStatsView.swift */; };
		E7ADBF762C5753A300E877C5 /* HeartRateAPI.swift in Sources */ = {isa = PBXBuildFile; fileRef = E7ADBF752C5753A300E877C5 /* HeartRateAPI.swift */; };
		E7ADBF782C5756DD00E877C5 /* HeartRateService.swift in Sources */ = {isa = PBXBuildFile; fileRef = E7ADBF772C5756DD00E877C5 /* HeartRateService.swift */; };
		E7ADBF7B2C57667A00E877C5 /* HeartRateProtocol.swift in Sources */ = {isa = PBXBuildFile; fileRef = E7ADBF7A2C57667A00E877C5 /* HeartRateProtocol.swift */; };
		E7ADBF8F2C57ACC500E877C5 /* MatchEventModel.swift in Sources */ = {isa = PBXBuildFile; fileRef = E7ADBF8E2C57ACC500E877C5 /* MatchEventModel.swift */; };
		E7ADBF932C57B45600E877C5 /* MatchEventAPI.swift in Sources */ = {isa = PBXBuildFile; fileRef = E7ADBF922C57B45600E877C5 /* MatchEventAPI.swift */; };
		E7ADBF952C57B5B700E877C5 /* MatchEventService.swift in Sources */ = {isa = PBXBuildFile; fileRef = E7ADBF942C57B5B700E877C5 /* MatchEventService.swift */; };
		E7ADBF972C57B5F600E877C5 /* MatchEventViewModel.swift in Sources */ = {isa = PBXBuildFile; fileRef = E7ADBF962C57B5F600E877C5 /* MatchEventViewModel.swift */; };
		E7ADBF992C57BAF300E877C5 /* TimelineEventView.swift in Sources */ = {isa = PBXBuildFile; fileRef = E7ADBF982C57BAF300E877C5 /* TimelineEventView.swift */; };
		E7ADBF9B2C57BB3400E877C5 /* TimelineEventRowView.swift in Sources */ = {isa = PBXBuildFile; fileRef = E7ADBF9A2C57BB3400E877C5 /* TimelineEventRowView.swift */; };
		E7B13FFA2C85E98500CB351E /* KeyChain.swift in Sources */ = {isa = PBXBuildFile; fileRef = E7B13FF92C85E98500CB351E /* KeyChain.swift */; };
		E7B13FFC2C85E9EF00CB351E /* KeyChainKeys.swift in Sources */ = {isa = PBXBuildFile; fileRef = E7B13FFB2C85E9EF00CB351E /* KeyChainKeys.swift */; };
		E7B13FFE2C85EAC600CB351E /* Secrets.xcconfig in Resources */ = {isa = PBXBuildFile; fileRef = E7B13FFD2C85EAC600CB351E /* Secrets.xcconfig */; };
		E7B140002C85EE2100CB351E /* MyRequestInterceptor.swift in Sources */ = {isa = PBXBuildFile; fileRef = E7B13FFF2C85EE2100CB351E /* MyRequestInterceptor.swift */; };
		E7B140032C85F48400CB351E /* SoccerMatchMonthlyRequest.swift in Sources */ = {isa = PBXBuildFile; fileRef = E7B140022C85F48400CB351E /* SoccerMatchMonthlyRequest.swift */; };
		E7B140052C85F66500CB351E /* SoccerMatchDailyRequest.swift in Sources */ = {isa = PBXBuildFile; fileRef = E7B140042C85F66500CB351E /* SoccerMatchDailyRequest.swift */; };
		E7B140072C8745D900CB351E /* HeartRateStatisticsRequest.swift in Sources */ = {isa = PBXBuildFile; fileRef = E7B140062C8745D900CB351E /* HeartRateStatisticsRequest.swift */; };
		E7B140092C8746B500CB351E /* HeartRateStatisticsResponse.swift in Sources */ = {isa = PBXBuildFile; fileRef = E7B140082C8746B500CB351E /* HeartRateStatisticsResponse.swift */; };
		E7B1400B2C87F05600CB351E /* HeartRateMatchEvent.swift in Sources */ = {isa = PBXBuildFile; fileRef = E7B1400A2C87F05600CB351E /* HeartRateMatchEvent.swift */; };
		E7B1400D2C87F15400CB351E /* HeartRate.swift in Sources */ = {isa = PBXBuildFile; fileRef = E7B1400C2C87F15400CB351E /* HeartRate.swift */; };
		E7B1400F2C87F2B900CB351E /* HeartRateRecord.swift in Sources */ = {isa = PBXBuildFile; fileRef = E7B1400E2C87F2B900CB351E /* HeartRateRecord.swift */; };
		E7D21AF02C9801F100FF8907 /* UserService.swift in Sources */ = {isa = PBXBuildFile; fileRef = E7D21AEF2C9801F100FF8907 /* UserService.swift */; };
		E7D21AF22C98062100FF8907 /* UserAPI.swift in Sources */ = {isa = PBXBuildFile; fileRef = E7D21AF12C98062100FF8907 /* UserAPI.swift */; };
		E7D7E7462C0CDA6800554EA7 /* SoccerMatchDailyResponse.swift in Sources */ = {isa = PBXBuildFile; fileRef = E7D7E7452C0CDA6800554EA7 /* SoccerMatchDailyResponse.swift */; };
		E7DBC0DC2C0CDBBE008D4300 /* MatchCalendarViewModelProtocol.swift in Sources */ = {isa = PBXBuildFile; fileRef = E7DBC0DB2C0CDBBE008D4300 /* MatchCalendarViewModelProtocol.swift */; };
		E7DBC0DE2C0CDBFB008D4300 /* MatchCalendarViewModel.swift in Sources */ = {isa = PBXBuildFile; fileRef = E7DBC0DD2C0CDBFB008D4300 /* MatchCalendarViewModel.swift */; };
		E7DBC0E02C0DC0E3008D4300 /* CommonResponse.swift in Sources */ = {isa = PBXBuildFile; fileRef = E7DBC0DF2C0DC0E3008D4300 /* CommonResponse.swift */; };
		E7DBC0E22C0DC17A008D4300 /* NetworkConstants.swift in Sources */ = {isa = PBXBuildFile; fileRef = E7DBC0E12C0DC17A008D4300 /* NetworkConstants.swift */; };
		E7DBC0ED2C0DD9FD008D4300 /* APIConstants.swift in Sources */ = {isa = PBXBuildFile; fileRef = E7DBC0EC2C0DD9FD008D4300 /* APIConstants.swift */; };
		E7DBC0F22C0DE431008D4300 /* BaseAPI.swift in Sources */ = {isa = PBXBuildFile; fileRef = E7DBC0F12C0DE431008D4300 /* BaseAPI.swift */; };
		E7DBC0F52C0DE4CB008D4300 /* NetworkError.swift in Sources */ = {isa = PBXBuildFile; fileRef = E7DBC0F42C0DE4CB008D4300 /* NetworkError.swift */; };
		E7DBC0F72C0DE519008D4300 /* TargetType.swift in Sources */ = {isa = PBXBuildFile; fileRef = E7DBC0F62C0DE519008D4300 /* TargetType.swift */; };
		E7DBC0F92C0DE7AE008D4300 /* APIEventLogger.swift in Sources */ = {isa = PBXBuildFile; fileRef = E7DBC0F82C0DE7AE008D4300 /* APIEventLogger.swift */; };
		E7DBC0FB2C0E0F87008D4300 /* MatchCalendarAPI.swift in Sources */ = {isa = PBXBuildFile; fileRef = E7DBC0FA2C0E0F87008D4300 /* MatchCalendarAPI.swift */; };
		E7DBC1012C0E1531008D4300 /* MatchCalendarService.swift in Sources */ = {isa = PBXBuildFile; fileRef = E7DBC1002C0E1531008D4300 /* MatchCalendarService.swift */; };
		E7DBC1052C0EE77A008D4300 /* MyPage.swift in Sources */ = {isa = PBXBuildFile; fileRef = E7DBC1042C0EE77A008D4300 /* MyPage.swift */; };
		E7DBC1062C0EE9A4008D4300 /* SoccerDiary.swift in Sources */ = {isa = PBXBuildFile; fileRef = E79AFF902BEDDFC2004CAF75 /* SoccerDiary.swift */; };
		E7DBC1082C0EE9AA008D4300 /* VerticalBarChart.swift in Sources */ = {isa = PBXBuildFile; fileRef = E7D311872C036F8F0070A31D /* VerticalBarChart.swift */; };
		E7DBC10A2C0F036B008D4300 /* DesignChip.swift in Sources */ = {isa = PBXBuildFile; fileRef = E7DBC1092C0F036B008D4300 /* DesignChip.swift */; };
		E7DBC10C2C0F0F85008D4300 /* RadioButtonGroup.swift in Sources */ = {isa = PBXBuildFile; fileRef = E7DBC10B2C0F0F85008D4300 /* RadioButtonGroup.swift */; };
		E7DBC10E2C0F10C7008D4300 /* RadioButton.swift in Sources */ = {isa = PBXBuildFile; fileRef = E7DBC10D2C0F10C7008D4300 /* RadioButton.swift */; };
		E7DBC1102C103982008D4300 /* SoccerMatch.swift in Sources */ = {isa = PBXBuildFile; fileRef = E7DBC10F2C103982008D4300 /* SoccerMatch.swift */; };
		E7DBC1122C1039D0008D4300 /* SoccerTeam.swift in Sources */ = {isa = PBXBuildFile; fileRef = E7DBC1112C1039D0008D4300 /* SoccerTeam.swift */; };
		E7E869152C568C7200DFBA85 /* HeartRateRecordModel.swift in Sources */ = {isa = PBXBuildFile; fileRef = E7E869142C568C7200DFBA85 /* HeartRateRecordModel.swift */; };
		E7E869172C568C9400DFBA85 /* HeartRateViewModel.swift in Sources */ = {isa = PBXBuildFile; fileRef = E7E869162C568C9400DFBA85 /* HeartRateViewModel.swift */; };
		E7E869192C568CDD00DFBA85 /* HeartRateView.swift in Sources */ = {isa = PBXBuildFile; fileRef = E7E869182C568CDD00DFBA85 /* HeartRateView.swift */; };
		E7E8691B2C568D1300DFBA85 /* LineChartView.swift in Sources */ = {isa = PBXBuildFile; fileRef = E7E8691A2C568D1300DFBA85 /* LineChartView.swift */; };
		E7FFA05F2C9EB7CC001FE588 /* SoccerTeamRequest.swift in Sources */ = {isa = PBXBuildFile; fileRef = E7FFA05E2C9EB7CC001FE588 /* SoccerTeamRequest.swift */; };
		E7FFA0612C9EBBE1001FE588 /* SignUpData.swift in Sources */ = {isa = PBXBuildFile; fileRef = E7FFA0602C9EBBE1001FE588 /* SignUpData.swift */; };
/* End PBXBuildFile section */

/* Begin PBXFileReference section */
		E708EB532BF5D5F800AE526C /* DesignWideButton.swift */ = {isa = PBXFileReference; lastKnownFileType = sourcecode.swift; path = DesignWideButton.swift; sourceTree = "<group>"; };
		E722770F2BF8917900DE9A7C /* KickIt.entitlements */ = {isa = PBXFileReference; lastKnownFileType = text.plist.entitlements; path = KickIt.entitlements; sourceTree = "<group>"; };
		E758BA8B2C19CA0B006BFCF6 /* SoccerMatchMonthlyResponse.swift */ = {isa = PBXFileReference; lastKnownFileType = sourcecode.swift; path = SoccerMatchMonthlyResponse.swift; sourceTree = "<group>"; };
		E7592AA72CA93FDA008E9E6E /* Shadow+.swift */ = {isa = PBXFileReference; lastKnownFileType = sourcecode.swift; path = "Shadow+.swift"; sourceTree = "<group>"; };
		E76391762C0377D600B565BE /* DesignHalfButton.swift */ = {isa = PBXFileReference; lastKnownFileType = sourcecode.swift; path = DesignHalfButton.swift; sourceTree = "<group>"; };
		E764F98C2C14B79A00A2822A /* SpecificRoundedRectangle.swift */ = {isa = PBXFileReference; lastKnownFileType = sourcecode.swift; path = SpecificRoundedRectangle.swift; sourceTree = "<group>"; };
		E764F9B02C15F8D500A2822A /* FinishWinningTeamPrediction.swift */ = {isa = PBXFileReference; lastKnownFileType = sourcecode.swift; path = FinishWinningTeamPrediction.swift; sourceTree = "<group>"; };
		E764F9B42C15FD0900A2822A /* WinningPrediction.swift */ = {isa = PBXFileReference; lastKnownFileType = sourcecode.swift; path = WinningPrediction.swift; sourceTree = "<group>"; };
		E778A0672C8DDD0600B6117D /* HeartRateStatistics.swift */ = {isa = PBXFileReference; lastKnownFileType = sourcecode.swift; path = HeartRateStatistics.swift; sourceTree = "<group>"; };
		E778A0692C91431900B6117D /* StartingLineupPredictionService.swift */ = {isa = PBXFileReference; lastKnownFileType = sourcecode.swift; path = StartingLineupPredictionService.swift; sourceTree = "<group>"; };
		E778A06B2C91435100B6117D /* StartingLineupPredictionRequest.swift */ = {isa = PBXFileReference; lastKnownFileType = sourcecode.swift; path = StartingLineupPredictionRequest.swift; sourceTree = "<group>"; };
		E778A06D2C9143C000B6117D /* StartingLineupPredictionResponse.swift */ = {isa = PBXFileReference; lastKnownFileType = sourcecode.swift; path = StartingLineupPredictionResponse.swift; sourceTree = "<group>"; };
		E778A06F2C9144AF00B6117D /* SoccerPlayersResponse.swift */ = {isa = PBXFileReference; lastKnownFileType = sourcecode.swift; path = SoccerPlayersResponse.swift; sourceTree = "<group>"; };
		E778A0712C914E0C00B6117D /* StartingLineupPredictionAPI.swift */ = {isa = PBXFileReference; lastKnownFileType = sourcecode.swift; path = StartingLineupPredictionAPI.swift; sourceTree = "<group>"; };
		E778A0732C94529D00B6117D /* StartingLineupPredictionViewModelProtocol.swift */ = {isa = PBXFileReference; lastKnownFileType = sourcecode.swift; path = StartingLineupPredictionViewModelProtocol.swift; sourceTree = "<group>"; };
		E778A0752C94540300B6117D /* StartingLineupPlayer.swift */ = {isa = PBXFileReference; lastKnownFileType = sourcecode.swift; path = StartingLineupPlayer.swift; sourceTree = "<group>"; };
		E778A0772C945B0E00B6117D /* UserStartingLineupPrediction.swift */ = {isa = PBXFileReference; lastKnownFileType = sourcecode.swift; path = UserStartingLineupPrediction.swift; sourceTree = "<group>"; };
		E778A0792C945B9800B6117D /* SoccerPlayer.swift */ = {isa = PBXFileReference; lastKnownFileType = sourcecode.swift; path = SoccerPlayer.swift; sourceTree = "<group>"; };
		E778A07B2C945C8000B6117D /* StartingLineupPredictionViewModel.swift */ = {isa = PBXFileReference; lastKnownFileType = sourcecode.swift; path = StartingLineupPredictionViewModel.swift; sourceTree = "<group>"; };
		E778A07D2C95454C00B6117D /* StartingLineupPredictionsResponse.swift */ = {isa = PBXFileReference; lastKnownFileType = sourcecode.swift; path = StartingLineupPredictionsResponse.swift; sourceTree = "<group>"; };
		E778A07F2C97B78700B6117D /* StartingLineupPrediction.swift */ = {isa = PBXFileReference; lastKnownFileType = sourcecode.swift; path = StartingLineupPrediction.swift; sourceTree = "<group>"; };
		E778A0812C97BC3100B6117D /* PredictionQuestionView.swift */ = {isa = PBXFileReference; lastKnownFileType = sourcecode.swift; path = PredictionQuestionView.swift; sourceTree = "<group>"; };
		E778A0832C97F3FD00B6117D /* StartingLineupPredictionView.swift */ = {isa = PBXFileReference; lastKnownFileType = sourcecode.swift; path = StartingLineupPredictionView.swift; sourceTree = "<group>"; };
		E778A0852C97FCC200B6117D /* FormationRowView.swift */ = {isa = PBXFileReference; lastKnownFileType = sourcecode.swift; path = FormationRowView.swift; sourceTree = "<group>"; };
		E778A0872C98194B00B6117D /* PredictionPlayerCardView.swift */ = {isa = PBXFileReference; lastKnownFileType = sourcecode.swift; path = PredictionPlayerCardView.swift; sourceTree = "<group>"; };
		E778A0892C981F3600B6117D /* PredictionPlayerSelectedCardView.swift */ = {isa = PBXFileReference; lastKnownFileType = sourcecode.swift; path = PredictionPlayerSelectedCardView.swift; sourceTree = "<group>"; };
		E778A08B2C99633D00B6117D /* PredictionPlayerView.swift */ = {isa = PBXFileReference; lastKnownFileType = sourcecode.swift; path = PredictionPlayerView.swift; sourceTree = "<group>"; };
		E778A08D2C9A6EB900B6117D /* SoccerPosition.swift */ = {isa = PBXFileReference; lastKnownFileType = sourcecode.swift; path = SoccerPosition.swift; sourceTree = "<group>"; };
		E778A08F2C9A6F6B00B6117D /* Formation.swift */ = {isa = PBXFileReference; lastKnownFileType = sourcecode.swift; path = Formation.swift; sourceTree = "<group>"; };
		E778A0912C9AAEC400B6117D /* PredictionPlayerBottomSheetView.swift */ = {isa = PBXFileReference; lastKnownFileType = sourcecode.swift; path = PredictionPlayerBottomSheetView.swift; sourceTree = "<group>"; };
		E779705D2CA59C5800DA5C00 /* MatchEventCardView.swift */ = {isa = PBXFileReference; lastKnownFileType = sourcecode.swift; path = MatchEventCardView.swift; sourceTree = "<group>"; };
		E779705F2CA5B3BF00DA5C00 /* DiaryEventCardView.swift */ = {isa = PBXFileReference; lastKnownFileType = sourcecode.swift; path = DiaryEventCardView.swift; sourceTree = "<group>"; };
		E77970612CA5B93300DA5C00 /* MatchCardView.swift */ = {isa = PBXFileReference; lastKnownFileType = sourcecode.swift; path = MatchCardView.swift; sourceTree = "<group>"; };
		E77970662CA6774200DA5C00 /* HomeAPI.swift */ = {isa = PBXFileReference; lastKnownFileType = sourcecode.swift; path = HomeAPI.swift; sourceTree = "<group>"; };
		E77970682CA6775D00DA5C00 /* HomeService.swift */ = {isa = PBXFileReference; lastKnownFileType = sourcecode.swift; path = HomeService.swift; sourceTree = "<group>"; };
		E779706A2CA69F5600DA5C00 /* HomeResponse.swift */ = {isa = PBXFileReference; lastKnownFileType = sourcecode.swift; path = HomeResponse.swift; sourceTree = "<group>"; };
		E779706C2CA6A5ED00DA5C00 /* HomeViewModel.swift */ = {isa = PBXFileReference; lastKnownFileType = sourcecode.swift; path = HomeViewModel.swift; sourceTree = "<group>"; };
		E779706F2CA83F8F00DA5C00 /* HomeMatch.swift */ = {isa = PBXFileReference; lastKnownFileType = sourcecode.swift; path = HomeMatch.swift; sourceTree = "<group>"; };
		E77970712CA8403100DA5C00 /* HomeDiary.swift */ = {isa = PBXFileReference; lastKnownFileType = sourcecode.swift; path = HomeDiary.swift; sourceTree = "<group>"; };
		E78C45842C03263800E5AE40 /* WinningTeamPrediction.swift */ = {isa = PBXFileReference; lastKnownFileType = sourcecode.swift; path = WinningTeamPrediction.swift; sourceTree = "<group>"; };
		E79553BB2C0C760600261DAF /* Font+.swift */ = {isa = PBXFileReference; lastKnownFileType = sourcecode.swift; path = "Font+.swift"; sourceTree = "<group>"; };
		E79553BE2C0C78B700261DAF /* Pretendard-Bold.otf */ = {isa = PBXFileReference; lastKnownFileType = file; path = "Pretendard-Bold.otf"; sourceTree = "<group>"; };
		E79553BF2C0C78B700261DAF /* Pretendard-Medium.otf */ = {isa = PBXFileReference; lastKnownFileType = file; path = "Pretendard-Medium.otf"; sourceTree = "<group>"; };
		E79553C02C0C78B700261DAF /* Pretendard-SemiBold.otf */ = {isa = PBXFileReference; lastKnownFileType = file; path = "Pretendard-SemiBold.otf"; sourceTree = "<group>"; };
		E79553C42C0C7BC000261DAF /* Info.plist */ = {isa = PBXFileReference; lastKnownFileType = text.plist.xml; path = Info.plist; sourceTree = "<group>"; };
		E79553C72C0CA04C00261DAF /* TextStyle.swift */ = {isa = PBXFileReference; lastKnownFileType = sourcecode.swift; path = TextStyle.swift; sourceTree = "<group>"; };
		E79553D12C0CB29500261DAF /* LinearGradient+.swift */ = {isa = PBXFileReference; lastKnownFileType = sourcecode.swift; path = "LinearGradient+.swift"; sourceTree = "<group>"; };
		E79AFF6D2BEDC8DC004CAF75 /* KickIt.app */ = {isa = PBXFileReference; explicitFileType = wrapper.application; includeInIndex = 0; path = KickIt.app; sourceTree = BUILT_PRODUCTS_DIR; };
		E79AFF702BEDC8DC004CAF75 /* KickItApp.swift */ = {isa = PBXFileReference; lastKnownFileType = sourcecode.swift; path = KickItApp.swift; sourceTree = "<group>"; };
		E79AFF742BEDC8DD004CAF75 /* Assets.xcassets */ = {isa = PBXFileReference; lastKnownFileType = folder.assetcatalog; path = Assets.xcassets; sourceTree = "<group>"; };
		E79AFF772BEDC8DD004CAF75 /* Preview Assets.xcassets */ = {isa = PBXFileReference; lastKnownFileType = folder.assetcatalog; path = "Preview Assets.xcassets"; sourceTree = "<group>"; };
		E79AFF802BEDDCBD004CAF75 /* ContentView.swift */ = {isa = PBXFileReference; lastKnownFileType = sourcecode.swift; path = ContentView.swift; sourceTree = "<group>"; };
		E79AFF882BEDDE24004CAF75 /* Home.swift */ = {isa = PBXFileReference; lastKnownFileType = sourcecode.swift; path = Home.swift; sourceTree = "<group>"; };
		E79AFF8C2BEDDEFD004CAF75 /* MatchCalendar.swift */ = {isa = PBXFileReference; lastKnownFileType = sourcecode.swift; path = MatchCalendar.swift; sourceTree = "<group>"; };
		E79AFF902BEDDFC2004CAF75 /* SoccerDiary.swift */ = {isa = PBXFileReference; lastKnownFileType = sourcecode.swift; path = SoccerDiary.swift; sourceTree = "<group>"; };
		E79AFF932BEE0934004CAF75 /* CustomDatePicker.swift */ = {isa = PBXFileReference; lastKnownFileType = sourcecode.swift; path = CustomDatePicker.swift; sourceTree = "<group>"; };
		E79AFF962BEE6B7B004CAF75 /* CustomDate.swift */ = {isa = PBXFileReference; lastKnownFileType = sourcecode.swift; path = CustomDate.swift; sourceTree = "<group>"; };
		E79AFF9A2BEF7982004CAF75 /* Date+.swift */ = {isa = PBXFileReference; lastKnownFileType = sourcecode.swift; path = "Date+.swift"; sourceTree = "<group>"; };
		E79AFF9C2BEF8A86004CAF75 /* SoccerMatchRow.swift */ = {isa = PBXFileReference; lastKnownFileType = sourcecode.swift; path = SoccerMatchRow.swift; sourceTree = "<group>"; };
		E79AFFA02BEF8F1B004CAF75 /* LoadableImage.swift */ = {isa = PBXFileReference; lastKnownFileType = sourcecode.swift; path = LoadableImage.swift; sourceTree = "<group>"; };
		E79BF2B82C9AB0A900302BB8 /* MainView.swift */ = {isa = PBXFileReference; lastKnownFileType = sourcecode.swift; path = MainView.swift; sourceTree = "<group>"; };
		E79BF2BA2C9AB0D300302BB8 /* MainViewModel.swift */ = {isa = PBXFileReference; lastKnownFileType = sourcecode.swift; path = MainViewModel.swift; sourceTree = "<group>"; };
		E79EE75D2BF8A073005CEF80 /* SoccerMatchInfo.swift */ = {isa = PBXFileReference; lastKnownFileType = sourcecode.swift; path = SoccerMatchInfo.swift; sourceTree = "<group>"; };
		E79EE75F2BF8E5A5005CEF80 /* PredictionPanel.swift */ = {isa = PBXFileReference; lastKnownFileType = sourcecode.swift; path = PredictionPanel.swift; sourceTree = "<group>"; };
		E7A448D12C18239500F611A6 /* DragIndicator.swift */ = {isa = PBXFileReference; lastKnownFileType = sourcecode.swift; path = DragIndicator.swift; sourceTree = "<group>"; };
		E7A6A0652C95B7A60008447D /* SettingFavView.swift */ = {isa = PBXFileReference; fileEncoding = 4; lastKnownFileType = sourcecode.swift; path = SettingFavView.swift; sourceTree = "<group>"; };
		E7A6A0662C95B7A60008447D /* LoginView.swift */ = {isa = PBXFileReference; fileEncoding = 4; lastKnownFileType = sourcecode.swift; path = LoginView.swift; sourceTree = "<group>"; };
		E7A6A0672C95B7A60008447D /* SettingNameView.swift */ = {isa = PBXFileReference; fileEncoding = 4; lastKnownFileType = sourcecode.swift; path = SettingNameView.swift; sourceTree = "<group>"; };
		E7A6A0682C95B7A60008447D /* AcceptingVIew.swift */ = {isa = PBXFileReference; fileEncoding = 4; lastKnownFileType = sourcecode.swift; path = AcceptingVIew.swift; sourceTree = "<group>"; };
		E7A6A0712C95B8290008447D /* SplashView.swift */ = {isa = PBXFileReference; lastKnownFileType = sourcecode.swift; path = SplashView.swift; sourceTree = "<group>"; };
		E7A6A0752C95BA030008447D /* SettingFavViewModel.swift */ = {isa = PBXFileReference; lastKnownFileType = sourcecode.swift; path = SettingFavViewModel.swift; sourceTree = "<group>"; };
		E7A6A0772C95BA240008447D /* SettingNameViewModel.swift */ = {isa = PBXFileReference; lastKnownFileType = sourcecode.swift; path = SettingNameViewModel.swift; sourceTree = "<group>"; };
		E7A6A0792C95BA630008447D /* AcceptingViewModel.swift */ = {isa = PBXFileReference; lastKnownFileType = sourcecode.swift; path = AcceptingViewModel.swift; sourceTree = "<group>"; };
		E7ABF3D42C58A987001BAE0F /* User.swift */ = {isa = PBXFileReference; lastKnownFileType = sourcecode.swift; path = User.swift; sourceTree = "<group>"; };
		E7ABF3D62C58AFC7001BAE0F /* MatchResultView.swift */ = {isa = PBXFileReference; lastKnownFileType = sourcecode.swift; path = MatchResultView.swift; sourceTree = "<group>"; };
		E7ABF3D82C58B252001BAE0F /* MatchResultViewModel.swift */ = {isa = PBXFileReference; lastKnownFileType = sourcecode.swift; path = MatchResultViewModel.swift; sourceTree = "<group>"; };
		E7ADBF6D2C5727F100E877C5 /* FanListView.swift */ = {isa = PBXFileReference; lastKnownFileType = sourcecode.swift; path = FanListView.swift; sourceTree = "<group>"; };
		E7ADBF6F2C57281600E877C5 /* OtherViewModels.swift */ = {isa = PBXFileReference; lastKnownFileType = sourcecode.swift; path = OtherViewModels.swift; sourceTree = "<group>"; };
		E7ADBF712C5728EE00E877C5 /* ViewerStatsView.swift */ = {isa = PBXFileReference; lastKnownFileType = sourcecode.swift; path = ViewerStatsView.swift; sourceTree = "<group>"; };
		E7ADBF732C5729A600E877C5 /* ViewerHRStatsView.swift */ = {isa = PBXFileReference; lastKnownFileType = sourcecode.swift; path = ViewerHRStatsView.swift; sourceTree = "<group>"; };
		E7ADBF752C5753A300E877C5 /* HeartRateAPI.swift */ = {isa = PBXFileReference; lastKnownFileType = sourcecode.swift; path = HeartRateAPI.swift; sourceTree = "<group>"; };
		E7ADBF772C5756DD00E877C5 /* HeartRateService.swift */ = {isa = PBXFileReference; lastKnownFileType = sourcecode.swift; path = HeartRateService.swift; sourceTree = "<group>"; };
		E7ADBF7A2C57667A00E877C5 /* HeartRateProtocol.swift */ = {isa = PBXFileReference; lastKnownFileType = sourcecode.swift; path = HeartRateProtocol.swift; sourceTree = "<group>"; };
		E7ADBF8E2C57ACC500E877C5 /* MatchEventModel.swift */ = {isa = PBXFileReference; lastKnownFileType = sourcecode.swift; path = MatchEventModel.swift; sourceTree = "<group>"; };
		E7ADBF922C57B45600E877C5 /* MatchEventAPI.swift */ = {isa = PBXFileReference; lastKnownFileType = sourcecode.swift; path = MatchEventAPI.swift; sourceTree = "<group>"; };
		E7ADBF942C57B5B700E877C5 /* MatchEventService.swift */ = {isa = PBXFileReference; lastKnownFileType = sourcecode.swift; path = MatchEventService.swift; sourceTree = "<group>"; };
		E7ADBF962C57B5F600E877C5 /* MatchEventViewModel.swift */ = {isa = PBXFileReference; lastKnownFileType = sourcecode.swift; path = MatchEventViewModel.swift; sourceTree = "<group>"; };
		E7ADBF982C57BAF300E877C5 /* TimelineEventView.swift */ = {isa = PBXFileReference; lastKnownFileType = sourcecode.swift; path = TimelineEventView.swift; sourceTree = "<group>"; };
		E7ADBF9A2C57BB3400E877C5 /* TimelineEventRowView.swift */ = {isa = PBXFileReference; lastKnownFileType = sourcecode.swift; path = TimelineEventRowView.swift; sourceTree = "<group>"; };
		E7B13FF92C85E98500CB351E /* KeyChain.swift */ = {isa = PBXFileReference; lastKnownFileType = sourcecode.swift; path = KeyChain.swift; sourceTree = "<group>"; };
		E7B13FFB2C85E9EF00CB351E /* KeyChainKeys.swift */ = {isa = PBXFileReference; lastKnownFileType = sourcecode.swift; path = KeyChainKeys.swift; sourceTree = "<group>"; };
		E7B13FFD2C85EAC600CB351E /* Secrets.xcconfig */ = {isa = PBXFileReference; lastKnownFileType = text.xcconfig; path = Secrets.xcconfig; sourceTree = "<group>"; };
		E7B13FFF2C85EE2100CB351E /* MyRequestInterceptor.swift */ = {isa = PBXFileReference; lastKnownFileType = sourcecode.swift; path = MyRequestInterceptor.swift; sourceTree = "<group>"; };
		E7B140022C85F48400CB351E /* SoccerMatchMonthlyRequest.swift */ = {isa = PBXFileReference; lastKnownFileType = sourcecode.swift; path = SoccerMatchMonthlyRequest.swift; sourceTree = "<group>"; };
		E7B140042C85F66500CB351E /* SoccerMatchDailyRequest.swift */ = {isa = PBXFileReference; lastKnownFileType = sourcecode.swift; path = SoccerMatchDailyRequest.swift; sourceTree = "<group>"; };
		E7B140062C8745D900CB351E /* HeartRateStatisticsRequest.swift */ = {isa = PBXFileReference; lastKnownFileType = sourcecode.swift; path = HeartRateStatisticsRequest.swift; sourceTree = "<group>"; };
		E7B140082C8746B500CB351E /* HeartRateStatisticsResponse.swift */ = {isa = PBXFileReference; lastKnownFileType = sourcecode.swift; path = HeartRateStatisticsResponse.swift; sourceTree = "<group>"; };
		E7B1400A2C87F05600CB351E /* HeartRateMatchEvent.swift */ = {isa = PBXFileReference; lastKnownFileType = sourcecode.swift; path = HeartRateMatchEvent.swift; sourceTree = "<group>"; };
		E7B1400C2C87F15400CB351E /* HeartRate.swift */ = {isa = PBXFileReference; lastKnownFileType = sourcecode.swift; path = HeartRate.swift; sourceTree = "<group>"; };
		E7B1400E2C87F2B900CB351E /* HeartRateRecord.swift */ = {isa = PBXFileReference; lastKnownFileType = sourcecode.swift; path = HeartRateRecord.swift; sourceTree = "<group>"; };
		E7D21AEF2C9801F100FF8907 /* UserService.swift */ = {isa = PBXFileReference; lastKnownFileType = sourcecode.swift; path = UserService.swift; sourceTree = "<group>"; };
		E7D21AF12C98062100FF8907 /* UserAPI.swift */ = {isa = PBXFileReference; lastKnownFileType = sourcecode.swift; path = UserAPI.swift; sourceTree = "<group>"; };
		E7D311872C036F8F0070A31D /* VerticalBarChart.swift */ = {isa = PBXFileReference; lastKnownFileType = sourcecode.swift; path = VerticalBarChart.swift; sourceTree = "<group>"; };
		E7D7E7452C0CDA6800554EA7 /* SoccerMatchDailyResponse.swift */ = {isa = PBXFileReference; lastKnownFileType = sourcecode.swift; path = SoccerMatchDailyResponse.swift; sourceTree = "<group>"; };
		E7DBC0DB2C0CDBBE008D4300 /* MatchCalendarViewModelProtocol.swift */ = {isa = PBXFileReference; lastKnownFileType = sourcecode.swift; path = MatchCalendarViewModelProtocol.swift; sourceTree = "<group>"; };
		E7DBC0DD2C0CDBFB008D4300 /* MatchCalendarViewModel.swift */ = {isa = PBXFileReference; lastKnownFileType = sourcecode.swift; path = MatchCalendarViewModel.swift; sourceTree = "<group>"; };
		E7DBC0DF2C0DC0E3008D4300 /* CommonResponse.swift */ = {isa = PBXFileReference; lastKnownFileType = sourcecode.swift; path = CommonResponse.swift; sourceTree = "<group>"; };
		E7DBC0E12C0DC17A008D4300 /* NetworkConstants.swift */ = {isa = PBXFileReference; lastKnownFileType = sourcecode.swift; path = NetworkConstants.swift; sourceTree = "<group>"; };
		E7DBC0EC2C0DD9FD008D4300 /* APIConstants.swift */ = {isa = PBXFileReference; lastKnownFileType = sourcecode.swift; path = APIConstants.swift; sourceTree = "<group>"; };
		E7DBC0F12C0DE431008D4300 /* BaseAPI.swift */ = {isa = PBXFileReference; lastKnownFileType = sourcecode.swift; path = BaseAPI.swift; sourceTree = "<group>"; };
		E7DBC0F42C0DE4CB008D4300 /* NetworkError.swift */ = {isa = PBXFileReference; lastKnownFileType = sourcecode.swift; path = NetworkError.swift; sourceTree = "<group>"; };
		E7DBC0F62C0DE519008D4300 /* TargetType.swift */ = {isa = PBXFileReference; lastKnownFileType = sourcecode.swift; path = TargetType.swift; sourceTree = "<group>"; };
		E7DBC0F82C0DE7AE008D4300 /* APIEventLogger.swift */ = {isa = PBXFileReference; lastKnownFileType = sourcecode.swift; path = APIEventLogger.swift; sourceTree = "<group>"; };
		E7DBC0FA2C0E0F87008D4300 /* MatchCalendarAPI.swift */ = {isa = PBXFileReference; lastKnownFileType = sourcecode.swift; path = MatchCalendarAPI.swift; sourceTree = "<group>"; };
		E7DBC1002C0E1531008D4300 /* MatchCalendarService.swift */ = {isa = PBXFileReference; lastKnownFileType = sourcecode.swift; path = MatchCalendarService.swift; sourceTree = "<group>"; };
		E7DBC1042C0EE77A008D4300 /* MyPage.swift */ = {isa = PBXFileReference; lastKnownFileType = sourcecode.swift; path = MyPage.swift; sourceTree = "<group>"; };
		E7DBC1092C0F036B008D4300 /* DesignChip.swift */ = {isa = PBXFileReference; lastKnownFileType = sourcecode.swift; path = DesignChip.swift; sourceTree = "<group>"; };
		E7DBC10B2C0F0F85008D4300 /* RadioButtonGroup.swift */ = {isa = PBXFileReference; lastKnownFileType = sourcecode.swift; path = RadioButtonGroup.swift; sourceTree = "<group>"; };
		E7DBC10D2C0F10C7008D4300 /* RadioButton.swift */ = {isa = PBXFileReference; lastKnownFileType = sourcecode.swift; path = RadioButton.swift; sourceTree = "<group>"; };
		E7DBC10F2C103982008D4300 /* SoccerMatch.swift */ = {isa = PBXFileReference; lastKnownFileType = sourcecode.swift; path = SoccerMatch.swift; sourceTree = "<group>"; };
		E7DBC1112C1039D0008D4300 /* SoccerTeam.swift */ = {isa = PBXFileReference; lastKnownFileType = sourcecode.swift; path = SoccerTeam.swift; sourceTree = "<group>"; };
		E7E869142C568C7200DFBA85 /* HeartRateRecordModel.swift */ = {isa = PBXFileReference; lastKnownFileType = sourcecode.swift; path = HeartRateRecordModel.swift; sourceTree = "<group>"; };
		E7E869162C568C9400DFBA85 /* HeartRateViewModel.swift */ = {isa = PBXFileReference; lastKnownFileType = sourcecode.swift; path = HeartRateViewModel.swift; sourceTree = "<group>"; };
		E7E869182C568CDD00DFBA85 /* HeartRateView.swift */ = {isa = PBXFileReference; lastKnownFileType = sourcecode.swift; path = HeartRateView.swift; sourceTree = "<group>"; };
		E7E8691A2C568D1300DFBA85 /* LineChartView.swift */ = {isa = PBXFileReference; lastKnownFileType = sourcecode.swift; path = LineChartView.swift; sourceTree = "<group>"; };
		E7FFA05E2C9EB7CC001FE588 /* SoccerTeamRequest.swift */ = {isa = PBXFileReference; lastKnownFileType = sourcecode.swift; path = SoccerTeamRequest.swift; sourceTree = "<group>"; };
		E7FFA0602C9EBBE1001FE588 /* SignUpData.swift */ = {isa = PBXFileReference; lastKnownFileType = sourcecode.swift; path = SignUpData.swift; sourceTree = "<group>"; };
/* End PBXFileReference section */

/* Begin PBXFrameworksBuildPhase section */
		E79AFF6A2BEDC8DC004CAF75 /* Frameworks */ = {
			isa = PBXFrameworksBuildPhase;
			buildActionMask = 2147483647;
			files = (
				E76F765F2C1487A900BCD566 /* Alamofire in Frameworks */,
			);
			runOnlyForDeploymentPostprocessing = 0;
		};
/* End PBXFrameworksBuildPhase section */

/* Begin PBXGroup section */
		E708EB4A2BF5D4E800AE526C /* Helpers */ = {
			isa = PBXGroup;
			children = (
				E7ADBF9A2C57BB3400E877C5 /* TimelineEventRowView.swift */,
				E7ABF3D62C58AFC7001BAE0F /* MatchResultView.swift */,
				E7E8691A2C568D1300DFBA85 /* LineChartView.swift */,
				E7ADBF6D2C5727F100E877C5 /* FanListView.swift */,
				E7ADBF712C5728EE00E877C5 /* ViewerStatsView.swift */,
				E7ADBF732C5729A600E877C5 /* ViewerHRStatsView.swift */,
				E79EE75F2BF8E5A5005CEF80 /* PredictionPanel.swift */,
				E7D311872C036F8F0070A31D /* VerticalBarChart.swift */,
				E778A0812C97BC3100B6117D /* PredictionQuestionView.swift */,
				E778A0832C97F3FD00B6117D /* StartingLineupPredictionView.swift */,
				E778A0852C97FCC200B6117D /* FormationRowView.swift */,
				E778A0872C98194B00B6117D /* PredictionPlayerCardView.swift */,
				E778A0892C981F3600B6117D /* PredictionPlayerSelectedCardView.swift */,
				E778A08B2C99633D00B6117D /* PredictionPlayerView.swift */,
				E778A0912C9AAEC400B6117D /* PredictionPlayerBottomSheetView.swift */,
			);
			path = Helpers;
			sourceTree = "<group>";
		};
		E779705C2CA59C3F00DA5C00 /* Helpers */ = {
			isa = PBXGroup;
			children = (
				E779705D2CA59C5800DA5C00 /* MatchEventCardView.swift */,
				E779705F2CA5B3BF00DA5C00 /* DiaryEventCardView.swift */,
				E77970612CA5B93300DA5C00 /* MatchCardView.swift */,
			);
			path = Helpers;
			sourceTree = "<group>";
		};
		E77970632CA6760A00DA5C00 /* ViewModels */ = {
			isa = PBXGroup;
			children = (
				E779706C2CA6A5ED00DA5C00 /* HomeViewModel.swift */,
			);
			path = ViewModels;
			sourceTree = "<group>";
		};
		E779706E2CA83F8600DA5C00 /* Models */ = {
			isa = PBXGroup;
			children = (
				E779706F2CA83F8F00DA5C00 /* HomeMatch.swift */,
				E77970712CA8403100DA5C00 /* HomeDiary.swift */,
			);
			path = Models;
			sourceTree = "<group>";
		};
		E79553B62C0C6AFC00261DAF /* App */ = {
			isa = PBXGroup;
			children = (
				E79553B72C0C6B0600261DAF /* iOS */,
			);
			path = App;
			sourceTree = "<group>";
		};
		E79553B72C0C6B0600261DAF /* iOS */ = {
			isa = PBXGroup;
			children = (
				E79AFF702BEDC8DC004CAF75 /* KickItApp.swift */,
				E79553C42C0C7BC000261DAF /* Info.plist */,
				E79AFF742BEDC8DD004CAF75 /* Assets.xcassets */,
			);
			path = iOS;
			sourceTree = "<group>";
		};
		E79553B82C0C749B00261DAF /* Utils */ = {
			isa = PBXGroup;
			children = (
				E79AFF9A2BEF7982004CAF75 /* Date+.swift */,
				E79553BB2C0C760600261DAF /* Font+.swift */,
				E79553C72C0CA04C00261DAF /* TextStyle.swift */,
				E79553D12C0CB29500261DAF /* LinearGradient+.swift */,
				E7592AA72CA93FDA008E9E6E /* Shadow+.swift */,
			);
			path = Utils;
			sourceTree = "<group>";
		};
		E79553BD2C0C786600261DAF /* Font */ = {
			isa = PBXGroup;
			children = (
				E79553BE2C0C78B700261DAF /* Pretendard-Bold.otf */,
				E79553C02C0C78B700261DAF /* Pretendard-SemiBold.otf */,
				E79553BF2C0C78B700261DAF /* Pretendard-Medium.otf */,
			);
			path = Font;
			sourceTree = "<group>";
		};
		E79AFF642BEDC8DC004CAF75 = {
			isa = PBXGroup;
			children = (
				E79AFF6F2BEDC8DC004CAF75 /* KickIt */,
				E79AFF6E2BEDC8DC004CAF75 /* Products */,
			);
			sourceTree = "<group>";
		};
		E79AFF6E2BEDC8DC004CAF75 /* Products */ = {
			isa = PBXGroup;
			children = (
				E79AFF6D2BEDC8DC004CAF75 /* KickIt.app */,
			);
			name = Products;
			sourceTree = "<group>";
		};
		E79AFF6F2BEDC8DC004CAF75 /* KickIt */ = {
			isa = PBXGroup;
			children = (
				E722770F2BF8917900DE9A7C /* KickIt.entitlements */,
				E79553B62C0C6AFC00261DAF /* App */,
				E79AFF7E2BEDDC76004CAF75 /* Global */,
				E7D7E7412C0CDA4800554EA7 /* Network */,
				E79AFF822BEDDD96004CAF75 /* Screen */,
				E79AFF762BEDC8DD004CAF75 /* Preview Content */,
			);
			path = KickIt;
			sourceTree = "<group>";
		};
		E79AFF762BEDC8DD004CAF75 /* Preview Content */ = {
			isa = PBXGroup;
			children = (
				E79AFF772BEDC8DD004CAF75 /* Preview Assets.xcassets */,
			);
			path = "Preview Content";
			sourceTree = "<group>";
		};
		E79AFF7E2BEDDC76004CAF75 /* Global */ = {
			isa = PBXGroup;
			children = (
				E79AFF952BEE6A2F004CAF75 /* Models */,
				E79AFF922BEE08F0004CAF75 /* Helpers */,
				E79AFF7F2BEDDC86004CAF75 /* Views */,
				E7B13FF82C85E97600CB351E /* Config */,
				E79553BD2C0C786600261DAF /* Font */,
				E79553B82C0C749B00261DAF /* Utils */,
			);
			path = Global;
			sourceTree = "<group>";
		};
		E79AFF7F2BEDDC86004CAF75 /* Views */ = {
			isa = PBXGroup;
			children = (
				E79AFF802BEDDCBD004CAF75 /* ContentView.swift */,
				E79AFF932BEE0934004CAF75 /* CustomDatePicker.swift */,
				E79AFF9C2BEF8A86004CAF75 /* SoccerMatchRow.swift */,
			);
			path = Views;
			sourceTree = "<group>";
		};
		E79AFF822BEDDD96004CAF75 /* Screen */ = {
			isa = PBXGroup;
			children = (
				E79AFF852BEDDDAD004CAF75 /* Splash */,
				E79AFF832BEDDDA3004CAF75 /* Home */,
				E79AFF8A2BEDDEBD004CAF75 /* MatchCalendar */,
				E79AFF8E2BEDDF96004CAF75 /* SoccerDiary */,
				E7DBC1022C0EE75C008D4300 /* MyPage */,
			);
			path = Screen;
			sourceTree = "<group>";
		};
		E79AFF832BEDDDA3004CAF75 /* Home */ = {
			isa = PBXGroup;
			children = (
				E779706E2CA83F8600DA5C00 /* Models */,
				E779705C2CA59C3F00DA5C00 /* Helpers */,
				E79AFF842BEDDDA8004CAF75 /* Views */,
				E77970632CA6760A00DA5C00 /* ViewModels */,
			);
			path = Home;
			sourceTree = "<group>";
		};
		E79AFF842BEDDDA8004CAF75 /* Views */ = {
			isa = PBXGroup;
			children = (
				E79AFF882BEDDE24004CAF75 /* Home.swift */,
			);
			path = Views;
			sourceTree = "<group>";
		};
		E79AFF852BEDDDAD004CAF75 /* Splash */ = {
			isa = PBXGroup;
			children = (
				E7A6A0742C95B9F40008447D /* ViewModels */,
				E79AFF862BEDDDB2004CAF75 /* Views */,
			);
			path = Splash;
			sourceTree = "<group>";
		};
		E79AFF862BEDDDB2004CAF75 /* Views */ = {
			isa = PBXGroup;
			children = (
				E79BF2B82C9AB0A900302BB8 /* MainView.swift */,
				E7A6A0712C95B8290008447D /* SplashView.swift */,
				E7A6A0662C95B7A60008447D /* LoginView.swift */,
				E7A6A0672C95B7A60008447D /* SettingNameView.swift */,
				E7A6A0652C95B7A60008447D /* SettingFavView.swift */,
				E7A6A0682C95B7A60008447D /* AcceptingVIew.swift */,
			);
			path = Views;
			sourceTree = "<group>";
		};
		E79AFF8A2BEDDEBD004CAF75 /* MatchCalendar */ = {
			isa = PBXGroup;
			children = (
				E7ADBF7D2C5777F600E877C5 /* Models */,
				E708EB4A2BF5D4E800AE526C /* Helpers */,
				E79AFF8B2BEDDEE7004CAF75 /* Views */,
				E7D7E7492C0CDAC600554EA7 /* ViewModels */,
			);
			path = MatchCalendar;
			sourceTree = "<group>";
		};
		E79AFF8B2BEDDEE7004CAF75 /* Views */ = {
			isa = PBXGroup;
			children = (
				E7ADBF982C57BAF300E877C5 /* TimelineEventView.swift */,
				E7E869182C568CDD00DFBA85 /* HeartRateView.swift */,
				E79AFF8C2BEDDEFD004CAF75 /* MatchCalendar.swift */,
				E79EE75D2BF8A073005CEF80 /* SoccerMatchInfo.swift */,
				E78C45842C03263800E5AE40 /* WinningTeamPrediction.swift */,
				E764F9B02C15F8D500A2822A /* FinishWinningTeamPrediction.swift */,
				E778A07F2C97B78700B6117D /* StartingLineupPrediction.swift */,
			);
			path = Views;
			sourceTree = "<group>";
		};
		E79AFF8E2BEDDF96004CAF75 /* SoccerDiary */ = {
			isa = PBXGroup;
			children = (
				E79AFF8F2BEDDFB4004CAF75 /* Views */,
			);
			path = SoccerDiary;
			sourceTree = "<group>";
		};
		E79AFF8F2BEDDFB4004CAF75 /* Views */ = {
			isa = PBXGroup;
			children = (
				E79AFF902BEDDFC2004CAF75 /* SoccerDiary.swift */,
			);
			path = Views;
			sourceTree = "<group>";
		};
		E79AFF922BEE08F0004CAF75 /* Helpers */ = {
			isa = PBXGroup;
			children = (
				E79AFFA02BEF8F1B004CAF75 /* LoadableImage.swift */,
				E708EB532BF5D5F800AE526C /* DesignWideButton.swift */,
				E76391762C0377D600B565BE /* DesignHalfButton.swift */,
				E7DBC1092C0F036B008D4300 /* DesignChip.swift */,
				E7DBC10B2C0F0F85008D4300 /* RadioButtonGroup.swift */,
				E7DBC10D2C0F10C7008D4300 /* RadioButton.swift */,
				E764F98C2C14B79A00A2822A /* SpecificRoundedRectangle.swift */,
				E7A448D12C18239500F611A6 /* DragIndicator.swift */,
			);
			path = Helpers;
			sourceTree = "<group>";
		};
		E79AFF952BEE6A2F004CAF75 /* Models */ = {
			isa = PBXGroup;
			children = (
				E7ABF3D42C58A987001BAE0F /* User.swift */,
				E79AFF962BEE6B7B004CAF75 /* CustomDate.swift */,
				E7DBC1112C1039D0008D4300 /* SoccerTeam.swift */,
				E7DBC10F2C103982008D4300 /* SoccerMatch.swift */,
				E764F9B42C15FD0900A2822A /* WinningPrediction.swift */,
			);
			path = Models;
			sourceTree = "<group>";
		};
		E7A6A0742C95B9F40008447D /* ViewModels */ = {
			isa = PBXGroup;
			children = (
				E79BF2BA2C9AB0D300302BB8 /* MainViewModel.swift */,
				E7A6A0772C95BA240008447D /* SettingNameViewModel.swift */,
				E7A6A0752C95BA030008447D /* SettingFavViewModel.swift */,
				E7A6A0792C95BA630008447D /* AcceptingViewModel.swift */,
			);
			path = ViewModels;
			sourceTree = "<group>";
		};
		E7ADBF7D2C5777F600E877C5 /* Models */ = {
			isa = PBXGroup;
			children = (
				E7ADBF8E2C57ACC500E877C5 /* MatchEventModel.swift */,
				E7E869142C568C7200DFBA85 /* HeartRateRecordModel.swift */,
				E7B1400A2C87F05600CB351E /* HeartRateMatchEvent.swift */,
				E7B1400C2C87F15400CB351E /* HeartRate.swift */,
				E7B1400E2C87F2B900CB351E /* HeartRateRecord.swift */,
				E778A0672C8DDD0600B6117D /* HeartRateStatistics.swift */,
				E778A0752C94540300B6117D /* StartingLineupPlayer.swift */,
				E778A0772C945B0E00B6117D /* UserStartingLineupPrediction.swift */,
				E778A0792C945B9800B6117D /* SoccerPlayer.swift */,
				E778A08D2C9A6EB900B6117D /* SoccerPosition.swift */,
				E778A08F2C9A6F6B00B6117D /* Formation.swift */,
			);
			path = Models;
			sourceTree = "<group>";
		};
		E7B13FF82C85E97600CB351E /* Config */ = {
			isa = PBXGroup;
			children = (
				E7B13FF92C85E98500CB351E /* KeyChain.swift */,
				E7B13FFB2C85E9EF00CB351E /* KeyChainKeys.swift */,
			);
			path = Config;
			sourceTree = "<group>";
		};
		E7B140012C85F47000CB351E /* Request */ = {
			isa = PBXGroup;
			children = (
				E7B140042C85F66500CB351E /* SoccerMatchDailyRequest.swift */,
				E7B140022C85F48400CB351E /* SoccerMatchMonthlyRequest.swift */,
				E7B140062C8745D900CB351E /* HeartRateStatisticsRequest.swift */,
				E778A06B2C91435100B6117D /* StartingLineupPredictionRequest.swift */,
				E7FFA05E2C9EB7CC001FE588 /* SoccerTeamRequest.swift */,
				E7FFA0602C9EBBE1001FE588 /* SignUpData.swift */,
			);
			path = Request;
			sourceTree = "<group>";
		};
		E7D7E7412C0CDA4800554EA7 /* Network */ = {
			isa = PBXGroup;
			children = (
				E7D7E7442C0CDA5A00554EA7 /* Models */,
				E7DBC0F02C0DE3F7008D4300 /* APIEssentials */,
				E7D7E7432C0CDA5600554EA7 /* APIManagers */,
				E7DBC0F32C0DE4B6008D4300 /* Bases */,
				E7D7E7422C0CDA5000554EA7 /* Services */,
			);
			path = Network;
			sourceTree = "<group>";
		};
		E7D7E7422C0CDA5000554EA7 /* Services */ = {
			isa = PBXGroup;
			children = (
				E7DBC1002C0E1531008D4300 /* MatchCalendarService.swift */,
				E7ADBF772C5756DD00E877C5 /* HeartRateService.swift */,
				E7ADBF942C57B5B700E877C5 /* MatchEventService.swift */,
				E778A0692C91431900B6117D /* StartingLineupPredictionService.swift */,
				E7D21AEF2C9801F100FF8907 /* UserService.swift */,
				E77970682CA6775D00DA5C00 /* HomeService.swift */,
			);
			path = Services;
			sourceTree = "<group>";
		};
		E7D7E7432C0CDA5600554EA7 /* APIManagers */ = {
			isa = PBXGroup;
			children = (
				E7DBC0FA2C0E0F87008D4300 /* MatchCalendarAPI.swift */,
				E7ADBF752C5753A300E877C5 /* HeartRateAPI.swift */,
				E7ADBF922C57B45600E877C5 /* MatchEventAPI.swift */,
				E778A0712C914E0C00B6117D /* StartingLineupPredictionAPI.swift */,
				E7D21AF12C98062100FF8907 /* UserAPI.swift */,
				E77970662CA6774200DA5C00 /* HomeAPI.swift */,
			);
			path = APIManagers;
			sourceTree = "<group>";
		};
		E7D7E7442C0CDA5A00554EA7 /* Models */ = {
			isa = PBXGroup;
			children = (
				E7B140012C85F47000CB351E /* Request */,
				E7DBC0FC2C0E13CF008D4300 /* Response */,
			);
			path = Models;
			sourceTree = "<group>";
		};
		E7D7E7492C0CDAC600554EA7 /* ViewModels */ = {
			isa = PBXGroup;
			children = (
				E7ADBF962C57B5F600E877C5 /* MatchEventViewModel.swift */,
				E7ABF3D82C58B252001BAE0F /* MatchResultViewModel.swift */,
				E7ADBF7A2C57667A00E877C5 /* HeartRateProtocol.swift */,
				E7E869162C568C9400DFBA85 /* HeartRateViewModel.swift */,
				E7ADBF6F2C57281600E877C5 /* OtherViewModels.swift */,
				E7DBC0DB2C0CDBBE008D4300 /* MatchCalendarViewModelProtocol.swift */,
				E7DBC0DD2C0CDBFB008D4300 /* MatchCalendarViewModel.swift */,
				E778A0732C94529D00B6117D /* StartingLineupPredictionViewModelProtocol.swift */,
				E778A07B2C945C8000B6117D /* StartingLineupPredictionViewModel.swift */,
			);
			path = ViewModels;
			sourceTree = "<group>";
		};
		E7DBC0F02C0DE3F7008D4300 /* APIEssentials */ = {
			isa = PBXGroup;
			children = (
				E7DBC0EC2C0DD9FD008D4300 /* APIConstants.swift */,
				E7DBC0DF2C0DC0E3008D4300 /* CommonResponse.swift */,
				E7DBC0E12C0DC17A008D4300 /* NetworkConstants.swift */,
			);
			path = APIEssentials;
			sourceTree = "<group>";
		};
		E7DBC0F32C0DE4B6008D4300 /* Bases */ = {
			isa = PBXGroup;
			children = (
				E7DBC0F82C0DE7AE008D4300 /* APIEventLogger.swift */,
				E7DBC0F12C0DE431008D4300 /* BaseAPI.swift */,
				E7B13FFF2C85EE2100CB351E /* MyRequestInterceptor.swift */,
				E7DBC0F42C0DE4CB008D4300 /* NetworkError.swift */,
				E7DBC0F62C0DE519008D4300 /* TargetType.swift */,
				E7B13FFD2C85EAC600CB351E /* Secrets.xcconfig */,
			);
			path = Bases;
			sourceTree = "<group>";
		};
		E7DBC0FC2C0E13CF008D4300 /* Response */ = {
			isa = PBXGroup;
			children = (
				E779706A2CA69F5600DA5C00 /* HomeResponse.swift */,
				E7D7E7452C0CDA6800554EA7 /* SoccerMatchDailyResponse.swift */,
				E758BA8B2C19CA0B006BFCF6 /* SoccerMatchMonthlyResponse.swift */,
				E7B140082C8746B500CB351E /* HeartRateStatisticsResponse.swift */,
				E778A06D2C9143C000B6117D /* StartingLineupPredictionResponse.swift */,
				E778A06F2C9144AF00B6117D /* SoccerPlayersResponse.swift */,
				E778A07D2C95454C00B6117D /* StartingLineupPredictionsResponse.swift */,
			);
			path = Response;
			sourceTree = "<group>";
		};
		E7DBC1022C0EE75C008D4300 /* MyPage */ = {
			isa = PBXGroup;
			children = (
				E7DBC1032C0EE76F008D4300 /* Views */,
			);
			path = MyPage;
			sourceTree = "<group>";
		};
		E7DBC1032C0EE76F008D4300 /* Views */ = {
			isa = PBXGroup;
			children = (
				E7DBC1042C0EE77A008D4300 /* MyPage.swift */,
			);
			path = Views;
			sourceTree = "<group>";
		};
/* End PBXGroup section */

/* Begin PBXNativeTarget section */
		E79AFF6C2BEDC8DC004CAF75 /* KickIt */ = {
			isa = PBXNativeTarget;
			buildConfigurationList = E79AFF7B2BEDC8DD004CAF75 /* Build configuration list for PBXNativeTarget "KickIt" */;
			buildPhases = (
				E79AFF692BEDC8DC004CAF75 /* Sources */,
				E79AFF6A2BEDC8DC004CAF75 /* Frameworks */,
				E79AFF6B2BEDC8DC004CAF75 /* Resources */,
			);
			buildRules = (
			);
			dependencies = (
			);
			name = KickIt;
			packageProductDependencies = (
				E76F765E2C1487A900BCD566 /* Alamofire */,
			);
			productName = KickIt;
			productReference = E79AFF6D2BEDC8DC004CAF75 /* KickIt.app */;
			productType = "com.apple.product-type.application";
		};
/* End PBXNativeTarget section */

/* Begin PBXProject section */
		E79AFF652BEDC8DC004CAF75 /* Project object */ = {
			isa = PBXProject;
			attributes = {
				BuildIndependentTargetsInParallel = 1;
				LastSwiftUpdateCheck = 1500;
				LastUpgradeCheck = 1500;
				TargetAttributes = {
					E79AFF6C2BEDC8DC004CAF75 = {
						CreatedOnToolsVersion = 15.0.1;
					};
				};
			};
			buildConfigurationList = E79AFF682BEDC8DC004CAF75 /* Build configuration list for PBXProject "KickIt" */;
			compatibilityVersion = "Xcode 14.0";
			developmentRegion = en;
			hasScannedForEncodings = 0;
			knownRegions = (
				en,
				Base,
			);
			mainGroup = E79AFF642BEDC8DC004CAF75;
			packageReferences = (
				E76F765D2C1487A900BCD566 /* XCRemoteSwiftPackageReference "Alamofire" */,
			);
			productRefGroup = E79AFF6E2BEDC8DC004CAF75 /* Products */;
			projectDirPath = "";
			projectRoot = "";
			targets = (
				E79AFF6C2BEDC8DC004CAF75 /* KickIt */,
			);
		};
/* End PBXProject section */

/* Begin PBXResourcesBuildPhase section */
		E79AFF6B2BEDC8DC004CAF75 /* Resources */ = {
			isa = PBXResourcesBuildPhase;
			buildActionMask = 2147483647;
			files = (
				E79AFF782BEDC8DD004CAF75 /* Preview Assets.xcassets in Resources */,
				E79553C12C0C78B700261DAF /* Pretendard-Bold.otf in Resources */,
				E7B13FFE2C85EAC600CB351E /* Secrets.xcconfig in Resources */,
				E79553C32C0C78B700261DAF /* Pretendard-SemiBold.otf in Resources */,
				E79AFF752BEDC8DD004CAF75 /* Assets.xcassets in Resources */,
				E79553C22C0C78B700261DAF /* Pretendard-Medium.otf in Resources */,
			);
			runOnlyForDeploymentPostprocessing = 0;
		};
/* End PBXResourcesBuildPhase section */

/* Begin PBXSourcesBuildPhase section */
		E79AFF692BEDC8DC004CAF75 /* Sources */ = {
			isa = PBXSourcesBuildPhase;
			buildActionMask = 2147483647;
			files = (
				E7DBC1082C0EE9AA008D4300 /* VerticalBarChart.swift in Sources */,
				E79BF2B92C9AB0A900302BB8 /* MainView.swift in Sources */,
				E7DBC1062C0EE9A4008D4300 /* SoccerDiary.swift in Sources */,
				E7A6A06D2C95B7A60008447D /* AcceptingVIew.swift in Sources */,
				E7E869172C568C9400DFBA85 /* HeartRateViewModel.swift in Sources */,
				E7B140002C85EE2100CB351E /* MyRequestInterceptor.swift in Sources */,
				E7DBC1122C1039D0008D4300 /* SoccerTeam.swift in Sources */,
				E7E869192C568CDD00DFBA85 /* HeartRateView.swift in Sources */,
				E7ADBF7B2C57667A00E877C5 /* HeartRateProtocol.swift in Sources */,
				E778A0822C97BC3100B6117D /* PredictionQuestionView.swift in Sources */,
				E7A6A0762C95BA030008447D /* SettingFavViewModel.swift in Sources */,
				E7A6A06B2C95B7A60008447D /* LoginView.swift in Sources */,
				E79553C82C0CA04C00261DAF /* TextStyle.swift in Sources */,
				E764F98D2C14B79A00A2822A /* SpecificRoundedRectangle.swift in Sources */,
				E778A06A2C91431900B6117D /* StartingLineupPredictionService.swift in Sources */,
				E79553BC2C0C760600261DAF /* Font+.swift in Sources */,
				E7B1400D2C87F15400CB351E /* HeartRate.swift in Sources */,
				E778A0762C94540300B6117D /* StartingLineupPlayer.swift in Sources */,
				E778A0702C9144AF00B6117D /* SoccerPlayersResponse.swift in Sources */,
				E778A07E2C95454C00B6117D /* StartingLineupPredictionsResponse.swift in Sources */,
				E7B140072C8745D900CB351E /* HeartRateStatisticsRequest.swift in Sources */,
				E7DBC1012C0E1531008D4300 /* MatchCalendarService.swift in Sources */,
				E7DBC10C2C0F0F85008D4300 /* RadioButtonGroup.swift in Sources */,
				E7DBC0E22C0DC17A008D4300 /* NetworkConstants.swift in Sources */,
				E7DBC0F52C0DE4CB008D4300 /* NetworkError.swift in Sources */,
				E7E869152C568C7200DFBA85 /* HeartRateRecordModel.swift in Sources */,
				E778A08E2C9A6EB900B6117D /* SoccerPosition.swift in Sources */,
				E7ADBF8F2C57ACC500E877C5 /* MatchEventModel.swift in Sources */,
				E779706D2CA6A5ED00DA5C00 /* HomeViewModel.swift in Sources */,
				E7ADBF9B2C57BB3400E877C5 /* TimelineEventRowView.swift in Sources */,
				E7A448D22C18239500F611A6 /* DragIndicator.swift in Sources */,
				E778A0782C945B0E00B6117D /* UserStartingLineupPrediction.swift in Sources */,
				E778A0882C98194B00B6117D /* PredictionPlayerCardView.swift in Sources */,
				E779705E2CA59C5800DA5C00 /* MatchEventCardView.swift in Sources */,
				E7DBC0FB2C0E0F87008D4300 /* MatchCalendarAPI.swift in Sources */,
				E79BF2BB2C9AB0D300302BB8 /* MainViewModel.swift in Sources */,
				E77970692CA6775D00DA5C00 /* HomeService.swift in Sources */,
				E79AFF9B2BEF7982004CAF75 /* Date+.swift in Sources */,
				E7DBC0DE2C0CDBFB008D4300 /* MatchCalendarViewModel.swift in Sources */,
				E7ADBF992C57BAF300E877C5 /* TimelineEventView.swift in Sources */,
				E79553D22C0CB29500261DAF /* LinearGradient+.swift in Sources */,
				E7ADBF972C57B5F600E877C5 /* MatchEventViewModel.swift in Sources */,
				E7B140092C8746B500CB351E /* HeartRateStatisticsResponse.swift in Sources */,
				E778A0802C97B78700B6117D /* StartingLineupPrediction.swift in Sources */,
				E7D7E7462C0CDA6800554EA7 /* SoccerMatchDailyResponse.swift in Sources */,
				E778A0922C9AAEC400B6117D /* PredictionPlayerBottomSheetView.swift in Sources */,
				E7ADBF702C57281600E877C5 /* OtherViewModels.swift in Sources */,
				E7FFA0612C9EBBE1001FE588 /* SignUpData.swift in Sources */,
				E79EE7602BF8E5A5005CEF80 /* PredictionPanel.swift in Sources */,
				E7ADBF6E2C5727F100E877C5 /* FanListView.swift in Sources */,
				E778A0842C97F3FD00B6117D /* StartingLineupPredictionView.swift in Sources */,
				E77970622CA5B93300DA5C00 /* MatchCardView.swift in Sources */,
				E79AFF8D2BEDDEFD004CAF75 /* MatchCalendar.swift in Sources */,
				E7FFA05F2C9EB7CC001FE588 /* SoccerTeamRequest.swift in Sources */,
				E7DBC0F72C0DE519008D4300 /* TargetType.swift in Sources */,
				E7B1400B2C87F05600CB351E /* HeartRateMatchEvent.swift in Sources */,
				E7E8691B2C568D1300DFBA85 /* LineChartView.swift in Sources */,
				E7DBC0ED2C0DD9FD008D4300 /* APIConstants.swift in Sources */,
				E7ADBF762C5753A300E877C5 /* HeartRateAPI.swift in Sources */,
				E7ABF3D92C58B252001BAE0F /* MatchResultViewModel.swift in Sources */,
				E778A0682C8DDD0600B6117D /* HeartRateStatistics.swift in Sources */,
				E778A07C2C945C8000B6117D /* StartingLineupPredictionViewModel.swift in Sources */,
				E7DBC10E2C0F10C7008D4300 /* RadioButton.swift in Sources */,
				E79AFF712BEDC8DC004CAF75 /* KickItApp.swift in Sources */,
				E778A06C2C91435100B6117D /* StartingLineupPredictionRequest.swift in Sources */,
				E7DBC0F22C0DE431008D4300 /* BaseAPI.swift in Sources */,
				E778A08A2C981F3600B6117D /* PredictionPlayerSelectedCardView.swift in Sources */,
				E79AFF972BEE6B7B004CAF75 /* CustomDate.swift in Sources */,
				E778A0862C97FCC200B6117D /* FormationRowView.swift in Sources */,
				E79AFF892BEDDE24004CAF75 /* Home.swift in Sources */,
				E77970602CA5B3BF00DA5C00 /* DiaryEventCardView.swift in Sources */,
				E7B1400F2C87F2B900CB351E /* HeartRateRecord.swift in Sources */,
				E77970702CA83F8F00DA5C00 /* HomeMatch.swift in Sources */,
				E7A6A0722C95B8290008447D /* SplashView.swift in Sources */,
				E7DBC0F92C0DE7AE008D4300 /* APIEventLogger.swift in Sources */,
				E758BA8C2C19CA0B006BFCF6 /* SoccerMatchMonthlyResponse.swift in Sources */,
				E778A06E2C9143C000B6117D /* StartingLineupPredictionResponse.swift in Sources */,
				E764F9B12C15F8D500A2822A /* FinishWinningTeamPrediction.swift in Sources */,
				E7DBC0DC2C0CDBBE008D4300 /* MatchCalendarViewModelProtocol.swift in Sources */,
				E7ADBF722C5728EE00E877C5 /* ViewerStatsView.swift in Sources */,
				E778A0742C94529D00B6117D /* StartingLineupPredictionViewModelProtocol.swift in Sources */,
				E7B140052C85F66500CB351E /* SoccerMatchDailyRequest.swift in Sources */,
				E708EB542BF5D5F800AE526C /* DesignWideButton.swift in Sources */,
				E778A07A2C945B9800B6117D /* SoccerPlayer.swift in Sources */,
				E7ADBF742C5729A600E877C5 /* ViewerHRStatsView.swift in Sources */,
				E778A08C2C99633D00B6117D /* PredictionPlayerView.swift in Sources */,
				E7ADBF952C57B5B700E877C5 /* MatchEventService.swift in Sources */,
				E7DBC1052C0EE77A008D4300 /* MyPage.swift in Sources */,
				E7DBC10A2C0F036B008D4300 /* DesignChip.swift in Sources */,
				E76391772C0377D600B565BE /* DesignHalfButton.swift in Sources */,
				E7A6A07A2C95BA630008447D /* AcceptingViewModel.swift in Sources */,
				E7ADBF932C57B45600E877C5 /* MatchEventAPI.swift in Sources */,
				E7ADBF782C5756DD00E877C5 /* HeartRateService.swift in Sources */,
				E7DBC0E02C0DC0E3008D4300 /* CommonResponse.swift in Sources */,
				E77970672CA6774200DA5C00 /* HomeAPI.swift in Sources */,
				E7D21AF22C98062100FF8907 /* UserAPI.swift in Sources */,
				E7A6A0782C95BA240008447D /* SettingNameViewModel.swift in Sources */,
				E79AFF9D2BEF8A86004CAF75 /* SoccerMatchRow.swift in Sources */,
				E778A0722C914E0C00B6117D /* StartingLineupPredictionAPI.swift in Sources */,
				E7B140032C85F48400CB351E /* SoccerMatchMonthlyRequest.swift in Sources */,
				E79AFFA12BEF8F1B004CAF75 /* LoadableImage.swift in Sources */,
				E7592AA82CA93FDA008E9E6E /* Shadow+.swift in Sources */,
				E7A6A06C2C95B7A60008447D /* SettingNameView.swift in Sources */,
				E79AFF942BEE0934004CAF75 /* CustomDatePicker.swift in Sources */,
				E7DBC1102C103982008D4300 /* SoccerMatch.swift in Sources */,
				E79EE75E2BF8A073005CEF80 /* SoccerMatchInfo.swift in Sources */,
				E779706B2CA69F5D00DA5C00 /* HomeResponse.swift in Sources */,
				E78C45852C03263800E5AE40 /* WinningTeamPrediction.swift in Sources */,
				E79AFF812BEDDCBD004CAF75 /* ContentView.swift in Sources */,
				E764F9B52C15FD0900A2822A /* WinningPrediction.swift in Sources */,
				E778A0902C9A6F6B00B6117D /* Formation.swift in Sources */,
				E7ABF3D72C58AFC7001BAE0F /* MatchResultView.swift in Sources */,
				E7B13FFA2C85E98500CB351E /* KeyChain.swift in Sources */,
				E7A6A06A2C95B7A60008447D /* SettingFavView.swift in Sources */,
				E7B13FFC2C85E9EF00CB351E /* KeyChainKeys.swift in Sources */,
				E7D21AF02C9801F100FF8907 /* UserService.swift in Sources */,
				E7ABF3D52C58A987001BAE0F /* User.swift in Sources */,
				E77970722CA8403100DA5C00 /* HomeDiary.swift in Sources */,
			);
			runOnlyForDeploymentPostprocessing = 0;
		};
/* End PBXSourcesBuildPhase section */

/* Begin XCBuildConfiguration section */
		E79AFF792BEDC8DD004CAF75 /* Debug */ = {
			isa = XCBuildConfiguration;
			buildSettings = {
				ALWAYS_SEARCH_USER_PATHS = NO;
				ASSETCATALOG_COMPILER_GENERATE_SWIFT_ASSET_SYMBOL_EXTENSIONS = YES;
				CLANG_ANALYZER_NONNULL = YES;
				CLANG_ANALYZER_NUMBER_OBJECT_CONVERSION = YES_AGGRESSIVE;
				CLANG_CXX_LANGUAGE_STANDARD = "gnu++20";
				CLANG_ENABLE_MODULES = YES;
				CLANG_ENABLE_OBJC_ARC = YES;
				CLANG_ENABLE_OBJC_WEAK = YES;
				CLANG_WARN_BLOCK_CAPTURE_AUTORELEASING = YES;
				CLANG_WARN_BOOL_CONVERSION = YES;
				CLANG_WARN_COMMA = YES;
				CLANG_WARN_CONSTANT_CONVERSION = YES;
				CLANG_WARN_DEPRECATED_OBJC_IMPLEMENTATIONS = YES;
				CLANG_WARN_DIRECT_OBJC_ISA_USAGE = YES_ERROR;
				CLANG_WARN_DOCUMENTATION_COMMENTS = YES;
				CLANG_WARN_EMPTY_BODY = YES;
				CLANG_WARN_ENUM_CONVERSION = YES;
				CLANG_WARN_INFINITE_RECURSION = YES;
				CLANG_WARN_INT_CONVERSION = YES;
				CLANG_WARN_NON_LITERAL_NULL_CONVERSION = YES;
				CLANG_WARN_OBJC_IMPLICIT_RETAIN_SELF = YES;
				CLANG_WARN_OBJC_LITERAL_CONVERSION = YES;
				CLANG_WARN_OBJC_ROOT_CLASS = YES_ERROR;
				CLANG_WARN_QUOTED_INCLUDE_IN_FRAMEWORK_HEADER = YES;
				CLANG_WARN_RANGE_LOOP_ANALYSIS = YES;
				CLANG_WARN_STRICT_PROTOTYPES = YES;
				CLANG_WARN_SUSPICIOUS_MOVE = YES;
				CLANG_WARN_UNGUARDED_AVAILABILITY = YES_AGGRESSIVE;
				CLANG_WARN_UNREACHABLE_CODE = YES;
				CLANG_WARN__DUPLICATE_METHOD_MATCH = YES;
				COPY_PHASE_STRIP = NO;
				DEBUG_INFORMATION_FORMAT = dwarf;
				ENABLE_STRICT_OBJC_MSGSEND = YES;
				ENABLE_TESTABILITY = YES;
				ENABLE_USER_SCRIPT_SANDBOXING = YES;
				FRAMEWORK_SEARCH_PATHS = "$(SRCROOT)/../DerivedData/KickIt-ahwvhvqatbkwydhjgwddxublznlb/SourcePackages/checkouts/Alamofire";
				GCC_C_LANGUAGE_STANDARD = gnu17;
				GCC_DYNAMIC_NO_PIC = NO;
				GCC_NO_COMMON_BLOCKS = YES;
				GCC_OPTIMIZATION_LEVEL = 0;
				GCC_PREPROCESSOR_DEFINITIONS = (
					"DEBUG=1",
					"$(inherited)",
				);
				GCC_WARN_64_TO_32_BIT_CONVERSION = YES;
				GCC_WARN_ABOUT_RETURN_TYPE = YES_ERROR;
				GCC_WARN_UNDECLARED_SELECTOR = YES;
				GCC_WARN_UNINITIALIZED_AUTOS = YES_AGGRESSIVE;
				GCC_WARN_UNUSED_FUNCTION = YES;
				GCC_WARN_UNUSED_VARIABLE = YES;
				IPHONEOS_DEPLOYMENT_TARGET = 17.0;
				LIBRARY_SEARCH_PATHS = "$(SRCROOT)/../DerivedData/KickIt-ahwvhvqatbkwydhjgwddxublznlb/SourcePackages/checkouts/Alamofire";
				LOCALIZATION_PREFERS_STRING_CATALOGS = YES;
				MTL_ENABLE_DEBUG_INFO = INCLUDE_SOURCE;
				MTL_FAST_MATH = YES;
				ONLY_ACTIVE_ARCH = YES;
				SDKROOT = iphoneos;
				SWIFT_ACTIVE_COMPILATION_CONDITIONS = "DEBUG $(inherited)";
				SWIFT_OPTIMIZATION_LEVEL = "-Onone";
			};
			name = Debug;
		};
		E79AFF7A2BEDC8DD004CAF75 /* Release */ = {
			isa = XCBuildConfiguration;
			buildSettings = {
				ALWAYS_SEARCH_USER_PATHS = NO;
				ASSETCATALOG_COMPILER_GENERATE_SWIFT_ASSET_SYMBOL_EXTENSIONS = YES;
				CLANG_ANALYZER_NONNULL = YES;
				CLANG_ANALYZER_NUMBER_OBJECT_CONVERSION = YES_AGGRESSIVE;
				CLANG_CXX_LANGUAGE_STANDARD = "gnu++20";
				CLANG_ENABLE_MODULES = YES;
				CLANG_ENABLE_OBJC_ARC = YES;
				CLANG_ENABLE_OBJC_WEAK = YES;
				CLANG_WARN_BLOCK_CAPTURE_AUTORELEASING = YES;
				CLANG_WARN_BOOL_CONVERSION = YES;
				CLANG_WARN_COMMA = YES;
				CLANG_WARN_CONSTANT_CONVERSION = YES;
				CLANG_WARN_DEPRECATED_OBJC_IMPLEMENTATIONS = YES;
				CLANG_WARN_DIRECT_OBJC_ISA_USAGE = YES_ERROR;
				CLANG_WARN_DOCUMENTATION_COMMENTS = YES;
				CLANG_WARN_EMPTY_BODY = YES;
				CLANG_WARN_ENUM_CONVERSION = YES;
				CLANG_WARN_INFINITE_RECURSION = YES;
				CLANG_WARN_INT_CONVERSION = YES;
				CLANG_WARN_NON_LITERAL_NULL_CONVERSION = YES;
				CLANG_WARN_OBJC_IMPLICIT_RETAIN_SELF = YES;
				CLANG_WARN_OBJC_LITERAL_CONVERSION = YES;
				CLANG_WARN_OBJC_ROOT_CLASS = YES_ERROR;
				CLANG_WARN_QUOTED_INCLUDE_IN_FRAMEWORK_HEADER = YES;
				CLANG_WARN_RANGE_LOOP_ANALYSIS = YES;
				CLANG_WARN_STRICT_PROTOTYPES = YES;
				CLANG_WARN_SUSPICIOUS_MOVE = YES;
				CLANG_WARN_UNGUARDED_AVAILABILITY = YES_AGGRESSIVE;
				CLANG_WARN_UNREACHABLE_CODE = YES;
				CLANG_WARN__DUPLICATE_METHOD_MATCH = YES;
				COPY_PHASE_STRIP = NO;
				DEBUG_INFORMATION_FORMAT = "dwarf-with-dsym";
				ENABLE_NS_ASSERTIONS = NO;
				ENABLE_STRICT_OBJC_MSGSEND = YES;
				ENABLE_USER_SCRIPT_SANDBOXING = YES;
				FRAMEWORK_SEARCH_PATHS = "$(SRCROOT)/../DerivedData/KickIt-ahwvhvqatbkwydhjgwddxublznlb/SourcePackages/checkouts/Alamofire";
				GCC_C_LANGUAGE_STANDARD = gnu17;
				GCC_NO_COMMON_BLOCKS = YES;
				GCC_WARN_64_TO_32_BIT_CONVERSION = YES;
				GCC_WARN_ABOUT_RETURN_TYPE = YES_ERROR;
				GCC_WARN_UNDECLARED_SELECTOR = YES;
				GCC_WARN_UNINITIALIZED_AUTOS = YES_AGGRESSIVE;
				GCC_WARN_UNUSED_FUNCTION = YES;
				GCC_WARN_UNUSED_VARIABLE = YES;
				IPHONEOS_DEPLOYMENT_TARGET = 17.0;
				LIBRARY_SEARCH_PATHS = "$(SRCROOT)/../DerivedData/KickIt-ahwvhvqatbkwydhjgwddxublznlb/SourcePackages/checkouts/Alamofire";
				LOCALIZATION_PREFERS_STRING_CATALOGS = YES;
				MTL_ENABLE_DEBUG_INFO = NO;
				MTL_FAST_MATH = YES;
				SDKROOT = iphoneos;
				SWIFT_COMPILATION_MODE = wholemodule;
				VALIDATE_PRODUCT = YES;
			};
			name = Release;
		};
		E79AFF7C2BEDC8DD004CAF75 /* Debug */ = {
			isa = XCBuildConfiguration;
			baseConfigurationReference = E7B13FFD2C85EAC600CB351E /* Secrets.xcconfig */;
			buildSettings = {
				ASSETCATALOG_COMPILER_APPICON_NAME = AppIcon;
				ASSETCATALOG_COMPILER_GLOBAL_ACCENT_COLOR_NAME = AccentColor;
				CODE_SIGN_ENTITLEMENTS = KickIt/KickIt.entitlements;
				CODE_SIGN_STYLE = Automatic;
				CURRENT_PROJECT_VERSION = 1;
				DEVELOPMENT_ASSET_PATHS = "\"KickIt/Preview Content\"";
				DEVELOPMENT_TEAM = NL8Y67QBFG;
				ENABLE_PREVIEWS = YES;
				FRAMEWORK_SEARCH_PATHS = "/Users/i-da/Library/Developer/Xcode/DerivedData/KickIt-ahwvhvqatbkwydhjgwddxublznlb/SourcePackages/checkouts/Alamofire/Alamofire.xcodeproj/xcshareddata/xcschemes";
				GENERATE_INFOPLIST_FILE = YES;
				INFOPLIST_FILE = KickIt/App/iOS/Info.plist;
				INFOPLIST_KEY_NSHealthClinicalHealthRecordsShareUsageDescription = "Specifies a localized string that describes why the app wants to write data to the HealthKit store. See NSHealthUpdateUsageDescription for details.";
				INFOPLIST_KEY_NSHealthShareUsageDescription = "Specifies a localized string that describes why the app wants to write data to the HealthKit store. See NSHealthUpdateUsageDescription for details.";
				INFOPLIST_KEY_NSHealthUpdateUsageDescription = "Specifies a localized string that describes why the app wants to write data to the HealthKit store. See NSHealthUpdateUsageDescription for details.";
				INFOPLIST_KEY_UIApplicationSceneManifest_Generation = YES;
				INFOPLIST_KEY_UIApplicationSupportsIndirectInputEvents = YES;
				INFOPLIST_KEY_UILaunchScreen_Generation = YES;
				INFOPLIST_KEY_UISupportedInterfaceOrientations_iPad = "UIInterfaceOrientationPortrait UIInterfaceOrientationPortraitUpsideDown UIInterfaceOrientationLandscapeLeft UIInterfaceOrientationLandscapeRight";
				INFOPLIST_KEY_UISupportedInterfaceOrientations_iPhone = "UIInterfaceOrientationPortrait UIInterfaceOrientationLandscapeLeft UIInterfaceOrientationLandscapeRight";
				LD_RUNPATH_SEARCH_PATHS = (
					"$(inherited)",
					"@executable_path/Frameworks",
					"@loader_path/Frameworks",
				);
				LIBRARY_SEARCH_PATHS = "/Users/i-da/Library/Developer/Xcode/DerivedData/KickIt-ahwvhvqatbkwydhjgwddxublznlb/SourcePackages/checkouts/Alamofire/Alamofire.xcodeproj/xcshareddata/xcschemes";
				MARKETING_VERSION = 1.0;
				PRODUCT_BUNDLE_IDENTIFIER = "com.KickIt-iOS.Safezone.KickIt";
				PRODUCT_NAME = "$(TARGET_NAME)";
				SWIFT_EMIT_LOC_STRINGS = YES;
				SWIFT_VERSION = 5.0;
				TARGETED_DEVICE_FAMILY = "1,2";
			};
			name = Debug;
		};
		E79AFF7D2BEDC8DD004CAF75 /* Release */ = {
			isa = XCBuildConfiguration;
			baseConfigurationReference = E7B13FFD2C85EAC600CB351E /* Secrets.xcconfig */;
			buildSettings = {
				ASSETCATALOG_COMPILER_APPICON_NAME = AppIcon;
				ASSETCATALOG_COMPILER_GLOBAL_ACCENT_COLOR_NAME = AccentColor;
				CODE_SIGN_ENTITLEMENTS = KickIt/KickIt.entitlements;
				CODE_SIGN_STYLE = Automatic;
				CURRENT_PROJECT_VERSION = 1;
				DEVELOPMENT_ASSET_PATHS = "\"KickIt/Preview Content\"";
				DEVELOPMENT_TEAM = NL8Y67QBFG;
				ENABLE_PREVIEWS = YES;
				FRAMEWORK_SEARCH_PATHS = "/Users/i-da/Library/Developer/Xcode/DerivedData/KickIt-ahwvhvqatbkwydhjgwddxublznlb/SourcePackages/checkouts/Alamofire/Alamofire.xcodeproj/xcshareddata/xcschemes";
				GENERATE_INFOPLIST_FILE = YES;
				INFOPLIST_FILE = KickIt/App/iOS/Info.plist;
				INFOPLIST_KEY_NSHealthClinicalHealthRecordsShareUsageDescription = "Specifies a localized string that describes why the app wants to write data to the HealthKit store. See NSHealthUpdateUsageDescription for details.";
				INFOPLIST_KEY_NSHealthShareUsageDescription = "Specifies a localized string that describes why the app wants to write data to the HealthKit store. See NSHealthUpdateUsageDescription for details.";
				INFOPLIST_KEY_NSHealthUpdateUsageDescription = "Specifies a localized string that describes why the app wants to write data to the HealthKit store. See NSHealthUpdateUsageDescription for details.";
				INFOPLIST_KEY_UIApplicationSceneManifest_Generation = YES;
				INFOPLIST_KEY_UIApplicationSupportsIndirectInputEvents = YES;
				INFOPLIST_KEY_UILaunchScreen_Generation = YES;
				INFOPLIST_KEY_UISupportedInterfaceOrientations_iPad = "UIInterfaceOrientationPortrait UIInterfaceOrientationPortraitUpsideDown UIInterfaceOrientationLandscapeLeft UIInterfaceOrientationLandscapeRight";
				INFOPLIST_KEY_UISupportedInterfaceOrientations_iPhone = "UIInterfaceOrientationPortrait UIInterfaceOrientationLandscapeLeft UIInterfaceOrientationLandscapeRight";
				LD_RUNPATH_SEARCH_PATHS = (
					"$(inherited)",
					"@executable_path/Frameworks",
					"@loader_path/Frameworks",
				);
				LIBRARY_SEARCH_PATHS = "/Users/i-da/Library/Developer/Xcode/DerivedData/KickIt-ahwvhvqatbkwydhjgwddxublznlb/SourcePackages/checkouts/Alamofire/Alamofire.xcodeproj/xcshareddata/xcschemes";
				MARKETING_VERSION = 1.0;
				PRODUCT_BUNDLE_IDENTIFIER = "com.KickIt-iOS.Safezone.KickIt";
				PRODUCT_NAME = "$(TARGET_NAME)";
				SWIFT_EMIT_LOC_STRINGS = YES;
				SWIFT_VERSION = 5.0;
				TARGETED_DEVICE_FAMILY = "1,2";
			};
			name = Release;
		};
/* End XCBuildConfiguration section */

/* Begin XCConfigurationList section */
		E79AFF682BEDC8DC004CAF75 /* Build configuration list for PBXProject "KickIt" */ = {
			isa = XCConfigurationList;
			buildConfigurations = (
				E79AFF792BEDC8DD004CAF75 /* Debug */,
				E79AFF7A2BEDC8DD004CAF75 /* Release */,
			);
			defaultConfigurationIsVisible = 0;
			defaultConfigurationName = Release;
		};
		E79AFF7B2BEDC8DD004CAF75 /* Build configuration list for PBXNativeTarget "KickIt" */ = {
			isa = XCConfigurationList;
			buildConfigurations = (
				E79AFF7C2BEDC8DD004CAF75 /* Debug */,
				E79AFF7D2BEDC8DD004CAF75 /* Release */,
			);
			defaultConfigurationIsVisible = 0;
			defaultConfigurationName = Release;
		};
/* End XCConfigurationList section */

/* Begin XCRemoteSwiftPackageReference section */
		E76F765D2C1487A900BCD566 /* XCRemoteSwiftPackageReference "Alamofire" */ = {
			isa = XCRemoteSwiftPackageReference;
			repositoryURL = "https://github.com/Alamofire/Alamofire.git";
			requirement = {
				kind = exactVersion;
				version = 5.9.1;
			};
		};
/* End XCRemoteSwiftPackageReference section */

/* Begin XCSwiftPackageProductDependency section */
		E76F765E2C1487A900BCD566 /* Alamofire */ = {
			isa = XCSwiftPackageProductDependency;
			package = E76F765D2C1487A900BCD566 /* XCRemoteSwiftPackageReference "Alamofire" */;
			productName = Alamofire;
		};
/* End XCSwiftPackageProductDependency section */
	};
	rootObject = E79AFF652BEDC8DC004CAF75 /* Project object */;
}
