// !$*UTF8*$!
{
	archiveVersion = 1;
	classes = {
	};
	objectVersion = 56;
	objects = {

/* Begin PBXBuildFile section */
		E708EB502BF5D54B00AE526C /* ViewController.swift in Sources */ = {isa = PBXBuildFile; fileRef = E708EB4F2BF5D54B00AE526C /* ViewController.swift */; };
		E708EB522BF5D56A00AE526C /* HeartRate.swift in Sources */ = {isa = PBXBuildFile; fileRef = E708EB512BF5D56A00AE526C /* HeartRate.swift */; };
		E708EB542BF5D5F800AE526C /* DesignWideButton.swift in Sources */ = {isa = PBXBuildFile; fileRef = E708EB532BF5D5F800AE526C /* DesignWideButton.swift */; };
		E7147E632C096D4F007E2FDC /* LineChart.swift in Sources */ = {isa = PBXBuildFile; fileRef = E7147E622C096D4F007E2FDC /* LineChart.swift */; };
		E7147E652C09768A007E2FDC /* HeartRateStats.swift in Sources */ = {isa = PBXBuildFile; fileRef = E7147E642C09768A007E2FDC /* HeartRateStats.swift */; };
		E722770C2BF85BB400DE9A7C /* MatchEvent.swift in Sources */ = {isa = PBXBuildFile; fileRef = E722770B2BF85BB400DE9A7C /* MatchEvent.swift */; };
		E722770E2BF87BB500DE9A7C /* TimelineEventRow.swift in Sources */ = {isa = PBXBuildFile; fileRef = E722770D2BF87BB500DE9A7C /* TimelineEventRow.swift */; };
		E76391772C0377D600B565BE /* DesignHalfButton.swift in Sources */ = {isa = PBXBuildFile; fileRef = E76391762C0377D600B565BE /* DesignHalfButton.swift */; };
		E78C45852C03263800E5AE40 /* WinningTeamPrediction.swift in Sources */ = {isa = PBXBuildFile; fileRef = E78C45842C03263800E5AE40 /* WinningTeamPrediction.swift */; };
		E79AFF712BEDC8DC004CAF75 /* KickItApp.swift in Sources */ = {isa = PBXBuildFile; fileRef = E79AFF702BEDC8DC004CAF75 /* KickItApp.swift */; };
		E79AFF732BEDC8DC004CAF75 /* SplashView.swift in Sources */ = {isa = PBXBuildFile; fileRef = E79AFF722BEDC8DC004CAF75 /* SplashView.swift */; };
		E79AFF752BEDC8DD004CAF75 /* Assets.xcassets in Resources */ = {isa = PBXBuildFile; fileRef = E79AFF742BEDC8DD004CAF75 /* Assets.xcassets */; };
		E79AFF782BEDC8DD004CAF75 /* Preview Assets.xcassets in Resources */ = {isa = PBXBuildFile; fileRef = E79AFF772BEDC8DD004CAF75 /* Preview Assets.xcassets */; };
		E79AFF812BEDDCBD004CAF75 /* ContentView.swift in Sources */ = {isa = PBXBuildFile; fileRef = E79AFF802BEDDCBD004CAF75 /* ContentView.swift */; };
		E79AFF892BEDDE24004CAF75 /* Home.swift in Sources */ = {isa = PBXBuildFile; fileRef = E79AFF882BEDDE24004CAF75 /* Home.swift */; };
		E79AFF8D2BEDDEFD004CAF75 /* MatchCalendar.swift in Sources */ = {isa = PBXBuildFile; fileRef = E79AFF8C2BEDDEFD004CAF75 /* MatchCalendar.swift */; };
		E79AFF912BEDDFC2004CAF75 /* SoccerDiary.swift in Sources */ = {isa = PBXBuildFile; fileRef = E79AFF902BEDDFC2004CAF75 /* SoccerDiary.swift */; };
		E79AFF942BEE0934004CAF75 /* CustomDatePicker.swift in Sources */ = {isa = PBXBuildFile; fileRef = E79AFF932BEE0934004CAF75 /* CustomDatePicker.swift */; };
		E79AFF972BEE6B7B004CAF75 /* CustomDate.swift in Sources */ = {isa = PBXBuildFile; fileRef = E79AFF962BEE6B7B004CAF75 /* CustomDate.swift */; };
		E79AFF992BEF0C12004CAF75 /* SoccerMatch.swift in Sources */ = {isa = PBXBuildFile; fileRef = E79AFF982BEF0C12004CAF75 /* SoccerMatch.swift */; };
		E79AFF9B2BEF7982004CAF75 /* DateExtensions.swift in Sources */ = {isa = PBXBuildFile; fileRef = E79AFF9A2BEF7982004CAF75 /* DateExtensions.swift */; };
		E79AFF9D2BEF8A86004CAF75 /* SoccerMatchRow.swift in Sources */ = {isa = PBXBuildFile; fileRef = E79AFF9C2BEF8A86004CAF75 /* SoccerMatchRow.swift */; };
		E79AFFA12BEF8F1B004CAF75 /* LoadableImage.swift in Sources */ = {isa = PBXBuildFile; fileRef = E79AFFA02BEF8F1B004CAF75 /* LoadableImage.swift */; };
		E79EE75C2BF89FAC005CEF80 /* SoccerTeam.swift in Sources */ = {isa = PBXBuildFile; fileRef = E79EE75B2BF89FAC005CEF80 /* SoccerTeam.swift */; };
		E79EE75E2BF8A073005CEF80 /* SoccerMatchInfo.swift in Sources */ = {isa = PBXBuildFile; fileRef = E79EE75D2BF8A073005CEF80 /* SoccerMatchInfo.swift */; };
		E79EE7602BF8E5A5005CEF80 /* PredictionPanel.swift in Sources */ = {isa = PBXBuildFile; fileRef = E79EE75F2BF8E5A5005CEF80 /* PredictionPanel.swift */; };
		E79EE7622BF99BF8005CEF80 /* HeartRateButton.swift in Sources */ = {isa = PBXBuildFile; fileRef = E79EE7612BF99BF8005CEF80 /* HeartRateButton.swift */; };
		E7BC9FDE2BF779CE00365EFE /* TimelineEvent.swift in Sources */ = {isa = PBXBuildFile; fileRef = E7BC9FDD2BF779CE00365EFE /* TimelineEvent.swift */; };
		E7D311882C036F8F0070A31D /* VerticalBarChart.swift in Sources */ = {isa = PBXBuildFile; fileRef = E7D311872C036F8F0070A31D /* VerticalBarChart.swift */; };
/* End PBXBuildFile section */

/* Begin PBXFileReference section */
		E708EB4F2BF5D54B00AE526C /* ViewController.swift */ = {isa = PBXFileReference; lastKnownFileType = sourcecode.swift; path = ViewController.swift; sourceTree = "<group>"; };
		E708EB512BF5D56A00AE526C /* HeartRate.swift */ = {isa = PBXFileReference; lastKnownFileType = sourcecode.swift; path = HeartRate.swift; sourceTree = "<group>"; };
		E708EB532BF5D5F800AE526C /* DesignWideButton.swift */ = {isa = PBXFileReference; lastKnownFileType = sourcecode.swift; path = DesignWideButton.swift; sourceTree = "<group>"; };
		E7147E622C096D4F007E2FDC /* LineChart.swift */ = {isa = PBXFileReference; lastKnownFileType = sourcecode.swift; path = LineChart.swift; sourceTree = "<group>"; };
		E7147E642C09768A007E2FDC /* HeartRateStats.swift */ = {isa = PBXFileReference; lastKnownFileType = sourcecode.swift; path = HeartRateStats.swift; sourceTree = "<group>"; };
		E722770B2BF85BB400DE9A7C /* MatchEvent.swift */ = {isa = PBXFileReference; lastKnownFileType = sourcecode.swift; path = MatchEvent.swift; sourceTree = "<group>"; };
		E722770D2BF87BB500DE9A7C /* TimelineEventRow.swift */ = {isa = PBXFileReference; lastKnownFileType = sourcecode.swift; path = TimelineEventRow.swift; sourceTree = "<group>"; };
		E722770F2BF8917900DE9A7C /* KickIt.entitlements */ = {isa = PBXFileReference; lastKnownFileType = text.plist.entitlements; path = KickIt.entitlements; sourceTree = "<group>"; };
		E76391762C0377D600B565BE /* DesignHalfButton.swift */ = {isa = PBXFileReference; lastKnownFileType = sourcecode.swift; path = DesignHalfButton.swift; sourceTree = "<group>"; };
		E78C45842C03263800E5AE40 /* WinningTeamPrediction.swift */ = {isa = PBXFileReference; lastKnownFileType = sourcecode.swift; path = WinningTeamPrediction.swift; sourceTree = "<group>"; };
		E79AFF6D2BEDC8DC004CAF75 /* KickIt.app */ = {isa = PBXFileReference; explicitFileType = wrapper.application; includeInIndex = 0; path = KickIt.app; sourceTree = BUILT_PRODUCTS_DIR; };
		E79AFF702BEDC8DC004CAF75 /* KickItApp.swift */ = {isa = PBXFileReference; lastKnownFileType = sourcecode.swift; path = KickItApp.swift; sourceTree = "<group>"; };
		E79AFF722BEDC8DC004CAF75 /* SplashView.swift */ = {isa = PBXFileReference; lastKnownFileType = sourcecode.swift; path = SplashView.swift; sourceTree = "<group>"; };
		E79AFF742BEDC8DD004CAF75 /* Assets.xcassets */ = {isa = PBXFileReference; lastKnownFileType = folder.assetcatalog; path = Assets.xcassets; sourceTree = "<group>"; };
		E79AFF772BEDC8DD004CAF75 /* Preview Assets.xcassets */ = {isa = PBXFileReference; lastKnownFileType = folder.assetcatalog; path = "Preview Assets.xcassets"; sourceTree = "<group>"; };
		E79AFF802BEDDCBD004CAF75 /* ContentView.swift */ = {isa = PBXFileReference; lastKnownFileType = sourcecode.swift; path = ContentView.swift; sourceTree = "<group>"; };
		E79AFF882BEDDE24004CAF75 /* Home.swift */ = {isa = PBXFileReference; lastKnownFileType = sourcecode.swift; path = Home.swift; sourceTree = "<group>"; };
		E79AFF8C2BEDDEFD004CAF75 /* MatchCalendar.swift */ = {isa = PBXFileReference; lastKnownFileType = sourcecode.swift; path = MatchCalendar.swift; sourceTree = "<group>"; };
		E79AFF902BEDDFC2004CAF75 /* SoccerDiary.swift */ = {isa = PBXFileReference; lastKnownFileType = sourcecode.swift; path = SoccerDiary.swift; sourceTree = "<group>"; };
		E79AFF932BEE0934004CAF75 /* CustomDatePicker.swift */ = {isa = PBXFileReference; lastKnownFileType = sourcecode.swift; path = CustomDatePicker.swift; sourceTree = "<group>"; };
		E79AFF962BEE6B7B004CAF75 /* CustomDate.swift */ = {isa = PBXFileReference; lastKnownFileType = sourcecode.swift; path = CustomDate.swift; sourceTree = "<group>"; };
		E79AFF982BEF0C12004CAF75 /* SoccerMatch.swift */ = {isa = PBXFileReference; lastKnownFileType = sourcecode.swift; path = SoccerMatch.swift; sourceTree = "<group>"; };
		E79AFF9A2BEF7982004CAF75 /* DateExtensions.swift */ = {isa = PBXFileReference; lastKnownFileType = sourcecode.swift; path = DateExtensions.swift; sourceTree = "<group>"; };
		E79AFF9C2BEF8A86004CAF75 /* SoccerMatchRow.swift */ = {isa = PBXFileReference; lastKnownFileType = sourcecode.swift; path = SoccerMatchRow.swift; sourceTree = "<group>"; };
		E79AFFA02BEF8F1B004CAF75 /* LoadableImage.swift */ = {isa = PBXFileReference; lastKnownFileType = sourcecode.swift; path = LoadableImage.swift; sourceTree = "<group>"; };
		E79EE75B2BF89FAC005CEF80 /* SoccerTeam.swift */ = {isa = PBXFileReference; lastKnownFileType = sourcecode.swift; path = SoccerTeam.swift; sourceTree = "<group>"; };
		E79EE75D2BF8A073005CEF80 /* SoccerMatchInfo.swift */ = {isa = PBXFileReference; lastKnownFileType = sourcecode.swift; path = SoccerMatchInfo.swift; sourceTree = "<group>"; };
		E79EE75F2BF8E5A5005CEF80 /* PredictionPanel.swift */ = {isa = PBXFileReference; lastKnownFileType = sourcecode.swift; path = PredictionPanel.swift; sourceTree = "<group>"; };
		E79EE7612BF99BF8005CEF80 /* HeartRateButton.swift */ = {isa = PBXFileReference; lastKnownFileType = sourcecode.swift; path = HeartRateButton.swift; sourceTree = "<group>"; };
		E7BC9FDD2BF779CE00365EFE /* TimelineEvent.swift */ = {isa = PBXFileReference; lastKnownFileType = sourcecode.swift; path = TimelineEvent.swift; sourceTree = "<group>"; };
		E7D311872C036F8F0070A31D /* VerticalBarChart.swift */ = {isa = PBXFileReference; lastKnownFileType = sourcecode.swift; path = VerticalBarChart.swift; sourceTree = "<group>"; };
/* End PBXFileReference section */

/* Begin PBXFrameworksBuildPhase section */
		E79AFF6A2BEDC8DC004CAF75 /* Frameworks */ = {
			isa = PBXFrameworksBuildPhase;
			buildActionMask = 2147483647;
			files = (
			);
			runOnlyForDeploymentPostprocessing = 0;
		};
/* End PBXFrameworksBuildPhase section */

/* Begin PBXGroup section */
		E708EB4A2BF5D4E800AE526C /* Helpers */ = {
			isa = PBXGroup;
			children = (
				E708EB4F2BF5D54B00AE526C /* ViewController.swift */,
				E79EE75F2BF8E5A5005CEF80 /* PredictionPanel.swift */,
				E7D311872C036F8F0070A31D /* VerticalBarChart.swift */,
				E7147E622C096D4F007E2FDC /* LineChart.swift */,
			);
			path = Helpers;
			sourceTree = "<group>";
		};
		E79AFF642BEDC8DC004CAF75 = {
			isa = PBXGroup;
			children = (
				E79AFF6F2BEDC8DC004CAF75 /* KickIt */,
				E79AFF6E2BEDC8DC004CAF75 /* Products */,
			);
			sourceTree = "<group>";
		};
		E79AFF6E2BEDC8DC004CAF75 /* Products */ = {
			isa = PBXGroup;
			children = (
				E79AFF6D2BEDC8DC004CAF75 /* KickIt.app */,
			);
			name = Products;
			sourceTree = "<group>";
		};
		E79AFF6F2BEDC8DC004CAF75 /* KickIt */ = {
			isa = PBXGroup;
			children = (
				E722770F2BF8917900DE9A7C /* KickIt.entitlements */,
				E79AFF7E2BEDDC76004CAF75 /* Global */,
				E79AFF822BEDDD96004CAF75 /* Screen */,
				E79AFF702BEDC8DC004CAF75 /* KickItApp.swift */,
				E79AFF742BEDC8DD004CAF75 /* Assets.xcassets */,
				E79AFF762BEDC8DD004CAF75 /* Preview Content */,
			);
			path = KickIt;
			sourceTree = "<group>";
		};
		E79AFF762BEDC8DD004CAF75 /* Preview Content */ = {
			isa = PBXGroup;
			children = (
				E79AFF772BEDC8DD004CAF75 /* Preview Assets.xcassets */,
			);
			path = "Preview Content";
			sourceTree = "<group>";
		};
		E79AFF7E2BEDDC76004CAF75 /* Global */ = {
			isa = PBXGroup;
			children = (
				E79AFF952BEE6A2F004CAF75 /* Models */,
				E79AFF922BEE08F0004CAF75 /* Helpers */,
				E79AFF7F2BEDDC86004CAF75 /* Views */,
			);
			path = Global;
			sourceTree = "<group>";
		};
		E79AFF7F2BEDDC86004CAF75 /* Views */ = {
			isa = PBXGroup;
			children = (
				E79AFF802BEDDCBD004CAF75 /* ContentView.swift */,
				E79AFF932BEE0934004CAF75 /* CustomDatePicker.swift */,
				E79AFF9C2BEF8A86004CAF75 /* SoccerMatchRow.swift */,
				E722770D2BF87BB500DE9A7C /* TimelineEventRow.swift */,
			);
			path = Views;
			sourceTree = "<group>";
		};
		E79AFF822BEDDD96004CAF75 /* Screen */ = {
			isa = PBXGroup;
			children = (
				E79AFF852BEDDDAD004CAF75 /* Splash */,
				E79AFF832BEDDDA3004CAF75 /* Home */,
				E79AFF8A2BEDDEBD004CAF75 /* MatchCalendar */,
				E79AFF8E2BEDDF96004CAF75 /* SoccerDiary */,
			);
			path = Screen;
			sourceTree = "<group>";
		};
		E79AFF832BEDDDA3004CAF75 /* Home */ = {
			isa = PBXGroup;
			children = (
				E79AFF842BEDDDA8004CAF75 /* Views */,
			);
			path = Home;
			sourceTree = "<group>";
		};
		E79AFF842BEDDDA8004CAF75 /* Views */ = {
			isa = PBXGroup;
			children = (
				E79AFF882BEDDE24004CAF75 /* Home.swift */,
			);
			path = Views;
			sourceTree = "<group>";
		};
		E79AFF852BEDDDAD004CAF75 /* Splash */ = {
			isa = PBXGroup;
			children = (
				E79AFF862BEDDDB2004CAF75 /* Views */,
			);
			path = Splash;
			sourceTree = "<group>";
		};
		E79AFF862BEDDDB2004CAF75 /* Views */ = {
			isa = PBXGroup;
			children = (
				E79AFF722BEDC8DC004CAF75 /* SplashView.swift */,
			);
			path = Views;
			sourceTree = "<group>";
		};
		E79AFF8A2BEDDEBD004CAF75 /* MatchCalendar */ = {
			isa = PBXGroup;
			children = (
				E708EB4A2BF5D4E800AE526C /* Helpers */,
				E79AFF8B2BEDDEE7004CAF75 /* Views */,
			);
			path = MatchCalendar;
			sourceTree = "<group>";
		};
		E79AFF8B2BEDDEE7004CAF75 /* Views */ = {
			isa = PBXGroup;
			children = (
				E79AFF8C2BEDDEFD004CAF75 /* MatchCalendar.swift */,
				E79EE75D2BF8A073005CEF80 /* SoccerMatchInfo.swift */,
				E708EB512BF5D56A00AE526C /* HeartRate.swift */,
				E7BC9FDD2BF779CE00365EFE /* TimelineEvent.swift */,
				E78C45842C03263800E5AE40 /* WinningTeamPrediction.swift */,
				E7147E642C09768A007E2FDC /* HeartRateStats.swift */,
			);
			path = Views;
			sourceTree = "<group>";
		};
		E79AFF8E2BEDDF96004CAF75 /* SoccerDiary */ = {
			isa = PBXGroup;
			children = (
				E79AFF8F2BEDDFB4004CAF75 /* Views */,
			);
			path = SoccerDiary;
			sourceTree = "<group>";
		};
		E79AFF8F2BEDDFB4004CAF75 /* Views */ = {
			isa = PBXGroup;
			children = (
				E79AFF902BEDDFC2004CAF75 /* SoccerDiary.swift */,
			);
			path = Views;
			sourceTree = "<group>";
		};
		E79AFF922BEE08F0004CAF75 /* Helpers */ = {
			isa = PBXGroup;
			children = (
				E79AFF9A2BEF7982004CAF75 /* DateExtensions.swift */,
				E79AFFA02BEF8F1B004CAF75 /* LoadableImage.swift */,
				E708EB532BF5D5F800AE526C /* DesignWideButton.swift */,
				E76391762C0377D600B565BE /* DesignHalfButton.swift */,
				E79EE7612BF99BF8005CEF80 /* HeartRateButton.swift */,
			);
			path = Helpers;
			sourceTree = "<group>";
		};
		E79AFF952BEE6A2F004CAF75 /* Models */ = {
			isa = PBXGroup;
			children = (
				E79AFF962BEE6B7B004CAF75 /* CustomDate.swift */,
				E79AFF982BEF0C12004CAF75 /* SoccerMatch.swift */,
				E79EE75B2BF89FAC005CEF80 /* SoccerTeam.swift */,
				E722770B2BF85BB400DE9A7C /* MatchEvent.swift */,
			);
			path = Models;
			sourceTree = "<group>";
		};
/* End PBXGroup section */

/* Begin PBXNativeTarget section */
		E79AFF6C2BEDC8DC004CAF75 /* KickIt */ = {
			isa = PBXNativeTarget;
			buildConfigurationList = E79AFF7B2BEDC8DD004CAF75 /* Build configuration list for PBXNativeTarget "KickIt" */;
			buildPhases = (
				E79AFF692BEDC8DC004CAF75 /* Sources */,
				E79AFF6A2BEDC8DC004CAF75 /* Frameworks */,
				E79AFF6B2BEDC8DC004CAF75 /* Resources */,
			);
			buildRules = (
			);
			dependencies = (
			);
			name = KickIt;
			productName = KickIt;
			productReference = E79AFF6D2BEDC8DC004CAF75 /* KickIt.app */;
			productType = "com.apple.product-type.application";
		};
/* End PBXNativeTarget section */

/* Begin PBXProject section */
		E79AFF652BEDC8DC004CAF75 /* Project object */ = {
			isa = PBXProject;
			attributes = {
				BuildIndependentTargetsInParallel = 1;
				LastSwiftUpdateCheck = 1500;
				LastUpgradeCheck = 1500;
				TargetAttributes = {
					E79AFF6C2BEDC8DC004CAF75 = {
						CreatedOnToolsVersion = 15.0.1;
					};
				};
			};
			buildConfigurationList = E79AFF682BEDC8DC004CAF75 /* Build configuration list for PBXProject "KickIt" */;
			compatibilityVersion = "Xcode 14.0";
			developmentRegion = en;
			hasScannedForEncodings = 0;
			knownRegions = (
				en,
				Base,
			);
			mainGroup = E79AFF642BEDC8DC004CAF75;
			productRefGroup = E79AFF6E2BEDC8DC004CAF75 /* Products */;
			projectDirPath = "";
			projectRoot = "";
			targets = (
				E79AFF6C2BEDC8DC004CAF75 /* KickIt */,
			);
		};
/* End PBXProject section */

/* Begin PBXResourcesBuildPhase section */
		E79AFF6B2BEDC8DC004CAF75 /* Resources */ = {
			isa = PBXResourcesBuildPhase;
			buildActionMask = 2147483647;
			files = (
				E79AFF782BEDC8DD004CAF75 /* Preview Assets.xcassets in Resources */,
				E79AFF752BEDC8DD004CAF75 /* Assets.xcassets in Resources */,
			);
			runOnlyForDeploymentPostprocessing = 0;
		};
/* End PBXResourcesBuildPhase section */

/* Begin PBXSourcesBuildPhase section */
		E79AFF692BEDC8DC004CAF75 /* Sources */ = {
			isa = PBXSourcesBuildPhase;
			buildActionMask = 2147483647;
			files = (
				E7BC9FDE2BF779CE00365EFE /* TimelineEvent.swift in Sources */,
				E79AFF912BEDDFC2004CAF75 /* SoccerDiary.swift in Sources */,
				E7D311882C036F8F0070A31D /* VerticalBarChart.swift in Sources */,
				E79EE75C2BF89FAC005CEF80 /* SoccerTeam.swift in Sources */,
				E7147E652C09768A007E2FDC /* HeartRateStats.swift in Sources */,
				E79AFF9B2BEF7982004CAF75 /* DateExtensions.swift in Sources */,
				E79AFF732BEDC8DC004CAF75 /* SplashView.swift in Sources */,
				E79EE7622BF99BF8005CEF80 /* HeartRateButton.swift in Sources */,
				E79AFF992BEF0C12004CAF75 /* SoccerMatch.swift in Sources */,
				E79EE7602BF8E5A5005CEF80 /* PredictionPanel.swift in Sources */,
				E708EB522BF5D56A00AE526C /* HeartRate.swift in Sources */,
				E79AFF8D2BEDDEFD004CAF75 /* MatchCalendar.swift in Sources */,
				E79AFF712BEDC8DC004CAF75 /* KickItApp.swift in Sources */,
				E79AFF972BEE6B7B004CAF75 /* CustomDate.swift in Sources */,
				E79AFF892BEDDE24004CAF75 /* Home.swift in Sources */,
				E722770E2BF87BB500DE9A7C /* TimelineEventRow.swift in Sources */,
				E722770C2BF85BB400DE9A7C /* MatchEvent.swift in Sources */,
				E708EB542BF5D5F800AE526C /* DesignWideButton.swift in Sources */,
				E76391772C0377D600B565BE /* DesignHalfButton.swift in Sources */,
				E7147E632C096D4F007E2FDC /* LineChart.swift in Sources */,
				E708EB502BF5D54B00AE526C /* ViewController.swift in Sources */,
				E79AFF9D2BEF8A86004CAF75 /* SoccerMatchRow.swift in Sources */,
				E79AFFA12BEF8F1B004CAF75 /* LoadableImage.swift in Sources */,
				E79AFF942BEE0934004CAF75 /* CustomDatePicker.swift in Sources */,
				E79EE75E2BF8A073005CEF80 /* SoccerMatchInfo.swift in Sources */,
				E78C45852C03263800E5AE40 /* WinningTeamPrediction.swift in Sources */,
				E79AFF812BEDDCBD004CAF75 /* ContentView.swift in Sources */,
			);
			runOnlyForDeploymentPostprocessing = 0;
		};
/* End PBXSourcesBuildPhase section */

/* Begin XCBuildConfiguration section */
		E79AFF792BEDC8DD004CAF75 /* Debug */ = {
			isa = XCBuildConfiguration;
			buildSettings = {
				ALWAYS_SEARCH_USER_PATHS = NO;
				ASSETCATALOG_COMPILER_GENERATE_SWIFT_ASSET_SYMBOL_EXTENSIONS = YES;
				CLANG_ANALYZER_NONNULL = YES;
				CLANG_ANALYZER_NUMBER_OBJECT_CONVERSION = YES_AGGRESSIVE;
				CLANG_CXX_LANGUAGE_STANDARD = "gnu++20";
				CLANG_ENABLE_MODULES = YES;
				CLANG_ENABLE_OBJC_ARC = YES;
				CLANG_ENABLE_OBJC_WEAK = YES;
				CLANG_WARN_BLOCK_CAPTURE_AUTORELEASING = YES;
				CLANG_WARN_BOOL_CONVERSION = YES;
				CLANG_WARN_COMMA = YES;
				CLANG_WARN_CONSTANT_CONVERSION = YES;
				CLANG_WARN_DEPRECATED_OBJC_IMPLEMENTATIONS = YES;
				CLANG_WARN_DIRECT_OBJC_ISA_USAGE = YES_ERROR;
				CLANG_WARN_DOCUMENTATION_COMMENTS = YES;
				CLANG_WARN_EMPTY_BODY = YES;
				CLANG_WARN_ENUM_CONVERSION = YES;
				CLANG_WARN_INFINITE_RECURSION = YES;
				CLANG_WARN_INT_CONVERSION = YES;
				CLANG_WARN_NON_LITERAL_NULL_CONVERSION = YES;
				CLANG_WARN_OBJC_IMPLICIT_RETAIN_SELF = YES;
				CLANG_WARN_OBJC_LITERAL_CONVERSION = YES;
				CLANG_WARN_OBJC_ROOT_CLASS = YES_ERROR;
				CLANG_WARN_QUOTED_INCLUDE_IN_FRAMEWORK_HEADER = YES;
				CLANG_WARN_RANGE_LOOP_ANALYSIS = YES;
				CLANG_WARN_STRICT_PROTOTYPES = YES;
				CLANG_WARN_SUSPICIOUS_MOVE = YES;
				CLANG_WARN_UNGUARDED_AVAILABILITY = YES_AGGRESSIVE;
				CLANG_WARN_UNREACHABLE_CODE = YES;
				CLANG_WARN__DUPLICATE_METHOD_MATCH = YES;
				COPY_PHASE_STRIP = NO;
				DEBUG_INFORMATION_FORMAT = dwarf;
				ENABLE_STRICT_OBJC_MSGSEND = YES;
				ENABLE_TESTABILITY = YES;
				ENABLE_USER_SCRIPT_SANDBOXING = YES;
				GCC_C_LANGUAGE_STANDARD = gnu17;
				GCC_DYNAMIC_NO_PIC = NO;
				GCC_NO_COMMON_BLOCKS = YES;
				GCC_OPTIMIZATION_LEVEL = 0;
				GCC_PREPROCESSOR_DEFINITIONS = (
					"DEBUG=1",
					"$(inherited)",
				);
				GCC_WARN_64_TO_32_BIT_CONVERSION = YES;
				GCC_WARN_ABOUT_RETURN_TYPE = YES_ERROR;
				GCC_WARN_UNDECLARED_SELECTOR = YES;
				GCC_WARN_UNINITIALIZED_AUTOS = YES_AGGRESSIVE;
				GCC_WARN_UNUSED_FUNCTION = YES;
				GCC_WARN_UNUSED_VARIABLE = YES;
				IPHONEOS_DEPLOYMENT_TARGET = 17.0;
				LOCALIZATION_PREFERS_STRING_CATALOGS = YES;
				MTL_ENABLE_DEBUG_INFO = INCLUDE_SOURCE;
				MTL_FAST_MATH = YES;
				ONLY_ACTIVE_ARCH = YES;
				SDKROOT = iphoneos;
				SWIFT_ACTIVE_COMPILATION_CONDITIONS = "DEBUG $(inherited)";
				SWIFT_OPTIMIZATION_LEVEL = "-Onone";
			};
			name = Debug;
		};
		E79AFF7A2BEDC8DD004CAF75 /* Release */ = {
			isa = XCBuildConfiguration;
			buildSettings = {
				ALWAYS_SEARCH_USER_PATHS = NO;
				ASSETCATALOG_COMPILER_GENERATE_SWIFT_ASSET_SYMBOL_EXTENSIONS = YES;
				CLANG_ANALYZER_NONNULL = YES;
				CLANG_ANALYZER_NUMBER_OBJECT_CONVERSION = YES_AGGRESSIVE;
				CLANG_CXX_LANGUAGE_STANDARD = "gnu++20";
				CLANG_ENABLE_MODULES = YES;
				CLANG_ENABLE_OBJC_ARC = YES;
				CLANG_ENABLE_OBJC_WEAK = YES;
				CLANG_WARN_BLOCK_CAPTURE_AUTORELEASING = YES;
				CLANG_WARN_BOOL_CONVERSION = YES;
				CLANG_WARN_COMMA = YES;
				CLANG_WARN_CONSTANT_CONVERSION = YES;
				CLANG_WARN_DEPRECATED_OBJC_IMPLEMENTATIONS = YES;
				CLANG_WARN_DIRECT_OBJC_ISA_USAGE = YES_ERROR;
				CLANG_WARN_DOCUMENTATION_COMMENTS = YES;
				CLANG_WARN_EMPTY_BODY = YES;
				CLANG_WARN_ENUM_CONVERSION = YES;
				CLANG_WARN_INFINITE_RECURSION = YES;
				CLANG_WARN_INT_CONVERSION = YES;
				CLANG_WARN_NON_LITERAL_NULL_CONVERSION = YES;
				CLANG_WARN_OBJC_IMPLICIT_RETAIN_SELF = YES;
				CLANG_WARN_OBJC_LITERAL_CONVERSION = YES;
				CLANG_WARN_OBJC_ROOT_CLASS = YES_ERROR;
				CLANG_WARN_QUOTED_INCLUDE_IN_FRAMEWORK_HEADER = YES;
				CLANG_WARN_RANGE_LOOP_ANALYSIS = YES;
				CLANG_WARN_STRICT_PROTOTYPES = YES;
				CLANG_WARN_SUSPICIOUS_MOVE = YES;
				CLANG_WARN_UNGUARDED_AVAILABILITY = YES_AGGRESSIVE;
				CLANG_WARN_UNREACHABLE_CODE = YES;
				CLANG_WARN__DUPLICATE_METHOD_MATCH = YES;
				COPY_PHASE_STRIP = NO;
				DEBUG_INFORMATION_FORMAT = "dwarf-with-dsym";
				ENABLE_NS_ASSERTIONS = NO;
				ENABLE_STRICT_OBJC_MSGSEND = YES;
				ENABLE_USER_SCRIPT_SANDBOXING = YES;
				GCC_C_LANGUAGE_STANDARD = gnu17;
				GCC_NO_COMMON_BLOCKS = YES;
				GCC_WARN_64_TO_32_BIT_CONVERSION = YES;
				GCC_WARN_ABOUT_RETURN_TYPE = YES_ERROR;
				GCC_WARN_UNDECLARED_SELECTOR = YES;
				GCC_WARN_UNINITIALIZED_AUTOS = YES_AGGRESSIVE;
				GCC_WARN_UNUSED_FUNCTION = YES;
				GCC_WARN_UNUSED_VARIABLE = YES;
				IPHONEOS_DEPLOYMENT_TARGET = 17.0;
				LOCALIZATION_PREFERS_STRING_CATALOGS = YES;
				MTL_ENABLE_DEBUG_INFO = NO;
				MTL_FAST_MATH = YES;
				SDKROOT = iphoneos;
				SWIFT_COMPILATION_MODE = wholemodule;
				VALIDATE_PRODUCT = YES;
			};
			name = Release;
		};
		E79AFF7C2BEDC8DD004CAF75 /* Debug */ = {
			isa = XCBuildConfiguration;
			buildSettings = {
				ASSETCATALOG_COMPILER_APPICON_NAME = AppIcon;
				ASSETCATALOG_COMPILER_GLOBAL_ACCENT_COLOR_NAME = AccentColor;
				CODE_SIGN_ENTITLEMENTS = KickIt/KickIt.entitlements;
				CODE_SIGN_STYLE = Automatic;
				CURRENT_PROJECT_VERSION = 1;
				DEVELOPMENT_ASSET_PATHS = "\"KickIt/Preview Content\"";
				DEVELOPMENT_TEAM = NL8Y67QBFG;
				ENABLE_PREVIEWS = YES;
				GENERATE_INFOPLIST_FILE = YES;
				INFOPLIST_KEY_LSApplicationCategoryType = "";
				INFOPLIST_KEY_NSHealthClinicalHealthRecordsShareUsageDescription = "Specifies a localized string that describes why the app wants to write data to the HealthKit store. See NSHealthUpdateUsageDescription for details.";
				INFOPLIST_KEY_NSHealthShareUsageDescription = "Specifies a localized string that describes why the app wants to write data to the HealthKit store. See NSHealthUpdateUsageDescription for details.";
				INFOPLIST_KEY_NSHealthUpdateUsageDescription = "Specifies a localized string that describes why the app wants to write data to the HealthKit store. See NSHealthUpdateUsageDescription for details.";
				INFOPLIST_KEY_UIApplicationSceneManifest_Generation = YES;
				INFOPLIST_KEY_UIApplicationSupportsIndirectInputEvents = YES;
				INFOPLIST_KEY_UILaunchScreen_Generation = YES;
				INFOPLIST_KEY_UISupportedInterfaceOrientations_iPad = "UIInterfaceOrientationPortrait UIInterfaceOrientationPortraitUpsideDown UIInterfaceOrientationLandscapeLeft UIInterfaceOrientationLandscapeRight";
				INFOPLIST_KEY_UISupportedInterfaceOrientations_iPhone = "UIInterfaceOrientationPortrait UIInterfaceOrientationLandscapeLeft UIInterfaceOrientationLandscapeRight";
				LD_RUNPATH_SEARCH_PATHS = (
					"$(inherited)",
					"@executable_path/Frameworks",
				);
				MARKETING_VERSION = 1.0;
				PRODUCT_BUNDLE_IDENTIFIER = "com.KickIt-iOS.Safezone.KickIt";
				PRODUCT_NAME = "$(TARGET_NAME)";
				SWIFT_EMIT_LOC_STRINGS = YES;
				SWIFT_VERSION = 5.0;
				TARGETED_DEVICE_FAMILY = "1,2";
			};
			name = Debug;
		};
		E79AFF7D2BEDC8DD004CAF75 /* Release */ = {
			isa = XCBuildConfiguration;
			buildSettings = {
				ASSETCATALOG_COMPILER_APPICON_NAME = AppIcon;
				ASSETCATALOG_COMPILER_GLOBAL_ACCENT_COLOR_NAME = AccentColor;
				CODE_SIGN_ENTITLEMENTS = KickIt/KickIt.entitlements;
				CODE_SIGN_STYLE = Automatic;
				CURRENT_PROJECT_VERSION = 1;
				DEVELOPMENT_ASSET_PATHS = "\"KickIt/Preview Content\"";
				DEVELOPMENT_TEAM = NL8Y67QBFG;
				ENABLE_PREVIEWS = YES;
				GENERATE_INFOPLIST_FILE = YES;
				INFOPLIST_KEY_LSApplicationCategoryType = "";
				INFOPLIST_KEY_NSHealthClinicalHealthRecordsShareUsageDescription = "Specifies a localized string that describes why the app wants to write data to the HealthKit store. See NSHealthUpdateUsageDescription for details.";
				INFOPLIST_KEY_NSHealthShareUsageDescription = "Specifies a localized string that describes why the app wants to write data to the HealthKit store. See NSHealthUpdateUsageDescription for details.";
				INFOPLIST_KEY_NSHealthUpdateUsageDescription = "Specifies a localized string that describes why the app wants to write data to the HealthKit store. See NSHealthUpdateUsageDescription for details.";
				INFOPLIST_KEY_UIApplicationSceneManifest_Generation = YES;
				INFOPLIST_KEY_UIApplicationSupportsIndirectInputEvents = YES;
				INFOPLIST_KEY_UILaunchScreen_Generation = YES;
				INFOPLIST_KEY_UISupportedInterfaceOrientations_iPad = "UIInterfaceOrientationPortrait UIInterfaceOrientationPortraitUpsideDown UIInterfaceOrientationLandscapeLeft UIInterfaceOrientationLandscapeRight";
				INFOPLIST_KEY_UISupportedInterfaceOrientations_iPhone = "UIInterfaceOrientationPortrait UIInterfaceOrientationLandscapeLeft UIInterfaceOrientationLandscapeRight";
				LD_RUNPATH_SEARCH_PATHS = (
					"$(inherited)",
					"@executable_path/Frameworks",
				);
				MARKETING_VERSION = 1.0;
				PRODUCT_BUNDLE_IDENTIFIER = "com.KickIt-iOS.Safezone.KickIt";
				PRODUCT_NAME = "$(TARGET_NAME)";
				SWIFT_EMIT_LOC_STRINGS = YES;
				SWIFT_VERSION = 5.0;
				TARGETED_DEVICE_FAMILY = "1,2";
			};
			name = Release;
		};
/* End XCBuildConfiguration section */

/* Begin XCConfigurationList section */
		E79AFF682BEDC8DC004CAF75 /* Build configuration list for PBXProject "KickIt" */ = {
			isa = XCConfigurationList;
			buildConfigurations = (
				E79AFF792BEDC8DD004CAF75 /* Debug */,
				E79AFF7A2BEDC8DD004CAF75 /* Release */,
			);
			defaultConfigurationIsVisible = 0;
			defaultConfigurationName = Release;
		};
		E79AFF7B2BEDC8DD004CAF75 /* Build configuration list for PBXNativeTarget "KickIt" */ = {
			isa = XCConfigurationList;
			buildConfigurations = (
				E79AFF7C2BEDC8DD004CAF75 /* Debug */,
				E79AFF7D2BEDC8DD004CAF75 /* Release */,
			);
			defaultConfigurationIsVisible = 0;
			defaultConfigurationName = Release;
		};
/* End XCConfigurationList section */
	};
	rootObject = E79AFF652BEDC8DC004CAF75 /* Project object */;
}
