{
  "originHash" : "6033360b778dc0a1d6a9144bfa5634d1cd8e4ef483f049c673324da85564e353",
  "pins" : [
    {
      "identity" : "alamofire",
      "kind" : "remoteSourceControl",
      "location" : "https://github.com/Alamofire/Alamofire.git",
      "state" : {
        "revision" : "f455c2975872ccd2d9c81594c658af65716e9b9a",
        "version" : "5.9.1"
      }
    },
    {
      "identity" : "kakao-ios-sdk",
      "kind" : "remoteSourceControl",
      "location" : "https://github.com/kakao/kakao-ios-sdk.git",
      "state" : {
        "revision" : "ab4309c1950550add307046ad1e08024c7514603",
        "version" : "2.23.0"
      }
    },
    {
      "identity" : "lottie-ios",
      "kind" : "remoteSourceControl",
      "location" : "https://github.com/airbnb/lottie-ios.git",
      "state" : {
        "revision" : "fe4c6fe3a0aa66cdeb51d549623c82ca9704b9a5",
        "version" : "4.5.0"
      }
    }
  ],
  "version" : 3
}
